<?xml version="1.0" encoding="utf-8"?>
<Project ToolsVersion="4.0" xmlns="http://schemas.microsoft.com/developer/msbuild/2003">
  <ItemGroup>
    <Filter Include="Source Files">
      <UniqueIdentifier>{BFFDDFEC-B4C6-4E23-ADF9-84A06FE7C1A4}</UniqueIdentifier>
      <Extensions>cpp;c;cc;cxx;def;odl;idl;hpj;bat;asm;asmx</Extensions>
    </Filter>
    <Filter Include="Header Files">
      <UniqueIdentifier>{9FAD3014-C43A-4F4D-895B-210CF95DF5C6}</UniqueIdentifier>
      <Extensions>h;hpp;hxx;hm;inl;inc;xsd</Extensions>
    </Filter>
    <Filter Include="Resource Files">
      <UniqueIdentifier>{B2CE55A8-C194-4288-AFDC-B5E5E47560C1}</UniqueIdentifier>
      <Extensions>rc;ico;cur;bmp;dlg;rc2;rct;bin;rgs;gif;jpg;jpeg;jpe;resx;tiff;tif;png;wav;mfcribbon-ms</Extensions>
    </Filter>
  </ItemGroup>
  <ItemGroup>
    <ClCompile Include="cycles\src\kernel\kernels\cpu\kernel_split_sse2.cpp">
      <Filter>Source Files</Filter>
    </ClCompile>
    <ClCompile Include="cycles\src\kernel\kernels\cpu\filter_sse2.cpp">
      <Filter>Source Files</Filter>
    </ClCompile>
  </ItemGroup>
  <ItemGroup>
    <ClInclude Include="cycles\src\kernel\closure\alloc.h">
      <Filter>Header Files</Filter>
    </ClInclude>
    <ClInclude Include="cycles\src\kernel\closure\bsdf.h">
      <Filter>Header Files</Filter>
    </ClInclude>
    <ClInclude Include="cycles\src\kernel\closure\bsdf_ashikhmin_shirley.h">
      <Filter>Header Files</Filter>
    </ClInclude>
    <ClInclude Include="cycles\src\kernel\closure\bsdf_ashikhmin_velvet.h">
      <Filter>Header Files</Filter>
    </ClInclude>
    <ClInclude Include="cycles\src\kernel\closure\bsdf_diffuse.h">
      <Filter>Header Files</Filter>
    </ClInclude>
    <ClInclude Include="cycles\src\kernel\closure\bsdf_diffuse_ramp.h">
      <Filter>Header Files</Filter>
    </ClInclude>
    <ClInclude Include="cycles\src\kernel\closure\bsdf_hair.h">
      <Filter>Header Files</Filter>
    </ClInclude>
    <ClInclude Include="cycles\src\kernel\closure\bsdf_microfacet.h">
      <Filter>Header Files</Filter>
    </ClInclude>
    <ClInclude Include="cycles\src\kernel\closure\bsdf_microfacet_multi.h">
      <Filter>Header Files</Filter>
    </ClInclude>
    <ClInclude Include="cycles\src\kernel\closure\bsdf_microfacet_multi_impl.h">
      <Filter>Header Files</Filter>
    </ClInclude>
    <ClInclude Include="cycles\src\kernel\closure\bsdf_oren_nayar.h">
      <Filter>Header Files</Filter>
    </ClInclude>
    <ClInclude Include="cycles\src\kernel\closure\bsdf_phong_ramp.h">
      <Filter>Header Files</Filter>
    </ClInclude>
    <ClInclude Include="cycles\src\kernel\closure\bsdf_reflection.h">
      <Filter>Header Files</Filter>
    </ClInclude>
    <ClInclude Include="cycles\src\kernel\closure\bsdf_refraction.h">
      <Filter>Header Files</Filter>
    </ClInclude>
    <ClInclude Include="cycles\src\kernel\closure\bsdf_toon.h">
      <Filter>Header Files</Filter>
    </ClInclude>
    <ClInclude Include="cycles\src\kernel\closure\bsdf_transparent.h">
      <Filter>Header Files</Filter>
    </ClInclude>
    <ClInclude Include="cycles\src\kernel\closure\bsdf_util.h">
      <Filter>Header Files</Filter>
    </ClInclude>
    <ClInclude Include="cycles\src\kernel\closure\bssrdf.h">
      <Filter>Header Files</Filter>
    </ClInclude>
    <ClInclude Include="cycles\src\kernel\closure\emissive.h">
      <Filter>Header Files</Filter>
    </ClInclude>
    <ClInclude Include="cycles\src\kernel\closure\volume.h">
      <Filter>Header Files</Filter>
    </ClInclude>
    <ClInclude Include="cycles\src\kernel\kernel.h">
      <Filter>Header Files</Filter>
    </ClInclude>
    <ClInclude Include="cycles\src\kernel\kernel_accumulate.h">
      <Filter>Header Files</Filter>
    </ClInclude>
    <ClInclude Include="cycles\src\kernel\kernel_bake.h">
      <Filter>Header Files</Filter>
    </ClInclude>
    <ClInclude Include="cycles\src\kernel\kernel_camera.h">
      <Filter>Header Files</Filter>
    </ClInclude>
    <ClInclude Include="cycles\src\kernel\kernel_compat_cpu.h">
      <Filter>Header Files</Filter>
    </ClInclude>
    <ClInclude Include="cycles\src\kernel\kernel_compat_cuda.h">
      <Filter>Header Files</Filter>
    </ClInclude>
    <ClInclude Include="cycles\src\kernel\kernel_compat_opencl.h">
      <Filter>Header Files</Filter>
    </ClInclude>
    <ClInclude Include="cycles\src\kernel\kernel_debug.h">
      <Filter>Header Files</Filter>
    </ClInclude>
    <ClInclude Include="cycles\src\kernel\kernel_differential.h">
      <Filter>Header Files</Filter>
    </ClInclude>
    <ClInclude Include="cycles\src\kernel\kernel_emission.h">
      <Filter>Header Files</Filter>
    </ClInclude>
    <ClInclude Include="cycles\src\kernel\kernel_film.h">
      <Filter>Header Files</Filter>
    </ClInclude>
    <ClInclude Include="cycles\src\kernel\kernel_globals.h">
      <Filter>Header Files</Filter>
    </ClInclude>
    <ClInclude Include="cycles\src\kernel\kernel_jitter.h">
      <Filter>Header Files</Filter>
    </ClInclude>
    <ClInclude Include="cycles\src\kernel\kernel_light.h">
      <Filter>Header Files</Filter>
    </ClInclude>
    <ClInclude Include="cycles\src\kernel\kernel_math.h">
      <Filter>Header Files</Filter>
    </ClInclude>
    <ClInclude Include="cycles\src\kernel\kernel_montecarlo.h">
      <Filter>Header Files</Filter>
    </ClInclude>
    <ClInclude Include="cycles\src\kernel\kernel_passes.h">
      <Filter>Header Files</Filter>
    </ClInclude>
    <ClInclude Include="cycles\src\kernel\kernel_path.h">
      <Filter>Header Files</Filter>
    </ClInclude>
    <ClInclude Include="cycles\src\kernel\kernel_path_common.h">
      <Filter>Header Files</Filter>
    </ClInclude>
    <ClInclude Include="cycles\src\kernel\kernel_path_state.h">
      <Filter>Header Files</Filter>
    </ClInclude>
    <ClInclude Include="cycles\src\kernel\kernel_path_surface.h">
      <Filter>Header Files</Filter>
    </ClInclude>
    <ClInclude Include="cycles\src\kernel\kernel_path_volume.h">
      <Filter>Header Files</Filter>
    </ClInclude>
    <ClInclude Include="cycles\src\kernel\kernel_projection.h">
      <Filter>Header Files</Filter>
    </ClInclude>
    <ClInclude Include="cycles\src\kernel\kernel_queues.h">
      <Filter>Header Files</Filter>
    </ClInclude>
    <ClInclude Include="cycles\src\kernel\kernel_random.h">
      <Filter>Header Files</Filter>
    </ClInclude>
    <ClInclude Include="cycles\src\kernel\kernel_shader.h">
      <Filter>Header Files</Filter>
    </ClInclude>
    <ClInclude Include="cycles\src\kernel\kernel_shadow.h">
      <Filter>Header Files</Filter>
    </ClInclude>
    <ClInclude Include="cycles\src\kernel\kernel_subsurface.h">
      <Filter>Header Files</Filter>
    </ClInclude>
    <ClInclude Include="cycles\src\kernel\kernel_textures.h">
      <Filter>Header Files</Filter>
    </ClInclude>
    <ClInclude Include="cycles\src\kernel\kernel_types.h">
      <Filter>Header Files</Filter>
    </ClInclude>
    <ClInclude Include="cycles\src\kernel\kernel_volume.h">
      <Filter>Header Files</Filter>
    </ClInclude>
    <ClInclude Include="cycles\src\kernel\kernel_work_stealing.h">
      <Filter>Header Files</Filter>
    </ClInclude>
    <ClInclude Include="cycles\src\kernel\kernels\cpu\kernel_cpu.h">
      <Filter>Header Files</Filter>
    </ClInclude>
    <ClInclude Include="cycles\src\kernel\kernels\cpu\kernel_cpu_impl.h">
      <Filter>Header Files</Filter>
    </ClInclude>
    <ClInclude Include="cycles\src\kernel\split\kernel_data_init.h">
      <Filter>Header Files</Filter>
    </ClInclude>
    <ClInclude Include="cycles\src\kernel\split\kernel_direct_lighting.h">
      <Filter>Header Files</Filter>
    </ClInclude>
    <ClInclude Include="cycles\src\kernel\split\kernel_holdout_emission_blurring_pathtermination_ao.h">
      <Filter>Header Files</Filter>
    </ClInclude>
    <ClInclude Include="cycles\src\kernel\split\kernel_lamp_emission.h">
      <Filter>Header Files</Filter>
    </ClInclude>
    <ClInclude Include="cycles\src\kernel\split\kernel_next_iteration_setup.h">
      <Filter>Header Files</Filter>
    </ClInclude>
    <ClInclude Include="cycles\src\kernel\split\kernel_scene_intersect.h">
      <Filter>Header Files</Filter>
    </ClInclude>
    <ClInclude Include="cycles\src\kernel\split\kernel_shader_eval.h">
      <Filter>Header Files</Filter>
    </ClInclude>
    <ClInclude Include="cycles\src\kernel\split\kernel_split_common.h">
      <Filter>Header Files</Filter>
    </ClInclude>
    <ClInclude Include="cycles\src\kernel\closure\bsdf_principled_diffuse.h">
      <Filter>Header Files</Filter>
    </ClInclude>
    <ClInclude Include="cycles\src\kernel\closure\bsdf_principled_sheen.h">
      <Filter>Header Files</Filter>
    </ClInclude>
    <ClInclude Include="cycles\src\kernel\filter\filter.h">
      <Filter>Header Files</Filter>
    </ClInclude>
    <ClInclude Include="cycles\src\kernel\filter\filter_defines.h">
      <Filter>Header Files</Filter>
    </ClInclude>
    <ClInclude Include="cycles\src\kernel\filter\filter_features.h">
      <Filter>Header Files</Filter>
    </ClInclude>
    <ClInclude Include="cycles\src\kernel\filter\filter_features_sse.h">
      <Filter>Header Files</Filter>
    </ClInclude>
    <ClInclude Include="cycles\src\kernel\filter\filter_kernel.h">
      <Filter>Header Files</Filter>
    </ClInclude>
    <ClInclude Include="cycles\src\kernel\filter\filter_nlm_cpu.h">
      <Filter>Header Files</Filter>
    </ClInclude>
    <ClInclude Include="cycles\src\kernel\filter\filter_nlm_gpu.h">
      <Filter>Header Files</Filter>
    </ClInclude>
    <ClInclude Include="cycles\src\kernel\filter\filter_prefilter.h">
      <Filter>Header Files</Filter>
    </ClInclude>
    <ClInclude Include="cycles\src\kernel\filter\filter_reconstruction.h">
      <Filter>Header Files</Filter>
    </ClInclude>
    <ClInclude Include="cycles\src\kernel\filter\filter_transform.h">
      <Filter>Header Files</Filter>
    </ClInclude>
    <ClInclude Include="cycles\src\kernel\filter\filter_transform_gpu.h">
      <Filter>Header Files</Filter>
    </ClInclude>
    <ClInclude Include="cycles\src\kernel\filter\filter_transform_sse.h">
      <Filter>Header Files</Filter>
    </ClInclude>
    <ClInclude Include="cycles\src\kernel\kernels\cpu\filter_cpu.h">
      <Filter>Header Files</Filter>
    </ClInclude>
    <ClInclude Include="cycles\src\kernel\kernels\cpu\filter_cpu_impl.h">
      <Filter>Header Files</Filter>
    </ClInclude>
    <ClInclude Include="cycles\src\kernel\kernel_path_branched.h">
      <Filter>Header Files</Filter>
    </ClInclude>
    <ClInclude Include="cycles\src\kernel\split\kernel_branched.h">
      <Filter>Header Files</Filter>
    </ClInclude>
    <ClInclude Include="cycles\src\kernel\split\kernel_background_buffer_update.h">
      <Filter>Header Files</Filter>
    </ClInclude>
    <ClInclude Include="cycles\src\kernel\split\kernel_shader_setup.h">
      <Filter>Header Files</Filter>
    </ClInclude>
    <ClInclude Include="cycles\src\kernel\split\kernel_shader_sort.h">
      <Filter>Header Files</Filter>
    </ClInclude>
    <ClInclude Include="cycles\src\kernel\split\kernel_shadow_blocked.h">
      <Filter>Header Files</Filter>
    </ClInclude>
    <ClInclude Include="cycles\src\kernel\split\kernel_sum_all_radiance.h">
      <Filter>Header Files</Filter>
    </ClInclude>
  </ItemGroup>
</Project>