// !$*UTF8*$!
{
	archiveVersion = 1;
	classes = {
	};
	objectVersion = 46;
	objects = {

/* Begin PBXBuildFile section */
		A100C8631FB5E75700BC046C /* bvh2.cpp in Sources */ = {isa = PBXBuildFile; fileRef = A100C84F1FB5E75500BC046C /* bvh2.cpp */; };
		A100C86E1FB5E75700BC046C /* bvh.h in Headers */ = {isa = PBXBuildFile; fileRef = A100C85A1FB5E75600BC046C /* bvh.h */; };
		A100C8721FB5E75700BC046C /* bvh.cpp in Sources */ = {isa = PBXBuildFile; fileRef = A100C85E1FB5E75600BC046C /* bvh.cpp */; };
		A100C8751FB5E75700BC046C /* bvh2.h in Headers */ = {isa = PBXBuildFile; fileRef = A100C8621FB5E75700BC046C /* bvh2.h */; };
		A100C8891FB5E78800BC046C /* device.h in Headers */ = {isa = PBXBuildFile; fileRef = A100C8781FB5E78700BC046C /* device.h */; };
		A100C8971FB5E78800BC046C /* device.cpp in Sources */ = {isa = PBXBuildFile; fileRef = A100C8871FB5E78800BC046C /* device.cpp */; };
		A100C8A01FB5E7AE00BC046C /* opencl_split.cpp in Sources */ = {isa = PBXBuildFile; fileRef = A100C8991FB5E7AD00BC046C /* opencl_split.cpp */; };
		A100C8A11FB5E7AE00BC046C /* memory_manager.h in Headers */ = {isa = PBXBuildFile; fileRef = A100C89A1FB5E7AD00BC046C /* memory_manager.h */; };
		A100C8A21FB5E7AE00BC046C /* opencl.h in Headers */ = {isa = PBXBuildFile; fileRef = A100C89B1FB5E7AD00BC046C /* opencl.h */; };
		A100C8A41FB5E7AE00BC046C /* opencl_util.cpp in Sources */ = {isa = PBXBuildFile; fileRef = A100C89D1FB5E7AD00BC046C /* opencl_util.cpp */; };
		A100C8A51FB5E7AE00BC046C /* memory_manager.cpp in Sources */ = {isa = PBXBuildFile; fileRef = A100C89E1FB5E7AE00BC046C /* memory_manager.cpp */; };
		A100C8B11FB5E7E500BC046C /* node.h in Headers */ = {isa = PBXBuildFile; fileRef = A100C8AA1FB5E7E500BC046C /* node.h */; };
		A100C8B21FB5E7E500BC046C /* node_enum.h in Headers */ = {isa = PBXBuildFile; fileRef = A100C8AB1FB5E7E500BC046C /* node_enum.h */; };
		A100C8B31FB5E7E500BC046C /* node_type.h in Headers */ = {isa = PBXBuildFile; fileRef = A100C8AC1FB5E7E500BC046C /* node_type.h */; };
		A100C8B41FB5E7E500BC046C /* node_type.cpp in Sources */ = {isa = PBXBuildFile; fileRef = A100C8AD1FB5E7E500BC046C /* node_type.cpp */; };
		A100C8B51FB5E7E500BC046C /* node.cpp in Sources */ = {isa = PBXBuildFile; fileRef = A100C8AE1FB5E7E500BC046C /* node.cpp */; };
		D80CC7CF29B8984800EF55BD /* split.h in Headers */ = {isa = PBXBuildFile; fileRef = D80CC7BA29B8984700EF55BD /* split.h */; };
		D80CC7D029B8984800EF55BD /* binning.h in Headers */ = {isa = PBXBuildFile; fileRef = D80CC7BB29B8984700EF55BD /* binning.h */; };
		D80CC7D129B8984800EF55BD /* params.h in Headers */ = {isa = PBXBuildFile; fileRef = D80CC7BC29B8984700EF55BD /* params.h */; };
		D80CC7D229B8984800EF55BD /* split.cpp in Sources */ = {isa = PBXBuildFile; fileRef = D80CC7BD29B8984800EF55BD /* split.cpp */; };
		D80CC7D329B8984800EF55BD /* build.cpp in Sources */ = {isa = PBXBuildFile; fileRef = D80CC7BE29B8984800EF55BD /* build.cpp */; };
		D80CC7D429B8984800EF55BD /* node.h in Headers */ = {isa = PBXBuildFile; fileRef = D80CC7BF29B8984800EF55BD /* node.h */; };
		D80CC7D529B8984800EF55BD /* binning.cpp in Sources */ = {isa = PBXBuildFile; fileRef = D80CC7C029B8984800EF55BD /* binning.cpp */; };
		D80CC7D629B8984800EF55BD /* node.cpp in Sources */ = {isa = PBXBuildFile; fileRef = D80CC7C129B8984800EF55BD /* node.cpp */; };
		D80CC7D729B8984800EF55BD /* build.h in Headers */ = {isa = PBXBuildFile; fileRef = D80CC7C229B8984800EF55BD /* build.h */; };
		D80CC7D829B8984800EF55BD /* optix.h in Headers */ = {isa = PBXBuildFile; fileRef = D80CC7C329B8984800EF55BD /* optix.h */; };
		D80CC7D929B8984800EF55BD /* sort.h in Headers */ = {isa = PBXBuildFile; fileRef = D80CC7C429B8984800EF55BD /* sort.h */; };
		D80CC7DA29B8984800EF55BD /* embree.cpp in Sources */ = {isa = PBXBuildFile; fileRef = D80CC7C529B8984800EF55BD /* embree.cpp */; };
		D80CC7DB29B8984800EF55BD /* embree.h in Headers */ = {isa = PBXBuildFile; fileRef = D80CC7C629B8984800EF55BD /* embree.h */; };
		D80CC7DC29B8984800EF55BD /* metal.mm in Sources */ = {isa = PBXBuildFile; fileRef = D80CC7C729B8984800EF55BD /* metal.mm */; };
		D80CC7DD29B8984800EF55BD /* metal.h in Headers */ = {isa = PBXBuildFile; fileRef = D80CC7C829B8984800EF55BD /* metal.h */; };
		D80CC7DE29B8984800EF55BD /* optix.cpp in Sources */ = {isa = PBXBuildFile; fileRef = D80CC7C929B8984800EF55BD /* optix.cpp */; };
		D80CC7DF29B8984800EF55BD /* multi.cpp in Sources */ = {isa = PBXBuildFile; fileRef = D80CC7CA29B8984800EF55BD /* multi.cpp */; };
		D80CC7E029B8984800EF55BD /* unaligned.cpp in Sources */ = {isa = PBXBuildFile; fileRef = D80CC7CB29B8984800EF55BD /* unaligned.cpp */; };
		D80CC7E129B8984800EF55BD /* sort.cpp in Sources */ = {isa = PBXBuildFile; fileRef = D80CC7CC29B8984800EF55BD /* sort.cpp */; };
		D80CC7E229B8984800EF55BD /* unaligned.h in Headers */ = {isa = PBXBuildFile; fileRef = D80CC7CD29B8984800EF55BD /* unaligned.h */; };
		D80CC7E329B8984800EF55BD /* multi.h in Headers */ = {isa = PBXBuildFile; fileRef = D80CC7CE29B8984800EF55BD /* multi.h */; };
		D80CC7F629B8987600EF55BD /* kernel.h in Headers */ = {isa = PBXBuildFile; fileRef = D80CC7E429B8987500EF55BD /* kernel.h */; };
		D80CC7F729B8987600EF55BD /* graphics_interop.h in Headers */ = {isa = PBXBuildFile; fileRef = D80CC7E529B8987500EF55BD /* graphics_interop.h */; };
		D80CC7F829B8987600EF55BD /* queue.cpp in Sources */ = {isa = PBXBuildFile; fileRef = D80CC7E929B8987600EF55BD /* queue.cpp */; };
		D80CC7F929B8987600EF55BD /* queue.h in Headers */ = {isa = PBXBuildFile; fileRef = D80CC7EB29B8987600EF55BD /* queue.h */; };
		D80CC7FA29B8987600EF55BD /* denoise.h in Headers */ = {isa = PBXBuildFile; fileRef = D80CC7EC29B8987600EF55BD /* denoise.h */; };
		D80CC7FB29B8987600EF55BD /* graphics_interop.cpp in Sources */ = {isa = PBXBuildFile; fileRef = D80CC7ED29B8987600EF55BD /* graphics_interop.cpp */; };
		D80CC7FC29B8987600EF55BD /* denoise.cpp in Sources */ = {isa = PBXBuildFile; fileRef = D80CC7EE29B8987600EF55BD /* denoise.cpp */; };
		D80CC7FD29B8987600EF55BD /* memory.h in Headers */ = {isa = PBXBuildFile; fileRef = D80CC7F229B8987600EF55BD /* memory.h */; };
		D80CC7FE29B8987600EF55BD /* kernel.cpp in Sources */ = {isa = PBXBuildFile; fileRef = D80CC7F429B8987600EF55BD /* kernel.cpp */; };
		D80CC7FF29B8987600EF55BD /* memory.cpp in Sources */ = {isa = PBXBuildFile; fileRef = D80CC7F529B8987600EF55BD /* memory.cpp */; };
		D80CC81329B898C300EF55BD /* tables.h in Headers */ = {isa = PBXBuildFile; fileRef = D80CC80329B898C200EF55BD /* tables.h */; };
		D80CC81429B898C300EF55BD /* data_arrays.h in Headers */ = {isa = PBXBuildFile; fileRef = D80CC80729B898C200EF55BD /* data_arrays.h */; };
		D80CC81529B898C300EF55BD /* data_template.h in Headers */ = {isa = PBXBuildFile; fileRef = D80CC80B29B898C300EF55BD /* data_template.h */; };
		D80CC81629B898C300EF55BD /* types.h in Headers */ = {isa = PBXBuildFile; fileRef = D80CC80C29B898C300EF55BD /* types.h */; };
		D80CC86329B8994100EF55BD /* pass.cpp in Sources */ = {isa = PBXBuildFile; fileRef = D80CC81929B8993F00EF55BD /* pass.cpp */; };
		D80CC86429B8994100EF55BD /* alembic.h in Headers */ = {isa = PBXBuildFile; fileRef = D80CC81A29B8993F00EF55BD /* alembic.h */; };
		D80CC86529B8994100EF55BD /* film.cpp in Sources */ = {isa = PBXBuildFile; fileRef = D80CC81C29B8993F00EF55BD /* film.cpp */; };
		D80CC86629B8994100EF55BD /* image_vdb.h in Headers */ = {isa = PBXBuildFile; fileRef = D80CC81D29B8993F00EF55BD /* image_vdb.h */; };
		D80CC86729B8994100EF55BD /* camera.h in Headers */ = {isa = PBXBuildFile; fileRef = D80CC81E29B8993F00EF55BD /* camera.h */; };
		D80CC86829B8994100EF55BD /* alembic.cpp in Sources */ = {isa = PBXBuildFile; fileRef = D80CC81F29B8993F00EF55BD /* alembic.cpp */; };
		D80CC86929B8994100EF55BD /* image_sky.h in Headers */ = {isa = PBXBuildFile; fileRef = D80CC82029B8993F00EF55BD /* image_sky.h */; };
		D80CC86A29B8994100EF55BD /* object.h in Headers */ = {isa = PBXBuildFile; fileRef = D80CC82129B8993F00EF55BD /* object.h */; };
		D80CC86B29B8994100EF55BD /* shader.h in Headers */ = {isa = PBXBuildFile; fileRef = D80CC82229B8993F00EF55BD /* shader.h */; };
		D80CC86C29B8994100EF55BD /* alembic_read.cpp in Sources */ = {isa = PBXBuildFile; fileRef = D80CC82329B8993F00EF55BD /* alembic_read.cpp */; };
		D80CC86D29B8994100EF55BD /* geometry.h in Headers */ = {isa = PBXBuildFile; fileRef = D80CC82429B8993F00EF55BD /* geometry.h */; };
		D80CC86E29B8994100EF55BD /* procedural.cpp in Sources */ = {isa = PBXBuildFile; fileRef = D80CC82529B8993F00EF55BD /* procedural.cpp */; };
		D80CC86F29B8994200EF55BD /* stats.h in Headers */ = {isa = PBXBuildFile; fileRef = D80CC82629B8993F00EF55BD /* stats.h */; };
		D80CC87029B8994200EF55BD /* shader_nodes.cpp in Sources */ = {isa = PBXBuildFile; fileRef = D80CC82729B8993F00EF55BD /* shader_nodes.cpp */; };
		D80CC87129B8994200EF55BD /* curves.cpp in Sources */ = {isa = PBXBuildFile; fileRef = D80CC82829B8993F00EF55BD /* curves.cpp */; };
		D80CC87229B8994200EF55BD /* colorspace.cpp in Sources */ = {isa = PBXBuildFile; fileRef = D80CC82929B8994000EF55BD /* colorspace.cpp */; };
		D80CC87329B8994200EF55BD /* osl.cpp in Sources */ = {isa = PBXBuildFile; fileRef = D80CC82A29B8994000EF55BD /* osl.cpp */; };
		D80CC87429B8994200EF55BD /* hair.h in Headers */ = {isa = PBXBuildFile; fileRef = D80CC82B29B8994000EF55BD /* hair.h */; };
		D80CC87529B8994200EF55BD /* volume.cpp in Sources */ = {isa = PBXBuildFile; fileRef = D80CC82C29B8994000EF55BD /* volume.cpp */; };
		D80CC87629B8994200EF55BD /* image_oiio.cpp in Sources */ = {isa = PBXBuildFile; fileRef = D80CC82D29B8994000EF55BD /* image_oiio.cpp */; };
		D80CC87729B8994200EF55BD /* pass.h in Headers */ = {isa = PBXBuildFile; fileRef = D80CC82E29B8994000EF55BD /* pass.h */; };
		D80CC87829B8994200EF55BD /* image_vdb.cpp in Sources */ = {isa = PBXBuildFile; fileRef = D80CC82F29B8994000EF55BD /* image_vdb.cpp */; };
		D80CC87929B8994200EF55BD /* background.cpp in Sources */ = {isa = PBXBuildFile; fileRef = D80CC83029B8994000EF55BD /* background.cpp */; };
		D80CC87A29B8994200EF55BD /* alembic_read.h in Headers */ = {isa = PBXBuildFile; fileRef = D80CC83129B8994000EF55BD /* alembic_read.h */; };
		D80CC87B29B8994200EF55BD /* image_oiio.h in Headers */ = {isa = PBXBuildFile; fileRef = D80CC83229B8994000EF55BD /* image_oiio.h */; };
		D80CC87C29B8994200EF55BD /* colorspace.h in Headers */ = {isa = PBXBuildFile; fileRef = D80CC83329B8994000EF55BD /* colorspace.h */; };
		D80CC87D29B8994200EF55BD /* geometry.cpp in Sources */ = {isa = PBXBuildFile; fileRef = D80CC83429B8994000EF55BD /* geometry.cpp */; };
		D80CC87E29B8994200EF55BD /* scene.cpp in Sources */ = {isa = PBXBuildFile; fileRef = D80CC83529B8994000EF55BD /* scene.cpp */; };
		D80CC87F29B8994200EF55BD /* integrator.h in Headers */ = {isa = PBXBuildFile; fileRef = D80CC83629B8994000EF55BD /* integrator.h */; };
		D80CC88029B8994200EF55BD /* tables.cpp in Sources */ = {isa = PBXBuildFile; fileRef = D80CC83729B8994000EF55BD /* tables.cpp */; };
		D80CC88129B8994200EF55BD /* svm.cpp in Sources */ = {isa = PBXBuildFile; fileRef = D80CC83829B8994000EF55BD /* svm.cpp */; };
		D80CC88229B8994200EF55BD /* background.h in Headers */ = {isa = PBXBuildFile; fileRef = D80CC83929B8994000EF55BD /* background.h */; };
		D80CC88329B8994200EF55BD /* bake.h in Headers */ = {isa = PBXBuildFile; fileRef = D80CC83A29B8994000EF55BD /* bake.h */; };
		D80CC88429B8994200EF55BD /* film.h in Headers */ = {isa = PBXBuildFile; fileRef = D80CC83B29B8994000EF55BD /* film.h */; };
		D80CC88529B8994200EF55BD /* constant_fold.h in Headers */ = {isa = PBXBuildFile; fileRef = D80CC83C29B8994000EF55BD /* constant_fold.h */; };
		D80CC88629B8994200EF55BD /* light.h in Headers */ = {isa = PBXBuildFile; fileRef = D80CC83D29B8994000EF55BD /* light.h */; };
		D80CC88729B8994200EF55BD /* object.cpp in Sources */ = {isa = PBXBuildFile; fileRef = D80CC83E29B8994000EF55BD /* object.cpp */; };
		D80CC88829B8994200EF55BD /* image_sky.cpp in Sources */ = {isa = PBXBuildFile; fileRef = D80CC83F29B8994000EF55BD /* image_sky.cpp */; };
		D80CC88929B8994200EF55BD /* mesh_displace.cpp in Sources */ = {isa = PBXBuildFile; fileRef = D80CC84029B8994000EF55BD /* mesh_displace.cpp */; };
		D80CC88A29B8994200EF55BD /* stats.cpp in Sources */ = {isa = PBXBuildFile; fileRef = D80CC84129B8994000EF55BD /* stats.cpp */; };
		D80CC88B29B8994200EF55BD /* mesh.cpp in Sources */ = {isa = PBXBuildFile; fileRef = D80CC84229B8994000EF55BD /* mesh.cpp */; };
		D80CC88C29B8994200EF55BD /* light.cpp in Sources */ = {isa = PBXBuildFile; fileRef = D80CC84329B8994000EF55BD /* light.cpp */; };
		D80CC88D29B8994200EF55BD /* attribute.h in Headers */ = {isa = PBXBuildFile; fileRef = D80CC84429B8994000EF55BD /* attribute.h */; };
		D80CC88E29B8994200EF55BD /* procedural.h in Headers */ = {isa = PBXBuildFile; fileRef = D80CC84529B8994000EF55BD /* procedural.h */; };
		D80CC88F29B8994200EF55BD /* image.h in Headers */ = {isa = PBXBuildFile; fileRef = D80CC84629B8994100EF55BD /* image.h */; };
		D80CC89029B8994200EF55BD /* constant_fold.cpp in Sources */ = {isa = PBXBuildFile; fileRef = D80CC84729B8994100EF55BD /* constant_fold.cpp */; };
		D80CC89129B8994200EF55BD /* image.cpp in Sources */ = {isa = PBXBuildFile; fileRef = D80CC84929B8994100EF55BD /* image.cpp */; };
		D80CC89229B8994200EF55BD /* pointcloud.h in Headers */ = {isa = PBXBuildFile; fileRef = D80CC84A29B8994100EF55BD /* pointcloud.h */; };
		D80CC89329B8994200EF55BD /* scene.h in Headers */ = {isa = PBXBuildFile; fileRef = D80CC84B29B8994100EF55BD /* scene.h */; };
		D80CC89429B8994200EF55BD /* svm.h in Headers */ = {isa = PBXBuildFile; fileRef = D80CC84C29B8994100EF55BD /* svm.h */; };
		D80CC89529B8994200EF55BD /* jitter.h in Headers */ = {isa = PBXBuildFile; fileRef = D80CC84D29B8994100EF55BD /* jitter.h */; };
		D80CC89629B8994200EF55BD /* shader.cpp in Sources */ = {isa = PBXBuildFile; fileRef = D80CC84E29B8994100EF55BD /* shader.cpp */; };
		D80CC89729B8994200EF55BD /* mesh.h in Headers */ = {isa = PBXBuildFile; fileRef = D80CC84F29B8994100EF55BD /* mesh.h */; };
		D80CC89829B8994200EF55BD /* jitter.cpp in Sources */ = {isa = PBXBuildFile; fileRef = D80CC85129B8994100EF55BD /* jitter.cpp */; };
		D80CC89929B8994200EF55BD /* attribute.cpp in Sources */ = {isa = PBXBuildFile; fileRef = D80CC85229B8994100EF55BD /* attribute.cpp */; };
		D80CC89A29B8994200EF55BD /* hair.cpp in Sources */ = {isa = PBXBuildFile; fileRef = D80CC85329B8994100EF55BD /* hair.cpp */; };
		D80CC89B29B8994200EF55BD /* shader_nodes.h in Headers */ = {isa = PBXBuildFile; fileRef = D80CC85429B8994100EF55BD /* shader_nodes.h */; };
		D80CC89C29B8994200EF55BD /* tables.h in Headers */ = {isa = PBXBuildFile; fileRef = D80CC85529B8994100EF55BD /* tables.h */; };
		D80CC89D29B8994200EF55BD /* camera.cpp in Sources */ = {isa = PBXBuildFile; fileRef = D80CC85629B8994100EF55BD /* camera.cpp */; };
		D80CC89E29B8994200EF55BD /* shader_graph.h in Headers */ = {isa = PBXBuildFile; fileRef = D80CC85729B8994100EF55BD /* shader_graph.h */; };
		D80CC89F29B8994200EF55BD /* shader_graph.cpp in Sources */ = {isa = PBXBuildFile; fileRef = D80CC85829B8994100EF55BD /* shader_graph.cpp */; };
		D80CC8A029B8994200EF55BD /* integrator.cpp in Sources */ = {isa = PBXBuildFile; fileRef = D80CC85929B8994100EF55BD /* integrator.cpp */; };
		D80CC8A129B8994200EF55BD /* curves.h in Headers */ = {isa = PBXBuildFile; fileRef = D80CC85A29B8994100EF55BD /* curves.h */; };
		D80CC8A229B8994200EF55BD /* volume.h in Headers */ = {isa = PBXBuildFile; fileRef = D80CC85B29B8994100EF55BD /* volume.h */; };
		D80CC8A329B8994200EF55BD /* particles.cpp in Sources */ = {isa = PBXBuildFile; fileRef = D80CC85C29B8994100EF55BD /* particles.cpp */; };
		D80CC8A429B8994200EF55BD /* bake.cpp in Sources */ = {isa = PBXBuildFile; fileRef = D80CC85D29B8994100EF55BD /* bake.cpp */; };
		D80CC8A529B8994200EF55BD /* particles.h in Headers */ = {isa = PBXBuildFile; fileRef = D80CC85E29B8994100EF55BD /* particles.h */; };
		D80CC8A629B8994200EF55BD /* osl.h in Headers */ = {isa = PBXBuildFile; fileRef = D80CC85F29B8994100EF55BD /* osl.h */; };
		D80CC8A729B8994200EF55BD /* pointcloud.cpp in Sources */ = {isa = PBXBuildFile; fileRef = D80CC86029B8994100EF55BD /* pointcloud.cpp */; };
		D80CC8A829B8994200EF55BD /* mesh_subdivision.cpp in Sources */ = {isa = PBXBuildFile; fileRef = D80CC86129B8994100EF55BD /* mesh_subdivision.cpp */; };
		D80CC8B629B8995F00EF55BD /* tile.cpp in Sources */ = {isa = PBXBuildFile; fileRef = D80CC8A929B8995E00EF55BD /* tile.cpp */; };
		D80CC8B729B8995F00EF55BD /* merge.h in Headers */ = {isa = PBXBuildFile; fileRef = D80CC8AA29B8995E00EF55BD /* merge.h */; };
		D80CC8B829B8995F00EF55BD /* denoising.h in Headers */ = {isa = PBXBuildFile; fileRef = D80CC8AB29B8995E00EF55BD /* denoising.h */; };
		D80CC8B929B8995F00EF55BD /* tile.h in Headers */ = {isa = PBXBuildFile; fileRef = D80CC8AC29B8995E00EF55BD /* tile.h */; };
		D80CC8BA29B8995F00EF55BD /* display_driver.h in Headers */ = {isa = PBXBuildFile; fileRef = D80CC8AD29B8995E00EF55BD /* display_driver.h */; };
		D80CC8BB29B8995F00EF55BD /* denoising.cpp in Sources */ = {isa = PBXBuildFile; fileRef = D80CC8AE29B8995E00EF55BD /* denoising.cpp */; };
		D80CC8BC29B8995F00EF55BD /* output_driver.h in Headers */ = {isa = PBXBuildFile; fileRef = D80CC8AF29B8995E00EF55BD /* output_driver.h */; };
		D80CC8BD29B8995F00EF55BD /* merge.cpp in Sources */ = {isa = PBXBuildFile; fileRef = D80CC8B029B8995E00EF55BD /* merge.cpp */; };
		D80CC8BE29B8995F00EF55BD /* session.cpp in Sources */ = {isa = PBXBuildFile; fileRef = D80CC8B129B8995E00EF55BD /* session.cpp */; };
		D80CC8BF29B8995F00EF55BD /* buffers.cpp in Sources */ = {isa = PBXBuildFile; fileRef = D80CC8B229B8995F00EF55BD /* buffers.cpp */; };
		D80CC8C029B8995F00EF55BD /* session.h in Headers */ = {isa = PBXBuildFile; fileRef = D80CC8B429B8995F00EF55BD /* session.h */; };
		D80CC8C129B8995F00EF55BD /* buffers.h in Headers */ = {isa = PBXBuildFile; fileRef = D80CC8B529B8995F00EF55BD /* buffers.h */; };
		D80CC8CB29B8997500EF55BD /* patch_table.h in Headers */ = {isa = PBXBuildFile; fileRef = D80CC8C229B8997400EF55BD /* patch_table.h */; };
		D80CC8CC29B8997500EF55BD /* patch.h in Headers */ = {isa = PBXBuildFile; fileRef = D80CC8C329B8997500EF55BD /* patch.h */; };
		D80CC8CD29B8997500EF55BD /* dice.cpp in Sources */ = {isa = PBXBuildFile; fileRef = D80CC8C429B8997500EF55BD /* dice.cpp */; };
		D80CC8CE29B8997500EF55BD /* subpatch.h in Headers */ = {isa = PBXBuildFile; fileRef = D80CC8C529B8997500EF55BD /* subpatch.h */; };
		D80CC8CF29B8997500EF55BD /* patch_table.cpp in Sources */ = {isa = PBXBuildFile; fileRef = D80CC8C629B8997500EF55BD /* patch_table.cpp */; };
		D80CC8D029B8997500EF55BD /* dice.h in Headers */ = {isa = PBXBuildFile; fileRef = D80CC8C729B8997500EF55BD /* dice.h */; };
		D80CC8D129B8997500EF55BD /* split.cpp in Sources */ = {isa = PBXBuildFile; fileRef = D80CC8C829B8997500EF55BD /* split.cpp */; };
		D80CC8D229B8997500EF55BD /* patch.cpp in Sources */ = {isa = PBXBuildFile; fileRef = D80CC8C929B8997500EF55BD /* patch.cpp */; };
		D80CC8D329B8997500EF55BD /* split.h in Headers */ = {isa = PBXBuildFile; fileRef = D80CC8CA29B8997500EF55BD /* split.h */; };
		D80CC8EC29B8998C00EF55BD /* util_avxf_test.h in Headers */ = {isa = PBXBuildFile; fileRef = D80CC8DD29B8998B00EF55BD /* util_avxf_test.h */; };
/* End PBXBuildFile section */

/* Begin PBXFileReference section */
		37EECDCA288773E700AA4E58 /* LibThirdPartyDebug.xcconfig */ = {isa = PBXFileReference; lastKnownFileType = text.xcconfig; name = LibThirdPartyDebug.xcconfig; path = ../../../../../../Mac/XCConfig/LibThirdPartyDebug.xcconfig; sourceTree = "<group>"; };
		37EECDCB288773E700AA4E58 /* LibThirdPartyRelease.xcconfig */ = {isa = PBXFileReference; lastKnownFileType = text.xcconfig; name = LibThirdPartyRelease.xcconfig; path = ../../../../../../Mac/XCConfig/LibThirdPartyRelease.xcconfig; sourceTree = "<group>"; };
		37EECDCC288773E700AA4E58 /* LibThirdPartyDistribution.xcconfig */ = {isa = PBXFileReference; lastKnownFileType = text.xcconfig; name = LibThirdPartyDistribution.xcconfig; path = ../../../../../../Mac/XCConfig/LibThirdPartyDistribution.xcconfig; sourceTree = "<group>"; };
		A100C84F1FB5E75500BC046C /* bvh2.cpp */ = {isa = PBXFileReference; fileEncoding = 4; lastKnownFileType = sourcecode.cpp.cpp; name = bvh2.cpp; path = ../../cycles/src/bvh/bvh2.cpp; sourceTree = "<group>"; };
		A100C85A1FB5E75600BC046C /* bvh.h */ = {isa = PBXFileReference; fileEncoding = 4; lastKnownFileType = sourcecode.c.h; name = bvh.h; path = ../../cycles/src/bvh/bvh.h; sourceTree = "<group>"; };
		A100C85E1FB5E75600BC046C /* bvh.cpp */ = {isa = PBXFileReference; fileEncoding = 4; lastKnownFileType = sourcecode.cpp.cpp; name = bvh.cpp; path = ../../cycles/src/bvh/bvh.cpp; sourceTree = "<group>"; };
		A100C8601FB5E75700BC046C /* CMakeLists.txt */ = {isa = PBXFileReference; fileEncoding = 4; lastKnownFileType = text; name = CMakeLists.txt; path = ../../cycles/src/bvh/CMakeLists.txt; sourceTree = "<group>"; };
		A100C8621FB5E75700BC046C /* bvh2.h */ = {isa = PBXFileReference; fileEncoding = 4; lastKnownFileType = sourcecode.c.h; name = bvh2.h; path = ../../cycles/src/bvh/bvh2.h; sourceTree = "<group>"; };
		A100C8781FB5E78700BC046C /* device.h */ = {isa = PBXFileReference; fileEncoding = 4; lastKnownFileType = sourcecode.c.h; name = device.h; path = ../../cycles/src/device/device.h; sourceTree = "<group>"; };
		A100C87C1FB5E78700BC046C /* CMakeLists.txt */ = {isa = PBXFileReference; fileEncoding = 4; lastKnownFileType = text; name = CMakeLists.txt; path = ../../cycles/src/device/CMakeLists.txt; sourceTree = "<group>"; };
		A100C8871FB5E78800BC046C /* device.cpp */ = {isa = PBXFileReference; fileEncoding = 4; lastKnownFileType = sourcecode.cpp.cpp; name = device.cpp; path = ../../cycles/src/device/device.cpp; sourceTree = "<group>"; };
		A100C8991FB5E7AD00BC046C /* opencl_split.cpp */ = {isa = PBXFileReference; fileEncoding = 4; lastKnownFileType = sourcecode.cpp.cpp; name = opencl_split.cpp; path = ../../cycles/src/device/opencl/opencl_split.cpp; sourceTree = "<group>"; };
		A100C89A1FB5E7AD00BC046C /* memory_manager.h */ = {isa = PBXFileReference; fileEncoding = 4; lastKnownFileType = sourcecode.c.h; name = memory_manager.h; path = ../../cycles/src/device/opencl/memory_manager.h; sourceTree = "<group>"; };
		A100C89B1FB5E7AD00BC046C /* opencl.h */ = {isa = PBXFileReference; fileEncoding = 4; lastKnownFileType = sourcecode.c.h; name = opencl.h; path = ../../cycles/src/device/opencl/opencl.h; sourceTree = "<group>"; };
		A100C89D1FB5E7AD00BC046C /* opencl_util.cpp */ = {isa = PBXFileReference; fileEncoding = 4; lastKnownFileType = sourcecode.cpp.cpp; name = opencl_util.cpp; path = ../../cycles/src/device/opencl/opencl_util.cpp; sourceTree = "<group>"; };
		A100C89E1FB5E7AE00BC046C /* memory_manager.cpp */ = {isa = PBXFileReference; fileEncoding = 4; lastKnownFileType = sourcecode.cpp.cpp; name = memory_manager.cpp; path = ../../cycles/src/device/opencl/memory_manager.cpp; sourceTree = "<group>"; };
		A100C8AA1FB5E7E500BC046C /* node.h */ = {isa = PBXFileReference; fileEncoding = 4; lastKnownFileType = sourcecode.c.h; name = node.h; path = ../../cycles/src/graph/node.h; sourceTree = "<group>"; };
		A100C8AB1FB5E7E500BC046C /* node_enum.h */ = {isa = PBXFileReference; fileEncoding = 4; lastKnownFileType = sourcecode.c.h; name = node_enum.h; path = ../../cycles/src/graph/node_enum.h; sourceTree = "<group>"; };
		A100C8AC1FB5E7E500BC046C /* node_type.h */ = {isa = PBXFileReference; fileEncoding = 4; lastKnownFileType = sourcecode.c.h; name = node_type.h; path = ../../cycles/src/graph/node_type.h; sourceTree = "<group>"; };
		A100C8AD1FB5E7E500BC046C /* node_type.cpp */ = {isa = PBXFileReference; fileEncoding = 4; lastKnownFileType = sourcecode.cpp.cpp; name = node_type.cpp; path = ../../cycles/src/graph/node_type.cpp; sourceTree = "<group>"; };
		A100C8AE1FB5E7E500BC046C /* node.cpp */ = {isa = PBXFileReference; fileEncoding = 4; lastKnownFileType = sourcecode.cpp.cpp; name = node.cpp; path = ../../cycles/src/graph/node.cpp; sourceTree = "<group>"; };
		A11D68041FB5936400409EB3 /* libcycles_proper.a */ = {isa = PBXFileReference; explicitFileType = archive.ar; includeInIndex = 0; path = libcycles_proper.a; sourceTree = BUILT_PRODUCTS_DIR; };
		D80CC7BA29B8984700EF55BD /* split.h */ = {isa = PBXFileReference; fileEncoding = 4; lastKnownFileType = sourcecode.c.h; name = split.h; path = ../../cycles/src/bvh/split.h; sourceTree = "<group>"; };
		D80CC7BB29B8984700EF55BD /* binning.h */ = {isa = PBXFileReference; fileEncoding = 4; lastKnownFileType = sourcecode.c.h; name = binning.h; path = ../../cycles/src/bvh/binning.h; sourceTree = "<group>"; };
		D80CC7BC29B8984700EF55BD /* params.h */ = {isa = PBXFileReference; fileEncoding = 4; lastKnownFileType = sourcecode.c.h; name = params.h; path = ../../cycles/src/bvh/params.h; sourceTree = "<group>"; };
		D80CC7BD29B8984800EF55BD /* split.cpp */ = {isa = PBXFileReference; fileEncoding = 4; lastKnownFileType = sourcecode.cpp.cpp; name = split.cpp; path = ../../cycles/src/bvh/split.cpp; sourceTree = "<group>"; };
		D80CC7BE29B8984800EF55BD /* build.cpp */ = {isa = PBXFileReference; fileEncoding = 4; lastKnownFileType = sourcecode.cpp.cpp; name = build.cpp; path = ../../cycles/src/bvh/build.cpp; sourceTree = "<group>"; };
		D80CC7BF29B8984800EF55BD /* node.h */ = {isa = PBXFileReference; fileEncoding = 4; lastKnownFileType = sourcecode.c.h; name = node.h; path = ../../cycles/src/bvh/node.h; sourceTree = "<group>"; };
		D80CC7C029B8984800EF55BD /* binning.cpp */ = {isa = PBXFileReference; fileEncoding = 4; lastKnownFileType = sourcecode.cpp.cpp; name = binning.cpp; path = ../../cycles/src/bvh/binning.cpp; sourceTree = "<group>"; };
		D80CC7C129B8984800EF55BD /* node.cpp */ = {isa = PBXFileReference; fileEncoding = 4; lastKnownFileType = sourcecode.cpp.cpp; name = node.cpp; path = ../../cycles/src/bvh/node.cpp; sourceTree = "<group>"; };
		D80CC7C229B8984800EF55BD /* build.h */ = {isa = PBXFileReference; fileEncoding = 4; lastKnownFileType = sourcecode.c.h; name = build.h; path = ../../cycles/src/bvh/build.h; sourceTree = "<group>"; };
		D80CC7C329B8984800EF55BD /* optix.h */ = {isa = PBXFileReference; fileEncoding = 4; lastKnownFileType = sourcecode.c.h; name = optix.h; path = ../../cycles/src/bvh/optix.h; sourceTree = "<group>"; };
		D80CC7C429B8984800EF55BD /* sort.h */ = {isa = PBXFileReference; fileEncoding = 4; lastKnownFileType = sourcecode.c.h; name = sort.h; path = ../../cycles/src/bvh/sort.h; sourceTree = "<group>"; };
		D80CC7C529B8984800EF55BD /* embree.cpp */ = {isa = PBXFileReference; fileEncoding = 4; lastKnownFileType = sourcecode.cpp.cpp; name = embree.cpp; path = ../../cycles/src/bvh/embree.cpp; sourceTree = "<group>"; };
		D80CC7C629B8984800EF55BD /* embree.h */ = {isa = PBXFileReference; fileEncoding = 4; lastKnownFileType = sourcecode.c.h; name = embree.h; path = ../../cycles/src/bvh/embree.h; sourceTree = "<group>"; };
		D80CC7C729B8984800EF55BD /* metal.mm */ = {isa = PBXFileReference; fileEncoding = 4; lastKnownFileType = sourcecode.cpp.objcpp; name = metal.mm; path = ../../cycles/src/bvh/metal.mm; sourceTree = "<group>"; };
		D80CC7C829B8984800EF55BD /* metal.h */ = {isa = PBXFileReference; fileEncoding = 4; lastKnownFileType = sourcecode.c.h; name = metal.h; path = ../../cycles/src/bvh/metal.h; sourceTree = "<group>"; };
		D80CC7C929B8984800EF55BD /* optix.cpp */ = {isa = PBXFileReference; fileEncoding = 4; lastKnownFileType = sourcecode.cpp.cpp; name = optix.cpp; path = ../../cycles/src/bvh/optix.cpp; sourceTree = "<group>"; };
		D80CC7CA29B8984800EF55BD /* multi.cpp */ = {isa = PBXFileReference; fileEncoding = 4; lastKnownFileType = sourcecode.cpp.cpp; name = multi.cpp; path = ../../cycles/src/bvh/multi.cpp; sourceTree = "<group>"; };
		D80CC7CB29B8984800EF55BD /* unaligned.cpp */ = {isa = PBXFileReference; fileEncoding = 4; lastKnownFileType = sourcecode.cpp.cpp; name = unaligned.cpp; path = ../../cycles/src/bvh/unaligned.cpp; sourceTree = "<group>"; };
		D80CC7CC29B8984800EF55BD /* sort.cpp */ = {isa = PBXFileReference; fileEncoding = 4; lastKnownFileType = sourcecode.cpp.cpp; name = sort.cpp; path = ../../cycles/src/bvh/sort.cpp; sourceTree = "<group>"; };
		D80CC7CD29B8984800EF55BD /* unaligned.h */ = {isa = PBXFileReference; fileEncoding = 4; lastKnownFileType = sourcecode.c.h; name = unaligned.h; path = ../../cycles/src/bvh/unaligned.h; sourceTree = "<group>"; };
		D80CC7CE29B8984800EF55BD /* multi.h */ = {isa = PBXFileReference; fileEncoding = 4; lastKnownFileType = sourcecode.c.h; name = multi.h; path = ../../cycles/src/bvh/multi.h; sourceTree = "<group>"; };
		D80CC7E429B8987500EF55BD /* kernel.h */ = {isa = PBXFileReference; fileEncoding = 4; lastKnownFileType = sourcecode.c.h; name = kernel.h; path = ../../cycles/src/device/kernel.h; sourceTree = "<group>"; };
		D80CC7E529B8987500EF55BD /* graphics_interop.h */ = {isa = PBXFileReference; fileEncoding = 4; lastKnownFileType = sourcecode.c.h; name = graphics_interop.h; path = ../../cycles/src/device/graphics_interop.h; sourceTree = "<group>"; };
		D80CC7E629B8987500EF55BD /* hip */ = {isa = PBXFileReference; lastKnownFileType = folder; name = hip; path = ../../cycles/src/device/hip; sourceTree = "<group>"; };
		D80CC7E729B8987600EF55BD /* multi */ = {isa = PBXFileReference; lastKnownFileType = folder; name = multi; path = ../../cycles/src/device/multi; sourceTree = "<group>"; };
		D80CC7E829B8987600EF55BD /* oneapi */ = {isa = PBXFileReference; lastKnownFileType = folder; name = oneapi; path = ../../cycles/src/device/oneapi; sourceTree = "<group>"; };
		D80CC7E929B8987600EF55BD /* queue.cpp */ = {isa = PBXFileReference; fileEncoding = 4; lastKnownFileType = sourcecode.cpp.cpp; name = queue.cpp; path = ../../cycles/src/device/queue.cpp; sourceTree = "<group>"; };
		D80CC7EA29B8987600EF55BD /* cuda */ = {isa = PBXFileReference; lastKnownFileType = folder; name = cuda; path = ../../cycles/src/device/cuda; sourceTree = "<group>"; };
		D80CC7EB29B8987600EF55BD /* queue.h */ = {isa = PBXFileReference; fileEncoding = 4; lastKnownFileType = sourcecode.c.h; name = queue.h; path = ../../cycles/src/device/queue.h; sourceTree = "<group>"; };
		D80CC7EC29B8987600EF55BD /* denoise.h */ = {isa = PBXFileReference; fileEncoding = 4; lastKnownFileType = sourcecode.c.h; name = denoise.h; path = ../../cycles/src/device/denoise.h; sourceTree = "<group>"; };
		D80CC7ED29B8987600EF55BD /* graphics_interop.cpp */ = {isa = PBXFileReference; fileEncoding = 4; lastKnownFileType = sourcecode.cpp.cpp; name = graphics_interop.cpp; path = ../../cycles/src/device/graphics_interop.cpp; sourceTree = "<group>"; };
		D80CC7EE29B8987600EF55BD /* denoise.cpp */ = {isa = PBXFileReference; fileEncoding = 4; lastKnownFileType = sourcecode.cpp.cpp; name = denoise.cpp; path = ../../cycles/src/device/denoise.cpp; sourceTree = "<group>"; };
		D80CC7EF29B8987600EF55BD /* metal */ = {isa = PBXFileReference; lastKnownFileType = folder; name = metal; path = ../../cycles/src/device/metal; sourceTree = "<group>"; };
		D80CC7F029B8987600EF55BD /* cpu */ = {isa = PBXFileReference; lastKnownFileType = folder; name = cpu; path = ../../cycles/src/device/cpu; sourceTree = "<group>"; };
		D80CC7F129B8987600EF55BD /* optix */ = {isa = PBXFileReference; lastKnownFileType = folder; name = optix; path = ../../cycles/src/device/optix; sourceTree = "<group>"; };
		D80CC7F229B8987600EF55BD /* memory.h */ = {isa = PBXFileReference; fileEncoding = 4; lastKnownFileType = sourcecode.c.h; name = memory.h; path = ../../cycles/src/device/memory.h; sourceTree = "<group>"; };
		D80CC7F329B8987600EF55BD /* dummy */ = {isa = PBXFileReference; lastKnownFileType = folder; name = dummy; path = ../../cycles/src/device/dummy; sourceTree = "<group>"; };
		D80CC7F429B8987600EF55BD /* kernel.cpp */ = {isa = PBXFileReference; fileEncoding = 4; lastKnownFileType = sourcecode.cpp.cpp; name = kernel.cpp; path = ../../cycles/src/device/kernel.cpp; sourceTree = "<group>"; };
		D80CC7F529B8987600EF55BD /* memory.cpp */ = {isa = PBXFileReference; fileEncoding = 4; lastKnownFileType = sourcecode.cpp.cpp; name = memory.cpp; path = ../../cycles/src/device/memory.cpp; sourceTree = "<group>"; };
		D80CC80029B8989E00EF55BD /* CMakeLists.txt */ = {isa = PBXFileReference; fileEncoding = 4; lastKnownFileType = text; name = CMakeLists.txt; path = ../../cycles/src/graph/CMakeLists.txt; sourceTree = "<group>"; };
		D80CC80129B898C200EF55BD /* light */ = {isa = PBXFileReference; lastKnownFileType = folder; name = light; path = ../../cycles/src/kernel/light; sourceTree = "<group>"; };
		D80CC80229B898C200EF55BD /* bvh */ = {isa = PBXFileReference; lastKnownFileType = folder; name = bvh; path = ../../cycles/src/kernel/bvh; sourceTree = "<group>"; };
		D80CC80329B898C200EF55BD /* tables.h */ = {isa = PBXFileReference; fileEncoding = 4; lastKnownFileType = sourcecode.c.h; name = tables.h; path = ../../cycles/src/kernel/tables.h; sourceTree = "<group>"; };
		D80CC80429B898C200EF55BD /* film */ = {isa = PBXFileReference; lastKnownFileType = folder; name = film; path = ../../cycles/src/kernel/film; sourceTree = "<group>"; };
		D80CC80529B898C200EF55BD /* device */ = {isa = PBXFileReference; lastKnownFileType = folder; name = device; path = ../../cycles/src/kernel/device; sourceTree = "<group>"; };
		D80CC80629B898C200EF55BD /* integrator */ = {isa = PBXFileReference; lastKnownFileType = folder; name = integrator; path = ../../cycles/src/kernel/integrator; sourceTree = "<group>"; };
		D80CC80729B898C200EF55BD /* data_arrays.h */ = {isa = PBXFileReference; fileEncoding = 4; lastKnownFileType = sourcecode.c.h; name = data_arrays.h; path = ../../cycles/src/kernel/data_arrays.h; sourceTree = "<group>"; };
		D80CC80829B898C200EF55BD /* osl */ = {isa = PBXFileReference; lastKnownFileType = folder; name = osl; path = ../../cycles/src/kernel/osl; sourceTree = "<group>"; };
		D80CC80929B898C200EF55BD /* sample */ = {isa = PBXFileReference; lastKnownFileType = folder; name = sample; path = ../../cycles/src/kernel/sample; sourceTree = "<group>"; };
		D80CC80A29B898C300EF55BD /* camera */ = {isa = PBXFileReference; lastKnownFileType = folder; name = camera; path = ../../cycles/src/kernel/camera; sourceTree = "<group>"; };
		D80CC80B29B898C300EF55BD /* data_template.h */ = {isa = PBXFileReference; fileEncoding = 4; lastKnownFileType = sourcecode.c.h; name = data_template.h; path = ../../cycles/src/kernel/data_template.h; sourceTree = "<group>"; };
		D80CC80C29B898C300EF55BD /* types.h */ = {isa = PBXFileReference; fileEncoding = 4; lastKnownFileType = sourcecode.c.h; name = types.h; path = ../../cycles/src/kernel/types.h; sourceTree = "<group>"; };
		D80CC80D29B898C300EF55BD /* util */ = {isa = PBXFileReference; lastKnownFileType = folder; name = util; path = ../../cycles/src/kernel/util; sourceTree = "<group>"; };
		D80CC80E29B898C300EF55BD /* geom */ = {isa = PBXFileReference; lastKnownFileType = folder; name = geom; path = ../../cycles/src/kernel/geom; sourceTree = "<group>"; };
		D80CC80F29B898C300EF55BD /* svm */ = {isa = PBXFileReference; lastKnownFileType = folder; name = svm; path = ../../cycles/src/kernel/svm; sourceTree = "<group>"; };
		D80CC81029B898C300EF55BD /* bake */ = {isa = PBXFileReference; lastKnownFileType = folder; name = bake; path = ../../cycles/src/kernel/bake; sourceTree = "<group>"; };
		D80CC81129B898C300EF55BD /* CMakeLists.txt */ = {isa = PBXFileReference; fileEncoding = 4; lastKnownFileType = text; name = CMakeLists.txt; path = ../../cycles/src/kernel/CMakeLists.txt; sourceTree = "<group>"; };
		D80CC81229B898C300EF55BD /* closure */ = {isa = PBXFileReference; lastKnownFileType = folder; name = closure; path = ../../cycles/src/kernel/closure; sourceTree = "<group>"; };
		D80CC81929B8993F00EF55BD /* pass.cpp */ = {isa = PBXFileReference; fileEncoding = 4; lastKnownFileType = sourcecode.cpp.cpp; name = pass.cpp; path = ../../cycles/src/scene/pass.cpp; sourceTree = "<group>"; };
		D80CC81A29B8993F00EF55BD /* alembic.h */ = {isa = PBXFileReference; fileEncoding = 4; lastKnownFileType = sourcecode.c.h; name = alembic.h; path = ../../cycles/src/scene/alembic.h; sourceTree = "<group>"; };
		D80CC81B29B8993F00EF55BD /* test.log */ = {isa = PBXFileReference; fileEncoding = 4; lastKnownFileType = text; name = test.log; path = ../../cycles/src/scene/test.log; sourceTree = "<group>"; };
		D80CC81C29B8993F00EF55BD /* film.cpp */ = {isa = PBXFileReference; fileEncoding = 4; lastKnownFileType = sourcecode.cpp.cpp; name = film.cpp; path = ../../cycles/src/scene/film.cpp; sourceTree = "<group>"; };
		D80CC81D29B8993F00EF55BD /* image_vdb.h */ = {isa = PBXFileReference; fileEncoding = 4; lastKnownFileType = sourcecode.c.h; name = image_vdb.h; path = ../../cycles/src/scene/image_vdb.h; sourceTree = "<group>"; };
		D80CC81E29B8993F00EF55BD /* camera.h */ = {isa = PBXFileReference; fileEncoding = 4; lastKnownFileType = sourcecode.c.h; name = camera.h; path = ../../cycles/src/scene/camera.h; sourceTree = "<group>"; };
		D80CC81F29B8993F00EF55BD /* alembic.cpp */ = {isa = PBXFileReference; fileEncoding = 4; lastKnownFileType = sourcecode.cpp.cpp; name = alembic.cpp; path = ../../cycles/src/scene/alembic.cpp; sourceTree = "<group>"; };
		D80CC82029B8993F00EF55BD /* image_sky.h */ = {isa = PBXFileReference; fileEncoding = 4; lastKnownFileType = sourcecode.c.h; name = image_sky.h; path = ../../cycles/src/scene/image_sky.h; sourceTree = "<group>"; };
		D80CC82129B8993F00EF55BD /* object.h */ = {isa = PBXFileReference; fileEncoding = 4; lastKnownFileType = sourcecode.c.h; name = object.h; path = ../../cycles/src/scene/object.h; sourceTree = "<group>"; };
		D80CC82229B8993F00EF55BD /* shader.h */ = {isa = PBXFileReference; fileEncoding = 4; lastKnownFileType = sourcecode.c.h; name = shader.h; path = ../../cycles/src/scene/shader.h; sourceTree = "<group>"; };
		D80CC82329B8993F00EF55BD /* alembic_read.cpp */ = {isa = PBXFileReference; fileEncoding = 4; lastKnownFileType = sourcecode.cpp.cpp; name = alembic_read.cpp; path = ../../cycles/src/scene/alembic_read.cpp; sourceTree = "<group>"; };
		D80CC82429B8993F00EF55BD /* geometry.h */ = {isa = PBXFileReference; fileEncoding = 4; lastKnownFileType = sourcecode.c.h; name = geometry.h; path = ../../cycles/src/scene/geometry.h; sourceTree = "<group>"; };
		D80CC82529B8993F00EF55BD /* procedural.cpp */ = {isa = PBXFileReference; fileEncoding = 4; lastKnownFileType = sourcecode.cpp.cpp; name = procedural.cpp; path = ../../cycles/src/scene/procedural.cpp; sourceTree = "<group>"; };
		D80CC82629B8993F00EF55BD /* stats.h */ = {isa = PBXFileReference; fileEncoding = 4; lastKnownFileType = sourcecode.c.h; name = stats.h; path = ../../cycles/src/scene/stats.h; sourceTree = "<group>"; };
		D80CC82729B8993F00EF55BD /* shader_nodes.cpp */ = {isa = PBXFileReference; fileEncoding = 4; lastKnownFileType = sourcecode.cpp.cpp; name = shader_nodes.cpp; path = ../../cycles/src/scene/shader_nodes.cpp; sourceTree = "<group>"; };
		D80CC82829B8993F00EF55BD /* curves.cpp */ = {isa = PBXFileReference; fileEncoding = 4; lastKnownFileType = sourcecode.cpp.cpp; name = curves.cpp; path = ../../cycles/src/scene/curves.cpp; sourceTree = "<group>"; };
		D80CC82929B8994000EF55BD /* colorspace.cpp */ = {isa = PBXFileReference; fileEncoding = 4; lastKnownFileType = sourcecode.cpp.cpp; name = colorspace.cpp; path = ../../cycles/src/scene/colorspace.cpp; sourceTree = "<group>"; };
		D80CC82A29B8994000EF55BD /* osl.cpp */ = {isa = PBXFileReference; fileEncoding = 4; lastKnownFileType = sourcecode.cpp.cpp; name = osl.cpp; path = ../../cycles/src/scene/osl.cpp; sourceTree = "<group>"; };
		D80CC82B29B8994000EF55BD /* hair.h */ = {isa = PBXFileReference; fileEncoding = 4; lastKnownFileType = sourcecode.c.h; name = hair.h; path = ../../cycles/src/scene/hair.h; sourceTree = "<group>"; };
		D80CC82C29B8994000EF55BD /* volume.cpp */ = {isa = PBXFileReference; fileEncoding = 4; lastKnownFileType = sourcecode.cpp.cpp; name = volume.cpp; path = ../../cycles/src/scene/volume.cpp; sourceTree = "<group>"; };
		D80CC82D29B8994000EF55BD /* image_oiio.cpp */ = {isa = PBXFileReference; fileEncoding = 4; lastKnownFileType = sourcecode.cpp.cpp; name = image_oiio.cpp; path = ../../cycles/src/scene/image_oiio.cpp; sourceTree = "<group>"; };
		D80CC82E29B8994000EF55BD /* pass.h */ = {isa = PBXFileReference; fileEncoding = 4; lastKnownFileType = sourcecode.c.h; name = pass.h; path = ../../cycles/src/scene/pass.h; sourceTree = "<group>"; };
		D80CC82F29B8994000EF55BD /* image_vdb.cpp */ = {isa = PBXFileReference; fileEncoding = 4; lastKnownFileType = sourcecode.cpp.cpp; name = image_vdb.cpp; path = ../../cycles/src/scene/image_vdb.cpp; sourceTree = "<group>"; };
		D80CC83029B8994000EF55BD /* background.cpp */ = {isa = PBXFileReference; fileEncoding = 4; lastKnownFileType = sourcecode.cpp.cpp; name = background.cpp; path = ../../cycles/src/scene/background.cpp; sourceTree = "<group>"; };
		D80CC83129B8994000EF55BD /* alembic_read.h */ = {isa = PBXFileReference; fileEncoding = 4; lastKnownFileType = sourcecode.c.h; name = alembic_read.h; path = ../../cycles/src/scene/alembic_read.h; sourceTree = "<group>"; };
		D80CC83229B8994000EF55BD /* image_oiio.h */ = {isa = PBXFileReference; fileEncoding = 4; lastKnownFileType = sourcecode.c.h; name = image_oiio.h; path = ../../cycles/src/scene/image_oiio.h; sourceTree = "<group>"; };
		D80CC83329B8994000EF55BD /* colorspace.h */ = {isa = PBXFileReference; fileEncoding = 4; lastKnownFileType = sourcecode.c.h; name = colorspace.h; path = ../../cycles/src/scene/colorspace.h; sourceTree = "<group>"; };
		D80CC83429B8994000EF55BD /* geometry.cpp */ = {isa = PBXFileReference; fileEncoding = 4; lastKnownFileType = sourcecode.cpp.cpp; name = geometry.cpp; path = ../../cycles/src/scene/geometry.cpp; sourceTree = "<group>"; };
		D80CC83529B8994000EF55BD /* scene.cpp */ = {isa = PBXFileReference; fileEncoding = 4; lastKnownFileType = sourcecode.cpp.cpp; name = scene.cpp; path = ../../cycles/src/scene/scene.cpp; sourceTree = "<group>"; };
		D80CC83629B8994000EF55BD /* integrator.h */ = {isa = PBXFileReference; fileEncoding = 4; lastKnownFileType = sourcecode.c.h; name = integrator.h; path = ../../cycles/src/scene/integrator.h; sourceTree = "<group>"; };
		D80CC83729B8994000EF55BD /* tables.cpp */ = {isa = PBXFileReference; fileEncoding = 4; lastKnownFileType = sourcecode.cpp.cpp; name = tables.cpp; path = ../../cycles/src/scene/tables.cpp; sourceTree = "<group>"; };
		D80CC83829B8994000EF55BD /* svm.cpp */ = {isa = PBXFileReference; fileEncoding = 4; lastKnownFileType = sourcecode.cpp.cpp; name = svm.cpp; path = ../../cycles/src/scene/svm.cpp; sourceTree = "<group>"; };
		D80CC83929B8994000EF55BD /* background.h */ = {isa = PBXFileReference; fileEncoding = 4; lastKnownFileType = sourcecode.c.h; name = background.h; path = ../../cycles/src/scene/background.h; sourceTree = "<group>"; };
		D80CC83A29B8994000EF55BD /* bake.h */ = {isa = PBXFileReference; fileEncoding = 4; lastKnownFileType = sourcecode.c.h; name = bake.h; path = ../../cycles/src/scene/bake.h; sourceTree = "<group>"; };
		D80CC83B29B8994000EF55BD /* film.h */ = {isa = PBXFileReference; fileEncoding = 4; lastKnownFileType = sourcecode.c.h; name = film.h; path = ../../cycles/src/scene/film.h; sourceTree = "<group>"; };
		D80CC83C29B8994000EF55BD /* constant_fold.h */ = {isa = PBXFileReference; fileEncoding = 4; lastKnownFileType = sourcecode.c.h; name = constant_fold.h; path = ../../cycles/src/scene/constant_fold.h; sourceTree = "<group>"; };
		D80CC83D29B8994000EF55BD /* light.h */ = {isa = PBXFileReference; fileEncoding = 4; lastKnownFileType = sourcecode.c.h; name = light.h; path = ../../cycles/src/scene/light.h; sourceTree = "<group>"; };
		D80CC83E29B8994000EF55BD /* object.cpp */ = {isa = PBXFileReference; fileEncoding = 4; lastKnownFileType = sourcecode.cpp.cpp; name = object.cpp; path = ../../cycles/src/scene/object.cpp; sourceTree = "<group>"; };
		D80CC83F29B8994000EF55BD /* image_sky.cpp */ = {isa = PBXFileReference; fileEncoding = 4; lastKnownFileType = sourcecode.cpp.cpp; name = image_sky.cpp; path = ../../cycles/src/scene/image_sky.cpp; sourceTree = "<group>"; };
		D80CC84029B8994000EF55BD /* mesh_displace.cpp */ = {isa = PBXFileReference; fileEncoding = 4; lastKnownFileType = sourcecode.cpp.cpp; name = mesh_displace.cpp; path = ../../cycles/src/scene/mesh_displace.cpp; sourceTree = "<group>"; };
		D80CC84129B8994000EF55BD /* stats.cpp */ = {isa = PBXFileReference; fileEncoding = 4; lastKnownFileType = sourcecode.cpp.cpp; name = stats.cpp; path = ../../cycles/src/scene/stats.cpp; sourceTree = "<group>"; };
		D80CC84229B8994000EF55BD /* mesh.cpp */ = {isa = PBXFileReference; fileEncoding = 4; lastKnownFileType = sourcecode.cpp.cpp; name = mesh.cpp; path = ../../cycles/src/scene/mesh.cpp; sourceTree = "<group>"; };
		D80CC84329B8994000EF55BD /* light.cpp */ = {isa = PBXFileReference; fileEncoding = 4; lastKnownFileType = sourcecode.cpp.cpp; name = light.cpp; path = ../../cycles/src/scene/light.cpp; sourceTree = "<group>"; };
		D80CC84429B8994000EF55BD /* attribute.h */ = {isa = PBXFileReference; fileEncoding = 4; lastKnownFileType = sourcecode.c.h; name = attribute.h; path = ../../cycles/src/scene/attribute.h; sourceTree = "<group>"; };
		D80CC84529B8994000EF55BD /* procedural.h */ = {isa = PBXFileReference; fileEncoding = 4; lastKnownFileType = sourcecode.c.h; name = procedural.h; path = ../../cycles/src/scene/procedural.h; sourceTree = "<group>"; };
		D80CC84629B8994100EF55BD /* image.h */ = {isa = PBXFileReference; fileEncoding = 4; lastKnownFileType = sourcecode.c.h; name = image.h; path = ../../cycles/src/scene/image.h; sourceTree = "<group>"; };
		D80CC84729B8994100EF55BD /* constant_fold.cpp */ = {isa = PBXFileReference; fileEncoding = 4; lastKnownFileType = sourcecode.cpp.cpp; name = constant_fold.cpp; path = ../../cycles/src/scene/constant_fold.cpp; sourceTree = "<group>"; };
		D80CC84829B8994100EF55BD /* src_all.ast */ = {isa = PBXFileReference; fileEncoding = 4; lastKnownFileType = text; name = src_all.ast; path = ../../cycles/src/scene/src_all.ast; sourceTree = "<group>"; };
		D80CC84929B8994100EF55BD /* image.cpp */ = {isa = PBXFileReference; fileEncoding = 4; lastKnownFileType = sourcecode.cpp.cpp; name = image.cpp; path = ../../cycles/src/scene/image.cpp; sourceTree = "<group>"; };
		D80CC84A29B8994100EF55BD /* pointcloud.h */ = {isa = PBXFileReference; fileEncoding = 4; lastKnownFileType = sourcecode.c.h; name = pointcloud.h; path = ../../cycles/src/scene/pointcloud.h; sourceTree = "<group>"; };
		D80CC84B29B8994100EF55BD /* scene.h */ = {isa = PBXFileReference; fileEncoding = 4; lastKnownFileType = sourcecode.c.h; name = scene.h; path = ../../cycles/src/scene/scene.h; sourceTree = "<group>"; };
		D80CC84C29B8994100EF55BD /* svm.h */ = {isa = PBXFileReference; fileEncoding = 4; lastKnownFileType = sourcecode.c.h; name = svm.h; path = ../../cycles/src/scene/svm.h; sourceTree = "<group>"; };
		D80CC84D29B8994100EF55BD /* jitter.h */ = {isa = PBXFileReference; fileEncoding = 4; lastKnownFileType = sourcecode.c.h; name = jitter.h; path = ../../cycles/src/scene/jitter.h; sourceTree = "<group>"; };
		D80CC84E29B8994100EF55BD /* shader.cpp */ = {isa = PBXFileReference; fileEncoding = 4; lastKnownFileType = sourcecode.cpp.cpp; name = shader.cpp; path = ../../cycles/src/scene/shader.cpp; sourceTree = "<group>"; };
		D80CC84F29B8994100EF55BD /* mesh.h */ = {isa = PBXFileReference; fileEncoding = 4; lastKnownFileType = sourcecode.c.h; name = mesh.h; path = ../../cycles/src/scene/mesh.h; sourceTree = "<group>"; };
		D80CC85029B8994100EF55BD /* CMakeLists.txt */ = {isa = PBXFileReference; fileEncoding = 4; lastKnownFileType = text; name = CMakeLists.txt; path = ../../cycles/src/scene/CMakeLists.txt; sourceTree = "<group>"; };
		D80CC85129B8994100EF55BD /* jitter.cpp */ = {isa = PBXFileReference; fileEncoding = 4; lastKnownFileType = sourcecode.cpp.cpp; name = jitter.cpp; path = ../../cycles/src/scene/jitter.cpp; sourceTree = "<group>"; };
		D80CC85229B8994100EF55BD /* attribute.cpp */ = {isa = PBXFileReference; fileEncoding = 4; lastKnownFileType = sourcecode.cpp.cpp; name = attribute.cpp; path = ../../cycles/src/scene/attribute.cpp; sourceTree = "<group>"; };
		D80CC85329B8994100EF55BD /* hair.cpp */ = {isa = PBXFileReference; fileEncoding = 4; lastKnownFileType = sourcecode.cpp.cpp; name = hair.cpp; path = ../../cycles/src/scene/hair.cpp; sourceTree = "<group>"; };
		D80CC85429B8994100EF55BD /* shader_nodes.h */ = {isa = PBXFileReference; fileEncoding = 4; lastKnownFileType = sourcecode.c.h; name = shader_nodes.h; path = ../../cycles/src/scene/shader_nodes.h; sourceTree = "<group>"; };
		D80CC85529B8994100EF55BD /* tables.h */ = {isa = PBXFileReference; fileEncoding = 4; lastKnownFileType = sourcecode.c.h; name = tables.h; path = ../../cycles/src/scene/tables.h; sourceTree = "<group>"; };
		D80CC85629B8994100EF55BD /* camera.cpp */ = {isa = PBXFileReference; fileEncoding = 4; lastKnownFileType = sourcecode.cpp.cpp; name = camera.cpp; path = ../../cycles/src/scene/camera.cpp; sourceTree = "<group>"; };
		D80CC85729B8994100EF55BD /* shader_graph.h */ = {isa = PBXFileReference; fileEncoding = 4; lastKnownFileType = sourcecode.c.h; name = shader_graph.h; path = ../../cycles/src/scene/shader_graph.h; sourceTree = "<group>"; };
		D80CC85829B8994100EF55BD /* shader_graph.cpp */ = {isa = PBXFileReference; fileEncoding = 4; lastKnownFileType = sourcecode.cpp.cpp; name = shader_graph.cpp; path = ../../cycles/src/scene/shader_graph.cpp; sourceTree = "<group>"; };
		D80CC85929B8994100EF55BD /* integrator.cpp */ = {isa = PBXFileReference; fileEncoding = 4; lastKnownFileType = sourcecode.cpp.cpp; name = integrator.cpp; path = ../../cycles/src/scene/integrator.cpp; sourceTree = "<group>"; };
		D80CC85A29B8994100EF55BD /* curves.h */ = {isa = PBXFileReference; fileEncoding = 4; lastKnownFileType = sourcecode.c.h; name = curves.h; path = ../../cycles/src/scene/curves.h; sourceTree = "<group>"; };
		D80CC85B29B8994100EF55BD /* volume.h */ = {isa = PBXFileReference; fileEncoding = 4; lastKnownFileType = sourcecode.c.h; name = volume.h; path = ../../cycles/src/scene/volume.h; sourceTree = "<group>"; };
		D80CC85C29B8994100EF55BD /* particles.cpp */ = {isa = PBXFileReference; fileEncoding = 4; lastKnownFileType = sourcecode.cpp.cpp; name = particles.cpp; path = ../../cycles/src/scene/particles.cpp; sourceTree = "<group>"; };
		D80CC85D29B8994100EF55BD /* bake.cpp */ = {isa = PBXFileReference; fileEncoding = 4; lastKnownFileType = sourcecode.cpp.cpp; name = bake.cpp; path = ../../cycles/src/scene/bake.cpp; sourceTree = "<group>"; };
		D80CC85E29B8994100EF55BD /* particles.h */ = {isa = PBXFileReference; fileEncoding = 4; lastKnownFileType = sourcecode.c.h; name = particles.h; path = ../../cycles/src/scene/particles.h; sourceTree = "<group>"; };
		D80CC85F29B8994100EF55BD /* osl.h */ = {isa = PBXFileReference; fileEncoding = 4; lastKnownFileType = sourcecode.c.h; name = osl.h; path = ../../cycles/src/scene/osl.h; sourceTree = "<group>"; };
		D80CC86029B8994100EF55BD /* pointcloud.cpp */ = {isa = PBXFileReference; fileEncoding = 4; lastKnownFileType = sourcecode.cpp.cpp; name = pointcloud.cpp; path = ../../cycles/src/scene/pointcloud.cpp; sourceTree = "<group>"; };
		D80CC86129B8994100EF55BD /* mesh_subdivision.cpp */ = {isa = PBXFileReference; fileEncoding = 4; lastKnownFileType = sourcecode.cpp.cpp; name = mesh_subdivision.cpp; path = ../../cycles/src/scene/mesh_subdivision.cpp; sourceTree = "<group>"; };
		D80CC86229B8994100EF55BD /* shader_nodes.log */ = {isa = PBXFileReference; fileEncoding = 4; lastKnownFileType = text; name = shader_nodes.log; path = ../../cycles/src/scene/shader_nodes.log; sourceTree = "<group>"; };
		D80CC8A929B8995E00EF55BD /* tile.cpp */ = {isa = PBXFileReference; fileEncoding = 4; lastKnownFileType = sourcecode.cpp.cpp; name = tile.cpp; path = ../../cycles/src/session/tile.cpp; sourceTree = "<group>"; };
		D80CC8AA29B8995E00EF55BD /* merge.h */ = {isa = PBXFileReference; fileEncoding = 4; lastKnownFileType = sourcecode.c.h; name = merge.h; path = ../../cycles/src/session/merge.h; sourceTree = "<group>"; };
		D80CC8AB29B8995E00EF55BD /* denoising.h */ = {isa = PBXFileReference; fileEncoding = 4; lastKnownFileType = sourcecode.c.h; name = denoising.h; path = ../../cycles/src/session/denoising.h; sourceTree = "<group>"; };
		D80CC8AC29B8995E00EF55BD /* tile.h */ = {isa = PBXFileReference; fileEncoding = 4; lastKnownFileType = sourcecode.c.h; name = tile.h; path = ../../cycles/src/session/tile.h; sourceTree = "<group>"; };
		D80CC8AD29B8995E00EF55BD /* display_driver.h */ = {isa = PBXFileReference; fileEncoding = 4; lastKnownFileType = sourcecode.c.h; name = display_driver.h; path = ../../cycles/src/session/display_driver.h; sourceTree = "<group>"; };
		D80CC8AE29B8995E00EF55BD /* denoising.cpp */ = {isa = PBXFileReference; fileEncoding = 4; lastKnownFileType = sourcecode.cpp.cpp; name = denoising.cpp; path = ../../cycles/src/session/denoising.cpp; sourceTree = "<group>"; };
		D80CC8AF29B8995E00EF55BD /* output_driver.h */ = {isa = PBXFileReference; fileEncoding = 4; lastKnownFileType = sourcecode.c.h; name = output_driver.h; path = ../../cycles/src/session/output_driver.h; sourceTree = "<group>"; };
		D80CC8B029B8995E00EF55BD /* merge.cpp */ = {isa = PBXFileReference; fileEncoding = 4; lastKnownFileType = sourcecode.cpp.cpp; name = merge.cpp; path = ../../cycles/src/session/merge.cpp; sourceTree = "<group>"; };
		D80CC8B129B8995E00EF55BD /* session.cpp */ = {isa = PBXFileReference; fileEncoding = 4; lastKnownFileType = sourcecode.cpp.cpp; name = session.cpp; path = ../../cycles/src/session/session.cpp; sourceTree = "<group>"; };
		D80CC8B229B8995F00EF55BD /* buffers.cpp */ = {isa = PBXFileReference; fileEncoding = 4; lastKnownFileType = sourcecode.cpp.cpp; name = buffers.cpp; path = ../../cycles/src/session/buffers.cpp; sourceTree = "<group>"; };
		D80CC8B329B8995F00EF55BD /* CMakeLists.txt */ = {isa = PBXFileReference; fileEncoding = 4; lastKnownFileType = text; name = CMakeLists.txt; path = ../../cycles/src/session/CMakeLists.txt; sourceTree = "<group>"; };
		D80CC8B429B8995F00EF55BD /* session.h */ = {isa = PBXFileReference; fileEncoding = 4; lastKnownFileType = sourcecode.c.h; name = session.h; path = ../../cycles/src/session/session.h; sourceTree = "<group>"; };
		D80CC8B529B8995F00EF55BD /* buffers.h */ = {isa = PBXFileReference; fileEncoding = 4; lastKnownFileType = sourcecode.c.h; name = buffers.h; path = ../../cycles/src/session/buffers.h; sourceTree = "<group>"; };
		D80CC8C229B8997400EF55BD /* patch_table.h */ = {isa = PBXFileReference; fileEncoding = 4; lastKnownFileType = sourcecode.c.h; name = patch_table.h; path = ../../cycles/src/subd/patch_table.h; sourceTree = "<group>"; };
		D80CC8C329B8997500EF55BD /* patch.h */ = {isa = PBXFileReference; fileEncoding = 4; lastKnownFileType = sourcecode.c.h; name = patch.h; path = ../../cycles/src/subd/patch.h; sourceTree = "<group>"; };
		D80CC8C429B8997500EF55BD /* dice.cpp */ = {isa = PBXFileReference; fileEncoding = 4; lastKnownFileType = sourcecode.cpp.cpp; name = dice.cpp; path = ../../cycles/src/subd/dice.cpp; sourceTree = "<group>"; };
		D80CC8C529B8997500EF55BD /* subpatch.h */ = {isa = PBXFileReference; fileEncoding = 4; lastKnownFileType = sourcecode.c.h; name = subpatch.h; path = ../../cycles/src/subd/subpatch.h; sourceTree = "<group>"; };
		D80CC8C629B8997500EF55BD /* patch_table.cpp */ = {isa = PBXFileReference; fileEncoding = 4; lastKnownFileType = sourcecode.cpp.cpp; name = patch_table.cpp; path = ../../cycles/src/subd/patch_table.cpp; sourceTree = "<group>"; };
		D80CC8C729B8997500EF55BD /* dice.h */ = {isa = PBXFileReference; fileEncoding = 4; lastKnownFileType = sourcecode.c.h; name = dice.h; path = ../../cycles/src/subd/dice.h; sourceTree = "<group>"; };
		D80CC8C829B8997500EF55BD /* split.cpp */ = {isa = PBXFileReference; fileEncoding = 4; lastKnownFileType = sourcecode.cpp.cpp; name = split.cpp; path = ../../cycles/src/subd/split.cpp; sourceTree = "<group>"; };
		D80CC8C929B8997500EF55BD /* patch.cpp */ = {isa = PBXFileReference; fileEncoding = 4; lastKnownFileType = sourcecode.cpp.cpp; name = patch.cpp; path = ../../cycles/src/subd/patch.cpp; sourceTree = "<group>"; };
		D80CC8CA29B8997500EF55BD /* split.h */ = {isa = PBXFileReference; fileEncoding = 4; lastKnownFileType = sourcecode.c.h; name = split.h; path = ../../cycles/src/subd/split.h; sourceTree = "<group>"; };
		D80CC8D429B8998B00EF55BD /* util_transform_test.cpp */ = {isa = PBXFileReference; fileEncoding = 4; lastKnownFileType = sourcecode.cpp.cpp; name = util_transform_test.cpp; path = ../../cycles/src/test/util_transform_test.cpp; sourceTree = "<group>"; };
		D80CC8D529B8998B00EF55BD /* util_md5_test.cpp */ = {isa = PBXFileReference; fileEncoding = 4; lastKnownFileType = sourcecode.cpp.cpp; name = util_md5_test.cpp; path = ../../cycles/src/test/util_md5_test.cpp; sourceTree = "<group>"; };
		D80CC8D629B8998B00EF55BD /* util_task_test.cpp */ = {isa = PBXFileReference; fileEncoding = 4; lastKnownFileType = sourcecode.cpp.cpp; name = util_task_test.cpp; path = ../../cycles/src/test/util_task_test.cpp; sourceTree = "<group>"; };
		D80CC8D729B8998B00EF55BD /* util_time_test.cpp */ = {isa = PBXFileReference; fileEncoding = 4; lastKnownFileType = sourcecode.cpp.cpp; name = util_time_test.cpp; path = ../../cycles/src/test/util_time_test.cpp; sourceTree = "<group>"; };
		D80CC8D829B8998B00EF55BD /* util_aligned_malloc_test.cpp */ = {isa = PBXFileReference; fileEncoding = 4; lastKnownFileType = sourcecode.cpp.cpp; name = util_aligned_malloc_test.cpp; path = ../../cycles/src/test/util_aligned_malloc_test.cpp; sourceTree = "<group>"; };
		D80CC8D929B8998B00EF55BD /* util_avxf_avx2_test.cpp */ = {isa = PBXFileReference; fileEncoding = 4; lastKnownFileType = sourcecode.cpp.cpp; name = util_avxf_avx2_test.cpp; path = ../../cycles/src/test/util_avxf_avx2_test.cpp; sourceTree = "<group>"; };
		D80CC8DA29B8998B00EF55BD /* integrator_render_scheduler_test.cpp */ = {isa = PBXFileReference; fileEncoding = 4; lastKnownFileType = sourcecode.cpp.cpp; name = integrator_render_scheduler_test.cpp; path = ../../cycles/src/test/integrator_render_scheduler_test.cpp; sourceTree = "<group>"; };
		D80CC8DB29B8998B00EF55BD /* util_avxf_avx_test.cpp */ = {isa = PBXFileReference; fileEncoding = 4; lastKnownFileType = sourcecode.cpp.cpp; name = util_avxf_avx_test.cpp; path = ../../cycles/src/test/util_avxf_avx_test.cpp; sourceTree = "<group>"; };
		D80CC8DC29B8998B00EF55BD /* integrator_adaptive_sampling_test.cpp */ = {isa = PBXFileReference; fileEncoding = 4; lastKnownFileType = sourcecode.cpp.cpp; name = integrator_adaptive_sampling_test.cpp; path = ../../cycles/src/test/integrator_adaptive_sampling_test.cpp; sourceTree = "<group>"; };
		D80CC8DD29B8998B00EF55BD /* util_avxf_test.h */ = {isa = PBXFileReference; fileEncoding = 4; lastKnownFileType = sourcecode.c.h; name = util_avxf_test.h; path = ../../cycles/src/test/util_avxf_test.h; sourceTree = "<group>"; };
		D80CC8DE29B8998B00EF55BD /* util_string_test.cpp */ = {isa = PBXFileReference; fileEncoding = 4; lastKnownFileType = sourcecode.cpp.cpp; name = util_string_test.cpp; path = ../../cycles/src/test/util_string_test.cpp; sourceTree = "<group>"; };
		D80CC8DF29B8998B00EF55BD /* render_graph_finalize_test.cpp */ = {isa = PBXFileReference; fileEncoding = 4; lastKnownFileType = sourcecode.cpp.cpp; name = render_graph_finalize_test.cpp; path = ../../cycles/src/test/render_graph_finalize_test.cpp; sourceTree = "<group>"; };
		D80CC8E029B8998B00EF55BD /* util_math_test.cpp */ = {isa = PBXFileReference; fileEncoding = 4; lastKnownFileType = sourcecode.cpp.cpp; name = util_math_test.cpp; path = ../../cycles/src/test/util_math_test.cpp; sourceTree = "<group>"; };
		D80CC8E129B8998B00EF55BD /* util_path_test.cpp */ = {isa = PBXFileReference; fileEncoding = 4; lastKnownFileType = sourcecode.cpp.cpp; name = util_path_test.cpp; path = ../../cycles/src/test/util_path_test.cpp; sourceTree = "<group>"; };
		D80CC8E229B8998C00EF55BD /* integrator_tile_test.cpp */ = {isa = PBXFileReference; fileEncoding = 4; lastKnownFileType = sourcecode.cpp.cpp; name = integrator_tile_test.cpp; path = ../../cycles/src/test/integrator_tile_test.cpp; sourceTree = "<group>"; };
/* End PBXFileReference section */

/* Begin PBXFrameworksBuildPhase section */
		A11D68011FB5936400409EB3 /* Frameworks */ = {
			isa = PBXFrameworksBuildPhase;
			buildActionMask = 2147483647;
			files = (
			);
			runOnlyForDeploymentPostprocessing = 0;
		};
/* End PBXFrameworksBuildPhase section */

/* Begin PBXGroup section */
		A100C83A1FB5D6C100BC046C /* bvh */ = {
			isa = PBXGroup;
			children = (
				D80CC7C029B8984800EF55BD /* binning.cpp */,
				D80CC7BB29B8984700EF55BD /* binning.h */,
				D80CC7BE29B8984800EF55BD /* build.cpp */,
				D80CC7C229B8984800EF55BD /* build.h */,
				D80CC7C529B8984800EF55BD /* embree.cpp */,
				D80CC7C629B8984800EF55BD /* embree.h */,
				D80CC7C829B8984800EF55BD /* metal.h */,
				D80CC7C729B8984800EF55BD /* metal.mm */,
				D80CC7CA29B8984800EF55BD /* multi.cpp */,
				D80CC7CE29B8984800EF55BD /* multi.h */,
				D80CC7C129B8984800EF55BD /* node.cpp */,
				D80CC7BF29B8984800EF55BD /* node.h */,
				D80CC7C929B8984800EF55BD /* optix.cpp */,
				D80CC7C329B8984800EF55BD /* optix.h */,
				D80CC7BC29B8984700EF55BD /* params.h */,
				D80CC7CC29B8984800EF55BD /* sort.cpp */,
				D80CC7C429B8984800EF55BD /* sort.h */,
				D80CC7BD29B8984800EF55BD /* split.cpp */,
				D80CC7BA29B8984700EF55BD /* split.h */,
				D80CC7CB29B8984800EF55BD /* unaligned.cpp */,
				D80CC7CD29B8984800EF55BD /* unaligned.h */,
				A100C85E1FB5E75600BC046C /* bvh.cpp */,
				A100C85A1FB5E75600BC046C /* bvh.h */,
				A100C84F1FB5E75500BC046C /* bvh2.cpp */,
				A100C8621FB5E75700BC046C /* bvh2.h */,
				A100C8601FB5E75700BC046C /* CMakeLists.txt */,
			);
			name = bvh;
			sourceTree = "<group>";
		};
		A100C8761FB5E76200BC046C /* device */ = {
			isa = PBXGroup;
			children = (
				D80CC7F029B8987600EF55BD /* cpu */,
				D80CC7EA29B8987600EF55BD /* cuda */,
				D80CC7EE29B8987600EF55BD /* denoise.cpp */,
				D80CC7EC29B8987600EF55BD /* denoise.h */,
				D80CC7F329B8987600EF55BD /* dummy */,
				D80CC7ED29B8987600EF55BD /* graphics_interop.cpp */,
				D80CC7E529B8987500EF55BD /* graphics_interop.h */,
				D80CC7E629B8987500EF55BD /* hip */,
				D80CC7F429B8987600EF55BD /* kernel.cpp */,
				D80CC7E429B8987500EF55BD /* kernel.h */,
				D80CC7F529B8987600EF55BD /* memory.cpp */,
				D80CC7F229B8987600EF55BD /* memory.h */,
				D80CC7EF29B8987600EF55BD /* metal */,
				D80CC7E729B8987600EF55BD /* multi */,
				D80CC7E829B8987600EF55BD /* oneapi */,
				D80CC7F129B8987600EF55BD /* optix */,
				D80CC7E929B8987600EF55BD /* queue.cpp */,
				D80CC7EB29B8987600EF55BD /* queue.h */,
				A100C87C1FB5E78700BC046C /* CMakeLists.txt */,
				A100C8871FB5E78800BC046C /* device.cpp */,
				A100C8781FB5E78700BC046C /* device.h */,
				A100C8981FB5E78F00BC046C /* opencl */,
			);
			name = device;
			sourceTree = "<group>";
		};
		A100C8981FB5E78F00BC046C /* opencl */ = {
			isa = PBXGroup;
			children = (
				A100C89E1FB5E7AE00BC046C /* memory_manager.cpp */,
				A100C89A1FB5E7AD00BC046C /* memory_manager.h */,
				A100C8991FB5E7AD00BC046C /* opencl_split.cpp */,
				A100C89D1FB5E7AD00BC046C /* opencl_util.cpp */,
				A100C89B1FB5E7AD00BC046C /* opencl.h */,
			);
			name = opencl;
			sourceTree = "<group>";
		};
		A100C8A71FB5E7C300BC046C /* graph */ = {
			isa = PBXGroup;
			children = (
				D80CC80029B8989E00EF55BD /* CMakeLists.txt */,
				A100C8AB1FB5E7E500BC046C /* node_enum.h */,
				A100C8AD1FB5E7E500BC046C /* node_type.cpp */,
				A100C8AC1FB5E7E500BC046C /* node_type.h */,
				A100C8AE1FB5E7E500BC046C /* node.cpp */,
				A100C8AA1FB5E7E500BC046C /* node.h */,
			);
			name = graph;
			sourceTree = "<group>";
		};
		A100C8B61FB5E7F100BC046C /* kernel */ = {
			isa = PBXGroup;
			children = (
				D80CC81029B898C300EF55BD /* bake */,
				D80CC80229B898C200EF55BD /* bvh */,
				D80CC80A29B898C300EF55BD /* camera */,
				D80CC81229B898C300EF55BD /* closure */,
				D80CC81129B898C300EF55BD /* CMakeLists.txt */,
				D80CC80729B898C200EF55BD /* data_arrays.h */,
				D80CC80B29B898C300EF55BD /* data_template.h */,
				D80CC80529B898C200EF55BD /* device */,
				D80CC80429B898C200EF55BD /* film */,
				D80CC80E29B898C300EF55BD /* geom */,
				D80CC80629B898C200EF55BD /* integrator */,
				D80CC80129B898C200EF55BD /* light */,
				D80CC80829B898C200EF55BD /* osl */,
				D80CC80929B898C200EF55BD /* sample */,
				D80CC80F29B898C300EF55BD /* svm */,
				D80CC80329B898C200EF55BD /* tables.h */,
				D80CC80C29B898C300EF55BD /* types.h */,
				D80CC80D29B898C300EF55BD /* util */,
			);
			name = kernel;
			sourceTree = "<group>";
		};
		A100C9151FB5E92B00BC046C /* render */ = {
			isa = PBXGroup;
			children = (
			);
			name = render;
			sourceTree = "<group>";
		};
		A100C97B1FB5E96D00BC046C /* subd */ = {
			isa = PBXGroup;
			children = (
				D80CC8C429B8997500EF55BD /* dice.cpp */,
				D80CC8C729B8997500EF55BD /* dice.h */,
				D80CC8C629B8997500EF55BD /* patch_table.cpp */,
				D80CC8C229B8997400EF55BD /* patch_table.h */,
				D80CC8C929B8997500EF55BD /* patch.cpp */,
				D80CC8C329B8997500EF55BD /* patch.h */,
				D80CC8C829B8997500EF55BD /* split.cpp */,
				D80CC8CA29B8997500EF55BD /* split.h */,
				D80CC8C529B8997500EF55BD /* subpatch.h */,
			);
			name = subd;
			sourceTree = "<group>";
		};
		A100C98C1FB5E99D00BC046C /* util */ = {
			isa = PBXGroup;
			children = (
				D80CC8DC29B8998B00EF55BD /* integrator_adaptive_sampling_test.cpp */,
				D80CC8DA29B8998B00EF55BD /* integrator_render_scheduler_test.cpp */,
				D80CC8E229B8998C00EF55BD /* integrator_tile_test.cpp */,
				D80CC8DF29B8998B00EF55BD /* render_graph_finalize_test.cpp */,
				D80CC8D829B8998B00EF55BD /* util_aligned_malloc_test.cpp */,
				D80CC8DB29B8998B00EF55BD /* util_avxf_avx_test.cpp */,
				D80CC8D929B8998B00EF55BD /* util_avxf_avx2_test.cpp */,
				D80CC8DD29B8998B00EF55BD /* util_avxf_test.h */,
				D80CC8E029B8998B00EF55BD /* util_math_test.cpp */,
				D80CC8D529B8998B00EF55BD /* util_md5_test.cpp */,
				D80CC8E129B8998B00EF55BD /* util_path_test.cpp */,
				D80CC8DE29B8998B00EF55BD /* util_string_test.cpp */,
				D80CC8D629B8998B00EF55BD /* util_task_test.cpp */,
				D80CC8D729B8998B00EF55BD /* util_time_test.cpp */,
				D80CC8D429B8998B00EF55BD /* util_transform_test.cpp */,
			);
			name = util;
			sourceTree = "<group>";
		};
		A11D67FB1FB5936400409EB3 = {
			isa = PBXGroup;
			children = (
				A100C83A1FB5D6C100BC046C /* bvh */,
				A100C8761FB5E76200BC046C /* device */,
				A100C8A71FB5E7C300BC046C /* graph */,
				A100C8B61FB5E7F100BC046C /* kernel */,
				A11D68051FB5936400409EB3 /* Products */,
				A100C9151FB5E92B00BC046C /* render */,
				D80CC81829B8992D00EF55BD /* scene */,
				D80CC81729B898DA00EF55BD /* session */,
				A100C97B1FB5E96D00BC046C /* subd */,
				D8F3C9B4233218E400AB35CA /* Support */,
				A100C98C1FB5E99D00BC046C /* util */,
			);
			sourceTree = "<group>";
		};
		A11D68051FB5936400409EB3 /* Products */ = {
			isa = PBXGroup;
			children = (
				A11D68041FB5936400409EB3 /* libcycles_proper.a */,
			);
			name = Products;
			sourceTree = "<group>";
		};
		D80CC81729B898DA00EF55BD /* session */ = {
			isa = PBXGroup;
			children = (
				D80CC8B229B8995F00EF55BD /* buffers.cpp */,
				D80CC8B529B8995F00EF55BD /* buffers.h */,
				D80CC8B329B8995F00EF55BD /* CMakeLists.txt */,
				D80CC8AE29B8995E00EF55BD /* denoising.cpp */,
				D80CC8AB29B8995E00EF55BD /* denoising.h */,
				D80CC8AD29B8995E00EF55BD /* display_driver.h */,
				D80CC8B029B8995E00EF55BD /* merge.cpp */,
				D80CC8AA29B8995E00EF55BD /* merge.h */,
				D80CC8AF29B8995E00EF55BD /* output_driver.h */,
				D80CC8B129B8995E00EF55BD /* session.cpp */,
				D80CC8B429B8995F00EF55BD /* session.h */,
				D80CC8A929B8995E00EF55BD /* tile.cpp */,
				D80CC8AC29B8995E00EF55BD /* tile.h */,
			);
			name = session;
			sourceTree = "<group>";
		};
		D80CC81829B8992D00EF55BD /* scene */ = {
			isa = PBXGroup;
			children = (
				D80CC82329B8993F00EF55BD /* alembic_read.cpp */,
				D80CC83129B8994000EF55BD /* alembic_read.h */,
				D80CC81F29B8993F00EF55BD /* alembic.cpp */,
				D80CC81A29B8993F00EF55BD /* alembic.h */,
				D80CC85229B8994100EF55BD /* attribute.cpp */,
				D80CC84429B8994000EF55BD /* attribute.h */,
				D80CC83029B8994000EF55BD /* background.cpp */,
				D80CC83929B8994000EF55BD /* background.h */,
				D80CC85D29B8994100EF55BD /* bake.cpp */,
				D80CC83A29B8994000EF55BD /* bake.h */,
				D80CC85629B8994100EF55BD /* camera.cpp */,
				D80CC81E29B8993F00EF55BD /* camera.h */,
				D80CC85029B8994100EF55BD /* CMakeLists.txt */,
				D80CC82929B8994000EF55BD /* colorspace.cpp */,
				D80CC83329B8994000EF55BD /* colorspace.h */,
				D80CC84729B8994100EF55BD /* constant_fold.cpp */,
				D80CC83C29B8994000EF55BD /* constant_fold.h */,
				D80CC82829B8993F00EF55BD /* curves.cpp */,
				D80CC85A29B8994100EF55BD /* curves.h */,
				D80CC81C29B8993F00EF55BD /* film.cpp */,
				D80CC83B29B8994000EF55BD /* film.h */,
				D80CC83429B8994000EF55BD /* geometry.cpp */,
				D80CC82429B8993F00EF55BD /* geometry.h */,
				D80CC85329B8994100EF55BD /* hair.cpp */,
				D80CC82B29B8994000EF55BD /* hair.h */,
				D80CC82D29B8994000EF55BD /* image_oiio.cpp */,
				D80CC83229B8994000EF55BD /* image_oiio.h */,
				D80CC83F29B8994000EF55BD /* image_sky.cpp */,
				D80CC82029B8993F00EF55BD /* image_sky.h */,
				D80CC82F29B8994000EF55BD /* image_vdb.cpp */,
				D80CC81D29B8993F00EF55BD /* image_vdb.h */,
				D80CC84929B8994100EF55BD /* image.cpp */,
				D80CC84629B8994100EF55BD /* image.h */,
				D80CC85929B8994100EF55BD /* integrator.cpp */,
				D80CC83629B8994000EF55BD /* integrator.h */,
				D80CC85129B8994100EF55BD /* jitter.cpp */,
				D80CC84D29B8994100EF55BD /* jitter.h */,
				D80CC84329B8994000EF55BD /* light.cpp */,
				D80CC83D29B8994000EF55BD /* light.h */,
				D80CC84029B8994000EF55BD /* mesh_displace.cpp */,
				D80CC86129B8994100EF55BD /* mesh_subdivision.cpp */,
				D80CC84229B8994000EF55BD /* mesh.cpp */,
				D80CC84F29B8994100EF55BD /* mesh.h */,
				D80CC83E29B8994000EF55BD /* object.cpp */,
				D80CC82129B8993F00EF55BD /* object.h */,
				D80CC82A29B8994000EF55BD /* osl.cpp */,
				D80CC85F29B8994100EF55BD /* osl.h */,
				D80CC85C29B8994100EF55BD /* particles.cpp */,
				D80CC85E29B8994100EF55BD /* particles.h */,
				D80CC81929B8993F00EF55BD /* pass.cpp */,
				D80CC82E29B8994000EF55BD /* pass.h */,
				D80CC86029B8994100EF55BD /* pointcloud.cpp */,
				D80CC84A29B8994100EF55BD /* pointcloud.h */,
				D80CC82529B8993F00EF55BD /* procedural.cpp */,
				D80CC84529B8994000EF55BD /* procedural.h */,
				D80CC83529B8994000EF55BD /* scene.cpp */,
				D80CC84B29B8994100EF55BD /* scene.h */,
				D80CC85829B8994100EF55BD /* shader_graph.cpp */,
				D80CC85729B8994100EF55BD /* shader_graph.h */,
				D80CC82729B8993F00EF55BD /* shader_nodes.cpp */,
				D80CC85429B8994100EF55BD /* shader_nodes.h */,
				D80CC86229B8994100EF55BD /* shader_nodes.log */,
				D80CC84E29B8994100EF55BD /* shader.cpp */,
				D80CC82229B8993F00EF55BD /* shader.h */,
				D80CC84829B8994100EF55BD /* src_all.ast */,
				D80CC84129B8994000EF55BD /* stats.cpp */,
				D80CC82629B8993F00EF55BD /* stats.h */,
				D80CC83829B8994000EF55BD /* svm.cpp */,
				D80CC84C29B8994100EF55BD /* svm.h */,
				D80CC83729B8994000EF55BD /* tables.cpp */,
				D80CC85529B8994100EF55BD /* tables.h */,
				D80CC81B29B8993F00EF55BD /* test.log */,
				D80CC82C29B8994000EF55BD /* volume.cpp */,
				D80CC85B29B8994100EF55BD /* volume.h */,
			);
			name = scene;
			sourceTree = "<group>";
		};
		D8F3C9B4233218E400AB35CA /* Support */ = {
			isa = PBXGroup;
			children = (
				37EECDCA288773E700AA4E58 /* LibThirdPartyDebug.xcconfig */,
				37EECDCC288773E700AA4E58 /* LibThirdPartyDistribution.xcconfig */,
				37EECDCB288773E700AA4E58 /* LibThirdPartyRelease.xcconfig */,
			);
			name = Support;
			sourceTree = "<group>";
		};
/* End PBXGroup section */

/* Begin PBXHeadersBuildPhase section */
		A11D68021FB5936400409EB3 /* Headers */ = {
			isa = PBXHeadersBuildPhase;
			buildActionMask = 2147483647;
			files = (
				A100C8751FB5E75700BC046C /* bvh2.h in Headers */,
				D80CC7CF29B8984800EF55BD /* split.h in Headers */,
				D80CC7D729B8984800EF55BD /* build.h in Headers */,
				D80CC89B29B8994200EF55BD /* shader_nodes.h in Headers */,
				D80CC8B729B8995F00EF55BD /* merge.h in Headers */,
				D80CC89329B8994200EF55BD /* scene.h in Headers */,
				D80CC7DD29B8984800EF55BD /* metal.h in Headers */,
				D80CC8D329B8997500EF55BD /* split.h in Headers */,
				D80CC89429B8994200EF55BD /* svm.h in Headers */,
				D80CC8B929B8995F00EF55BD /* tile.h in Headers */,
				D80CC88F29B8994200EF55BD /* image.h in Headers */,
				A100C8B31FB5E7E500BC046C /* node_type.h in Headers */,
				D80CC8CE29B8997500EF55BD /* subpatch.h in Headers */,
				D80CC8BA29B8995F00EF55BD /* display_driver.h in Headers */,
				A100C8B11FB5E7E500BC046C /* node.h in Headers */,
				A100C86E1FB5E75700BC046C /* bvh.h in Headers */,
				D80CC8A129B8994200EF55BD /* curves.h in Headers */,
				D80CC88329B8994200EF55BD /* bake.h in Headers */,
				D80CC8A229B8994200EF55BD /* volume.h in Headers */,
				D80CC81629B898C300EF55BD /* types.h in Headers */,
				A100C8A21FB5E7AE00BC046C /* opencl.h in Headers */,
				D80CC89729B8994200EF55BD /* mesh.h in Headers */,
				D80CC86A29B8994100EF55BD /* object.h in Headers */,
				D80CC8A529B8994200EF55BD /* particles.h in Headers */,
				D80CC89529B8994200EF55BD /* jitter.h in Headers */,
				D80CC7D929B8984800EF55BD /* sort.h in Headers */,
				D80CC81529B898C300EF55BD /* data_template.h in Headers */,
				D80CC8D029B8997500EF55BD /* dice.h in Headers */,
				D80CC88529B8994200EF55BD /* constant_fold.h in Headers */,
				D80CC86B29B8994100EF55BD /* shader.h in Headers */,
				D80CC86729B8994100EF55BD /* camera.h in Headers */,
				D80CC87429B8994200EF55BD /* hair.h in Headers */,
				A100C8B21FB5E7E500BC046C /* node_enum.h in Headers */,
				D80CC87B29B8994200EF55BD /* image_oiio.h in Headers */,
				D80CC8C029B8995F00EF55BD /* session.h in Headers */,
				D80CC7E329B8984800EF55BD /* multi.h in Headers */,
				D80CC88429B8994200EF55BD /* film.h in Headers */,
				D80CC88229B8994200EF55BD /* background.h in Headers */,
				D80CC7E229B8984800EF55BD /* unaligned.h in Headers */,
				D80CC7D129B8984800EF55BD /* params.h in Headers */,
				D80CC7FA29B8987600EF55BD /* denoise.h in Headers */,
				D80CC8CB29B8997500EF55BD /* patch_table.h in Headers */,
				D80CC8EC29B8998C00EF55BD /* util_avxf_test.h in Headers */,
				D80CC88D29B8994200EF55BD /* attribute.h in Headers */,
				D80CC7F929B8987600EF55BD /* queue.h in Headers */,
				D80CC8BC29B8995F00EF55BD /* output_driver.h in Headers */,
				D80CC88629B8994200EF55BD /* light.h in Headers */,
				D80CC87F29B8994200EF55BD /* integrator.h in Headers */,
				D80CC88E29B8994200EF55BD /* procedural.h in Headers */,
				D80CC86F29B8994200EF55BD /* stats.h in Headers */,
				D80CC86929B8994100EF55BD /* image_sky.h in Headers */,
				D80CC7D429B8984800EF55BD /* node.h in Headers */,
				D80CC81329B898C300EF55BD /* tables.h in Headers */,
				D80CC89229B8994200EF55BD /* pointcloud.h in Headers */,
				D80CC7F629B8987600EF55BD /* kernel.h in Headers */,
				D80CC86629B8994100EF55BD /* image_vdb.h in Headers */,
				D80CC89C29B8994200EF55BD /* tables.h in Headers */,
				D80CC7D029B8984800EF55BD /* binning.h in Headers */,
				D80CC86D29B8994100EF55BD /* geometry.h in Headers */,
				D80CC81429B898C300EF55BD /* data_arrays.h in Headers */,
				D80CC87C29B8994200EF55BD /* colorspace.h in Headers */,
				A100C8A11FB5E7AE00BC046C /* memory_manager.h in Headers */,
				D80CC8A629B8994200EF55BD /* osl.h in Headers */,
				D80CC7D829B8984800EF55BD /* optix.h in Headers */,
				D80CC8C129B8995F00EF55BD /* buffers.h in Headers */,
				D80CC7F729B8987600EF55BD /* graphics_interop.h in Headers */,
				A100C8891FB5E78800BC046C /* device.h in Headers */,
				D80CC7DB29B8984800EF55BD /* embree.h in Headers */,
				D80CC8CC29B8997500EF55BD /* patch.h in Headers */,
				D80CC87A29B8994200EF55BD /* alembic_read.h in Headers */,
				D80CC7FD29B8987600EF55BD /* memory.h in Headers */,
				D80CC89E29B8994200EF55BD /* shader_graph.h in Headers */,
				D80CC87729B8994200EF55BD /* pass.h in Headers */,
				D80CC86429B8994100EF55BD /* alembic.h in Headers */,
				D80CC8B829B8995F00EF55BD /* denoising.h in Headers */,
			);
			runOnlyForDeploymentPostprocessing = 0;
		};
/* End PBXHeadersBuildPhase section */

/* Begin PBXNativeTarget section */
		A11D68031FB5936400409EB3 /* cycles_proper */ = {
			isa = PBXNativeTarget;
			buildConfigurationList = A11D68081FB5936400409EB3 /* Build configuration list for PBXNativeTarget "cycles_proper" */;
			buildPhases = (
				A11D68001FB5936400409EB3 /* Sources */,
				A11D68011FB5936400409EB3 /* Frameworks */,
				A11D68021FB5936400409EB3 /* Headers */,
			);
			buildRules = (
			);
			dependencies = (
			);
			name = cycles_proper;
			productName = cycles_proper;
			productReference = A11D68041FB5936400409EB3 /* libcycles_proper.a */;
			productType = "com.apple.product-type.library.static";
		};
/* End PBXNativeTarget section */

/* Begin PBXProject section */
		A11D67FC1FB5936400409EB3 /* Project object */ = {
			isa = PBXProject;
			attributes = {
				LastUpgradeCheck = 1020;
				ORGANIZATIONNAME = "Rober McNeel & Associates";
				TargetAttributes = {
					A11D68031FB5936400409EB3 = {
						CreatedOnToolsVersion = 9.1;
						DevelopmentTeam = D6XDM4N99E;
						ProvisioningStyle = Manual;
					};
				};
			};
			buildConfigurationList = A11D67FF1FB5936400409EB3 /* Build configuration list for PBXProject "cycles_proper" */;
			compatibilityVersion = "Xcode 3.2";
			developmentRegion = en;
			hasScannedForEncodings = 0;
			knownRegions = (
				en,
				Base,
			);
			mainGroup = A11D67FB1FB5936400409EB3;
			productRefGroup = A11D68051FB5936400409EB3 /* Products */;
			projectDirPath = "";
			projectRoot = "";
			targets = (
				A11D68031FB5936400409EB3 /* cycles_proper */,
			);
		};
/* End PBXProject section */

/* Begin PBXSourcesBuildPhase section */
		A11D68001FB5936400409EB3 /* Sources */ = {
			isa = PBXSourcesBuildPhase;
			buildActionMask = 2147483647;
			files = (
				D80CC87029B8994200EF55BD /* shader_nodes.cpp in Sources */,
				D80CC8BD29B8995F00EF55BD /* merge.cpp in Sources */,
				A100C8721FB5E75700BC046C /* bvh.cpp in Sources */,
				D80CC89D29B8994200EF55BD /* camera.cpp in Sources */,
				D80CC86E29B8994100EF55BD /* procedural.cpp in Sources */,
				D80CC8A829B8994200EF55BD /* mesh_subdivision.cpp in Sources */,
				D80CC7D629B8984800EF55BD /* node.cpp in Sources */,
				D80CC86C29B8994100EF55BD /* alembic_read.cpp in Sources */,
				D80CC8BB29B8995F00EF55BD /* denoising.cpp in Sources */,
				D80CC87329B8994200EF55BD /* osl.cpp in Sources */,
				D80CC7D529B8984800EF55BD /* binning.cpp in Sources */,
				D80CC87629B8994200EF55BD /* image_oiio.cpp in Sources */,
				D80CC7E029B8984800EF55BD /* unaligned.cpp in Sources */,
				D80CC87829B8994200EF55BD /* image_vdb.cpp in Sources */,
				D80CC7FF29B8987600EF55BD /* memory.cpp in Sources */,
				A100C8971FB5E78800BC046C /* device.cpp in Sources */,
				D80CC8A029B8994200EF55BD /* integrator.cpp in Sources */,
				A100C8A51FB5E7AE00BC046C /* memory_manager.cpp in Sources */,
				D80CC87E29B8994200EF55BD /* scene.cpp in Sources */,
				D80CC87529B8994200EF55BD /* volume.cpp in Sources */,
				D80CC88C29B8994200EF55BD /* light.cpp in Sources */,
				D80CC86529B8994100EF55BD /* film.cpp in Sources */,
				D80CC7DE29B8984800EF55BD /* optix.cpp in Sources */,
				D80CC89F29B8994200EF55BD /* shader_graph.cpp in Sources */,
				D80CC8B629B8995F00EF55BD /* tile.cpp in Sources */,
				D80CC8A729B8994200EF55BD /* pointcloud.cpp in Sources */,
				D80CC7DF29B8984800EF55BD /* multi.cpp in Sources */,
				D80CC7D329B8984800EF55BD /* build.cpp in Sources */,
				D80CC89129B8994200EF55BD /* image.cpp in Sources */,
				D80CC7F829B8987600EF55BD /* queue.cpp in Sources */,
				D80CC7FE29B8987600EF55BD /* kernel.cpp in Sources */,
				D80CC88B29B8994200EF55BD /* mesh.cpp in Sources */,
				D80CC88729B8994200EF55BD /* object.cpp in Sources */,
				D80CC8CD29B8997500EF55BD /* dice.cpp in Sources */,
				A100C8A01FB5E7AE00BC046C /* opencl_split.cpp in Sources */,
				D80CC8A329B8994200EF55BD /* particles.cpp in Sources */,
				D80CC86829B8994100EF55BD /* alembic.cpp in Sources */,
				D80CC87229B8994200EF55BD /* colorspace.cpp in Sources */,
				D80CC89929B8994200EF55BD /* attribute.cpp in Sources */,
				D80CC8BE29B8995F00EF55BD /* session.cpp in Sources */,
				D80CC87D29B8994200EF55BD /* geometry.cpp in Sources */,
				D80CC7FC29B8987600EF55BD /* denoise.cpp in Sources */,
				D80CC88829B8994200EF55BD /* image_sky.cpp in Sources */,
				D80CC8BF29B8995F00EF55BD /* buffers.cpp in Sources */,
				A100C8B51FB5E7E500BC046C /* node.cpp in Sources */,
				A100C8B41FB5E7E500BC046C /* node_type.cpp in Sources */,
				D80CC8D129B8997500EF55BD /* split.cpp in Sources */,
				D80CC89029B8994200EF55BD /* constant_fold.cpp in Sources */,
				A100C8631FB5E75700BC046C /* bvh2.cpp in Sources */,
				D80CC7D229B8984800EF55BD /* split.cpp in Sources */,
				D80CC89629B8994200EF55BD /* shader.cpp in Sources */,
				D80CC88129B8994200EF55BD /* svm.cpp in Sources */,
				D80CC89A29B8994200EF55BD /* hair.cpp in Sources */,
				D80CC7FB29B8987600EF55BD /* graphics_interop.cpp in Sources */,
				D80CC88A29B8994200EF55BD /* stats.cpp in Sources */,
				A100C8A41FB5E7AE00BC046C /* opencl_util.cpp in Sources */,
				D80CC88929B8994200EF55BD /* mesh_displace.cpp in Sources */,
				D80CC8CF29B8997500EF55BD /* patch_table.cpp in Sources */,
				D80CC89829B8994200EF55BD /* jitter.cpp in Sources */,
				D80CC7E129B8984800EF55BD /* sort.cpp in Sources */,
				D80CC87129B8994200EF55BD /* curves.cpp in Sources */,
				D80CC88029B8994200EF55BD /* tables.cpp in Sources */,
				D80CC7DA29B8984800EF55BD /* embree.cpp in Sources */,
				D80CC7DC29B8984800EF55BD /* metal.mm in Sources */,
				D80CC86329B8994100EF55BD /* pass.cpp in Sources */,
				D80CC8D229B8997500EF55BD /* patch.cpp in Sources */,
				D80CC8A429B8994200EF55BD /* bake.cpp in Sources */,
				D80CC87929B8994200EF55BD /* background.cpp in Sources */,
			);
			runOnlyForDeploymentPostprocessing = 0;
		};
/* End PBXSourcesBuildPhase section */

/* Begin XCBuildConfiguration section */
		A11D68061FB5936400409EB3 /* Debug */ = {
			isa = XCBuildConfiguration;
			baseConfigurationReference = 37EECDCA288773E700AA4E58 /* LibThirdPartyDebug.xcconfig */;
			buildSettings = {
				ALWAYS_SEARCH_USER_PATHS = NO;
			};
			name = Debug;
		};
		A11D68071FB5936400409EB3 /* Release */ = {
			isa = XCBuildConfiguration;
			baseConfigurationReference = 37EECDCB288773E700AA4E58 /* LibThirdPartyRelease.xcconfig */;
			buildSettings = {
				ALWAYS_SEARCH_USER_PATHS = NO;
			};
			name = Release;
		};
		A11D68091FB5936400409EB3 /* Debug */ = {
			isa = XCBuildConfiguration;
			buildSettings = {
				CLANG_CXX_LANGUAGE_STANDARD = "c++20";
				CLANG_WARN_DOCUMENTATION_COMMENTS = NO;
				EXECUTABLE_PREFIX = lib;
				GCC_PREPROCESSOR_DEFINITIONS = (
					NOT_WITH_CYCLES_OPTIMIZED_KERNEL_SSE41,
					NOT_WITH_CYCLES_OPTIMIZED_KERNEL_SSE3,
					NOT_WITH_CYCLES_OPTIMIZED_KERNEL_SSE2,
					CYCLES_STD_UNORDERED_MAP,
					WITH_OPENCL,
					"CCL_NAMESPACE_END=}",
					"CCL_NAMESPACE_BEGIN=\"namespace ccl {\"",
					BOOST_ALL_NO_LIB,
					GLEW_STATIC,
					WITH_CUDA_DYNLOAD,
					"DEBUG=1",
				);
				GCC_WARN_64_TO_32_BIT_CONVERSION = NO;
				HEADER_SEARCH_PATHS = (
					../../cycles/src/graph,
					../../cycles/src/bvh,
					../../cycles/src/scene,
					../../cycles/src,
					../../ccycles,
					../../cycles/src/render,
					../../cycles/src/device,
					../../cycles/src/util,
					../../glew/include,
					../../cycles/third_party/atomic,
					"../../../../../../../big_libs/OpenEXR-2.5.5/include",
					"../../../../../../../big_libs/OpenImageIO-2.2.19/include",
				);
				PRODUCT_NAME = "$(TARGET_NAME)";
			};
			name = Debug;
		};
		A11D680A1FB5936400409EB3 /* Release */ = {
			isa = XCBuildConfiguration;
			buildSettings = {
				CLANG_CXX_LANGUAGE_STANDARD = "c++20";
				CLANG_WARN_DOCUMENTATION_COMMENTS = NO;
				EXECUTABLE_PREFIX = lib;
				GCC_PREPROCESSOR_DEFINITIONS = (
					NOT_WITH_CYCLES_OPTIMIZED_KERNEL_SSE41,
					NOT_WITH_CYCLES_OPTIMIZED_KERNEL_SSE3,
					NOT_WITH_CYCLES_OPTIMIZED_KERNEL_SSE2,
					CYCLES_STD_UNORDERED_MAP,
					WITH_OPENCL,
					"CCL_NAMESPACE_END=}",
					"CCL_NAMESPACE_BEGIN=\"namespace ccl {\"",
					BOOST_ALL_NO_LIB,
					GLEW_STATIC,
					WITH_CUDA_DYNLOAD,
				);
				GCC_WARN_64_TO_32_BIT_CONVERSION = NO;
				HEADER_SEARCH_PATHS = (
					../../cycles/src/graph,
					../../cycles/src/bvh,
					../../cycles/src/scene,
					../../cycles/src,
					../../ccycles,
					../../cycles/src/render,
					../../cycles/src/device,
					../../cycles/src/util,
					../../glew/include,
					../../cycles/third_party/atomic,
					"../../../../../../../big_libs/OpenEXR-2.5.5/include",
					"../../../../../../../big_libs/OpenImageIO-2.2.19/include",
				);
				PRODUCT_NAME = "$(TARGET_NAME)";
			};
			name = Release;
		};
		DFBF84172203940E00BF1536 /* Distribution */ = {
			isa = XCBuildConfiguration;
			baseConfigurationReference = 37EECDCC288773E700AA4E58 /* LibThirdPartyDistribution.xcconfig */;
			buildSettings = {
				ALWAYS_SEARCH_USER_PATHS = NO;
			};
			name = Distribution;
		};
		DFBF84182203940E00BF1536 /* Distribution */ = {
			isa = XCBuildConfiguration;
			buildSettings = {
				CLANG_CXX_LANGUAGE_STANDARD = "c++20";
				CLANG_WARN_DOCUMENTATION_COMMENTS = NO;
				EXECUTABLE_PREFIX = lib;
				GCC_PREPROCESSOR_DEFINITIONS = (
					NOT_WITH_CYCLES_OPTIMIZED_KERNEL_SSE41,
					NOT_WITH_CYCLES_OPTIMIZED_KERNEL_SSE3,
					NOT_WITH_CYCLES_OPTIMIZED_KERNEL_SSE2,
					CYCLES_STD_UNORDERED_MAP,
					WITH_OPENCL,
					"CCL_NAMESPACE_END=}",
					"CCL_NAMESPACE_BEGIN=\"namespace ccl {\"",
					BOOST_ALL_NO_LIB,
					GLEW_STATIC,
					WITH_CUDA_DYNLOAD,
				);
				GCC_WARN_64_TO_32_BIT_CONVERSION = NO;
				HEADER_SEARCH_PATHS = (
					../../cycles/src/graph,
					../../cycles/src/bvh,
					../../cycles/src/scene,
					../../cycles/src,
					../../ccycles,
					../../cycles/src/render,
					../../cycles/src/device,
					../../cycles/src/util,
					../../glew/include,
					../../cycles/third_party/atomic,
					"../../../../../../../big_libs/OpenEXR-2.5.5/include",
					"../../../../../../../big_libs/OpenImageIO-2.2.19/include",
				);
				PRODUCT_NAME = "$(TARGET_NAME)";
			};
			name = Distribution;
		};
/* End XCBuildConfiguration section */

/* Begin XCConfigurationList section */
		A11D67FF1FB5936400409EB3 /* Build configuration list for PBXProject "cycles_proper" */ = {
			isa = XCConfigurationList;
			buildConfigurations = (
				A11D68061FB5936400409EB3 /* Debug */,
				A11D68071FB5936400409EB3 /* Release */,
				DFBF84172203940E00BF1536 /* Distribution */,
			);
			defaultConfigurationIsVisible = 0;
			defaultConfigurationName = Release;
		};
		A11D68081FB5936400409EB3 /* Build configuration list for PBXNativeTarget "cycles_proper" */ = {
			isa = XCConfigurationList;
			buildConfigurations = (
				A11D68091FB5936400409EB3 /* Debug */,
				A11D680A1FB5936400409EB3 /* Release */,
				DFBF84182203940E00BF1536 /* Distribution */,
			);
			defaultConfigurationIsVisible = 0;
			defaultConfigurationName = Release;
		};
/* End XCConfigurationList section */
	};
	rootObject = A11D67FC1FB5936400409EB3 /* Project object */;
}
