// !$*UTF8*$!
{
	archiveVersion = 1;
	classes = {
	};
	objectVersion = 48;
	objects = {

/* Begin PBXBuildFile section */
		A100CA6E1FB6012000BC046C /* glew.c in Sources */ = {isa = PBXBuildFile; fileRef = A100CA6D1FB6012000BC046C /* glew.c */; };
		A100CA721FB6013800BC046C /* glew.h in Headers */ = {isa = PBXBuildFile; fileRef = A100CA6F1FB6013800BC046C /* glew.h */; };
		A100CA731FB6013800BC046C /* wglew.h in Headers */ = {isa = PBXBuildFile; fileRef = A100CA701FB6013800BC046C /* wglew.h */; };
		A100CA741FB6013800BC046C /* glxew.h in Headers */ = {isa = PBXBuildFile; fileRef = A100CA711FB6013800BC046C /* glxew.h */; };
		A100CA791FB6091000BC046C /* OpenGL.framework in Frameworks */ = {isa = PBXBuildFile; fileRef = A100CA781FB608F500BC046C /* OpenGL.framework */; };
/* End PBXBuildFile section */

/* Begin PBXContainerItemProxy section */
		D86DF16120A81EDA00444230 /* PBXContainerItemProxy */ = {
			isa = PBXContainerItemProxy;
			containerPortal = D86DF15520A81CDA00444230 /* MacDotNet.xcodeproj */;
			proxyType = 1;
			remoteGlobalIDString = DFAC1D871BCEE62900711C6C;
			remoteInfo = MacDotNet;
		};
/* End PBXContainerItemProxy section */

/* Begin PBXFileReference section */
		A100CA661FB600FD00BC046C /* libcyclesglew.a */ = {isa = PBXFileReference; explicitFileType = archive.ar; includeInIndex = 0; path = libcyclesglew.a; sourceTree = BUILT_PRODUCTS_DIR; };
		A100CA6D1FB6012000BC046C /* glew.c */ = {isa = PBXFileReference; fileEncoding = 4; lastKnownFileType = sourcecode.c.c; name = glew.c; path = ../../glew/src/glew.c; sourceTree = "<group>"; };
		A100CA6F1FB6013800BC046C /* glew.h */ = {isa = PBXFileReference; fileEncoding = 4; lastKnownFileType = sourcecode.c.h; name = glew.h; path = ../../glew/include/GL/glew.h; sourceTree = "<group>"; };
		A100CA701FB6013800BC046C /* wglew.h */ = {isa = PBXFileReference; fileEncoding = 4; lastKnownFileType = sourcecode.c.h; name = wglew.h; path = ../../glew/include/GL/wglew.h; sourceTree = "<group>"; };
		A100CA711FB6013800BC046C /* glxew.h */ = {isa = PBXFileReference; fileEncoding = 4; lastKnownFileType = sourcecode.c.h; name = glxew.h; path = ../../glew/include/GL/glxew.h; sourceTree = "<group>"; };
		A100CA781FB608F500BC046C /* OpenGL.framework */ = {isa = PBXFileReference; lastKnownFileType = wrapper.framework; name = OpenGL.framework; path = System/Library/Frameworks/OpenGL.framework; sourceTree = SDKROOT; };
		D86DF15520A81CDA00444230 /* MacDotNet.xcodeproj */ = {isa = PBXFileReference; lastKnownFileType = "wrapper.pb-project"; name = MacDotNet.xcodeproj; path = ../../../../../../BuildSolutions/MacDotNet.xcodeproj; sourceTree = "<group>"; };
		D8F3C9AA2331839F00AB35CA /* CLibDebug.xcconfig */ = {isa = PBXFileReference; lastKnownFileType = text.xcconfig; name = CLibDebug.xcconfig; path = ../../../../../../Mac/XCConfig/CLibDebug.xcconfig; sourceTree = "<group>"; };
		D8F3C9AB2331839F00AB35CA /* CLibRelease.xcconfig */ = {isa = PBXFileReference; lastKnownFileType = text.xcconfig; name = CLibRelease.xcconfig; path = ../../../../../../Mac/XCConfig/CLibRelease.xcconfig; sourceTree = "<group>"; };
/* End PBXFileReference section */

/* Begin PBXFrameworksBuildPhase section */
		A100CA631FB600FD00BC046C /* Frameworks */ = {
			isa = PBXFrameworksBuildPhase;
			buildActionMask = 2147483647;
			files = (
				A100CA791FB6091000BC046C /* OpenGL.framework in Frameworks */,
			);
			runOnlyForDeploymentPostprocessing = 0;
		};
/* End PBXFrameworksBuildPhase section */

/* Begin PBXGroup section */
		A100CA5D1FB600FD00BC046C = {
			isa = PBXGroup;
			children = (
				A100CA6F1FB6013800BC046C /* glew.h */,
				A100CA711FB6013800BC046C /* glxew.h */,
				A100CA701FB6013800BC046C /* wglew.h */,
				A100CA6D1FB6012000BC046C /* glew.c */,
				A100CA671FB600FD00BC046C /* Products */,
				A100CA771FB608F500BC046C /* Frameworks */,
				D8F3C9A92331837E00AB35CA /* Support */,
			);
			sourceTree = "<group>";
		};
		A100CA671FB600FD00BC046C /* Products */ = {
			isa = PBXGroup;
			children = (
				A100CA661FB600FD00BC046C /* libcyclesglew.a */,
			);
			name = Products;
			sourceTree = "<group>";
		};
		A100CA771FB608F500BC046C /* Frameworks */ = {
			isa = PBXGroup;
			children = (
				D86DF15520A81CDA00444230 /* MacDotNet.xcodeproj */,
				A100CA781FB608F500BC046C /* OpenGL.framework */,
			);
			name = Frameworks;
			sourceTree = "<group>";
		};
		D86DF15620A81CDA00444230 /* Products */ = {
			isa = PBXGroup;
			children = (
			);
			name = Products;
			sourceTree = "<group>";
		};
		D8F3C9A92331837E00AB35CA /* Support */ = {
			isa = PBXGroup;
			children = (
				D8F3C9AA2331839F00AB35CA /* CLibDebug.xcconfig */,
				D8F3C9AB2331839F00AB35CA /* CLibRelease.xcconfig */,
			);
			name = Support;
			sourceTree = "<group>";
		};
/* End PBXGroup section */

/* Begin PBXHeadersBuildPhase section */
		A100CA641FB600FD00BC046C /* Headers */ = {
			isa = PBXHeadersBuildPhase;
			buildActionMask = 2147483647;
			files = (
				A100CA741FB6013800BC046C /* glxew.h in Headers */,
				A100CA721FB6013800BC046C /* glew.h in Headers */,
				A100CA731FB6013800BC046C /* wglew.h in Headers */,
			);
			runOnlyForDeploymentPostprocessing = 0;
		};
/* End PBXHeadersBuildPhase section */

/* Begin PBXNativeTarget section */
		A100CA651FB600FD00BC046C /* cyclesglew */ = {
			isa = PBXNativeTarget;
			buildConfigurationList = A100CA6A1FB600FD00BC046C /* Build configuration list for PBXNativeTarget "cyclesglew" */;
			buildPhases = (
				A100CA621FB600FD00BC046C /* Sources */,
				A100CA631FB600FD00BC046C /* Frameworks */,
				A100CA641FB600FD00BC046C /* Headers */,
			);
			buildRules = (
			);
			dependencies = (
				D86DF16220A81EDA00444230 /* PBXTargetDependency */,
			);
			name = cyclesglew;
			productName = cyclesglew;
			productReference = A100CA661FB600FD00BC046C /* libcyclesglew.a */;
			productType = "com.apple.product-type.library.static";
		};
/* End PBXNativeTarget section */

/* Begin PBXProject section */
		A100CA5E1FB600FD00BC046C /* Project object */ = {
			isa = PBXProject;
			attributes = {
				LastUpgradeCheck = 1020;
				ORGANIZATIONNAME = "Rober McNeel & Associates";
				TargetAttributes = {
					A100CA651FB600FD00BC046C = {
						CreatedOnToolsVersion = 9.1;
						ProvisioningStyle = Automatic;
					};
				};
			};
			buildConfigurationList = A100CA611FB600FD00BC046C /* Build configuration list for PBXProject "cyclesglew" */;
			compatibilityVersion = "Xcode 8.0";
			developmentRegion = en;
			hasScannedForEncodings = 0;
			knownRegions = (
				en,
				Base,
			);
			mainGroup = A100CA5D1FB600FD00BC046C;
			productRefGroup = A100CA671FB600FD00BC046C /* Products */;
			projectDirPath = "";
			projectReferences = (
				{
					ProductGroup = D86DF15620A81CDA00444230 /* Products */;
					ProjectRef = D86DF15520A81CDA00444230 /* MacDotNet.xcodeproj */;
				},
			);
			projectRoot = "";
			targets = (
				A100CA651FB600FD00BC046C /* cyclesglew */,
			);
		};
/* End PBXProject section */

/* Begin PBXSourcesBuildPhase section */
		A100CA621FB600FD00BC046C /* Sources */ = {
			isa = PBXSourcesBuildPhase;
			buildActionMask = 2147483647;
			files = (
				A100CA6E1FB6012000BC046C /* glew.c in Sources */,
			);
			runOnlyForDeploymentPostprocessing = 0;
		};
/* End PBXSourcesBuildPhase section */

/* Begin PBXTargetDependency section */
		D86DF16220A81EDA00444230 /* PBXTargetDependency */ = {
			isa = PBXTargetDependency;
			name = MacDotNet;
			targetProxy = D86DF16120A81EDA00444230 /* PBXContainerItemProxy */;
		};
/* End PBXTargetDependency section */

/* Begin XCBuildConfiguration section */
		A100CA681FB600FD00BC046C /* Debug */ = {
			isa = XCBuildConfiguration;
			baseConfigurationReference = D8F3C9AA2331839F00AB35CA /* CLibDebug.xcconfig */;
			buildSettings = {
				CLANG_CXX_LANGUAGE_STANDARD = "gnu++14";
				CLANG_CXX_LIBRARY = "libc++";
				CODE_SIGN_IDENTITY = "-";
				GCC_C_LANGUAGE_STANDARD = gnu11;
				GCC_PREPROCESSOR_DEFINITIONS = (
					"DEBUG=1",
					"$(inherited)",
				);
				MTL_ENABLE_DEBUG_INFO = YES;
				USER_HEADER_SEARCH_PATHS = "$(inherited) $(PROJECT_DIR) $(PROJECT_DIR)/** $(PROJECT_DIR)/../../glew $(PROJECT_DIR)/../../glew/**";
			};
			name = Debug;
		};
		A100CA691FB600FD00BC046C /* Release */ = {
			isa = XCBuildConfiguration;
			baseConfigurationReference = D8F3C9AB2331839F00AB35CA /* CLibRelease.xcconfig */;
			buildSettings = {
				CLANG_CXX_LANGUAGE_STANDARD = "gnu++14";
				CLANG_CXX_LIBRARY = "libc++";
				CODE_SIGN_IDENTITY = "-";
				GCC_C_LANGUAGE_STANDARD = gnu11;
				MTL_ENABLE_DEBUG_INFO = NO;
				USER_HEADER_SEARCH_PATHS = "$(inherited) $(PROJECT_DIR) $(PROJECT_DIR)/** $(PROJECT_DIR)/../../glew $(PROJECT_DIR)/../../glew/**";
			};
			name = Release;
		};
		A100CA6B1FB600FD00BC046C /* Debug */ = {
			isa = XCBuildConfiguration;
			buildSettings = {
				CLANG_WARN_STRICT_PROTOTYPES = NO;
				CODE_SIGN_STYLE = Automatic;
				EXECUTABLE_PREFIX = lib;
				GCC_PREPROCESSOR_DEFINITIONS = (
					DEBUG,
					_DEBUG,
					__SSE__,
					__MMX__,
					__SSE2__,
					__LITTLE_ENDIAN__,
					GLEW_STATIC,
					GLEW_NO_ES,
					GLEW_NO_GLU,
					WITH_GL_PROFILE_COMPAT,
				);
				HEADER_SEARCH_PATHS = ../../glew/include;
				OTHER_LDFLAGS = (
					"-framework",
					OpenGL,
				);
				PRODUCT_NAME = "$(TARGET_NAME)";
			};
			name = Debug;
		};
		A100CA6C1FB600FD00BC046C /* Release */ = {
			isa = XCBuildConfiguration;
			buildSettings = {
				CLANG_WARN_STRICT_PROTOTYPES = NO;
				CODE_SIGN_STYLE = Automatic;
				EXECUTABLE_PREFIX = lib;
				GCC_PREPROCESSOR_DEFINITIONS = (
					__SSE__,
					__MMX__,
					__SSE2__,
					__LITTLE_ENDIAN__,
					GLEW_STATIC,
					GLEW_NO_ES,
					GLEW_NO_GLU,
					WITH_GL_PROFILE_COMPAT,
				);
				HEADER_SEARCH_PATHS = ../../glew/include;
				OTHER_LDFLAGS = (
					"-framework",
					OpenGL,
				);
				PRODUCT_NAME = "$(TARGET_NAME)";
			};
			name = Release;
		};
		DFBF84192203942C00BF1536 /* Distribution */ = {
			isa = XCBuildConfiguration;
			baseConfigurationReference = D8F3C9AB2331839F00AB35CA /* CLibRelease.xcconfig */;
			buildSettings = {
				CLANG_CXX_LANGUAGE_STANDARD = "gnu++14";
				CLANG_CXX_LIBRARY = "libc++";
				CODE_SIGN_IDENTITY = "-";
				GCC_C_LANGUAGE_STANDARD = gnu11;
				MTL_ENABLE_DEBUG_INFO = NO;
				USER_HEADER_SEARCH_PATHS = "$(inherited) $(PROJECT_DIR) $(PROJECT_DIR)/** $(PROJECT_DIR)/../../glew $(PROJECT_DIR)/../../glew/**";
			};
			name = Distribution;
		};
		DFBF841A2203942C00BF1536 /* Distribution */ = {
			isa = XCBuildConfiguration;
			buildSettings = {
				CLANG_WARN_STRICT_PROTOTYPES = NO;
				CODE_SIGN_STYLE = Automatic;
				EXECUTABLE_PREFIX = lib;
				GCC_PREPROCESSOR_DEFINITIONS = (
					__SSE__,
					__MMX__,
					__SSE2__,
					__LITTLE_ENDIAN__,
					GLEW_STATIC,
					GLEW_NO_ES,
					GLEW_NO_GLU,
					WITH_GL_PROFILE_COMPAT,
				);
				HEADER_SEARCH_PATHS = ../../glew/include;
				OTHER_LDFLAGS = (
					"-framework",
					OpenGL,
				);
				PRODUCT_NAME = "$(TARGET_NAME)";
			};
			name = Distribution;
		};
/* End XCBuildConfiguration section */

/* Begin XCConfigurationList section */
		A100CA611FB600FD00BC046C /* Build configuration list for PBXProject "cyclesglew" */ = {
			isa = XCConfigurationList;
			buildConfigurations = (
				A100CA681FB600FD00BC046C /* Debug */,
				A100CA691FB600FD00BC046C /* Release */,
				DFBF84192203942C00BF1536 /* Distribution */,
			);
			defaultConfigurationIsVisible = 0;
			defaultConfigurationName = Release;
		};
		A100CA6A1FB600FD00BC046C /* Build configuration list for PBXNativeTarget "cyclesglew" */ = {
			isa = XCConfigurationList;
			buildConfigurations = (
				A100CA6B1FB600FD00BC046C /* Debug */,
				A100CA6C1FB600FD00BC046C /* Release */,
				DFBF841A2203942C00BF1536 /* Distribution */,
			);
			defaultConfigurationIsVisible = 0;
			defaultConfigurationName = Release;
		};
/* End XCConfigurationList section */
	};
	rootObject = A100CA5E1FB600FD00BC046C /* Project object */;
}
