// !$*UTF8*$!
{
	archiveVersion = 1;
	classes = {
	};
	objectVersion = 54;
	objects = {

/* Begin PBXAggregateTarget section */
		AAEFD0171F5B49C88781D1AF /* ALL_BUILD */ = {
			isa = PBXAggregateTarget;
			buildConfigurationList = DDB8985444C74392BBA2DB5A /* Build configuration list for PBXAggregateTarget "ALL_BUILD" */;
			buildPhases = (
				287206B19BECD2A3A163884A /* Generate CMakeFiles/ALL_BUILD */,
			);
			dependencies = (
				DC878918E6334FB991638344 /* PBXTargetDependency */,
				7D65BC469FE14EB2A859C14A /* PBXTargetDependency */,
			);
			name = ALL_BUILD;
			productName = ALL_BUILD;
		};
		BC232B877A284F5380F2041C /* ZERO_CHECK */ = {
			isa = PBXAggregateTarget;
			buildConfigurationList = 9C99B7958BAD4035BB90BD47 /* Build configuration list for PBXAggregateTarget "ZERO_CHECK" */;
			buildPhases = (
				EE38F4F2779733CAE1DB7014 /* Generate CMakeFiles/ZERO_CHECK */,
			);
			dependencies = (
			);
			name = ZERO_CHECK;
			productName = ZERO_CHECK;
		};
/* End PBXAggregateTarget section */

/* Begin PBXBuildFile section */
		04A4D010BEA24A53B6FD500A /* scene_parameters.cpp in Sources */ = {isa = PBXBuildFile; fileRef = 61A177AD2A2E4408B38DE80F /* scene_parameters.cpp */; };
		234380EBCF924098BD9C37FE /* object.cpp in Sources */ = {isa = PBXBuildFile; fileRef = 2BD0FA20976D43E7AADDC046 /* object.cpp */; };
		3831967B5D2E4D4AB0EEDE2D /* mesh.cpp in Sources */ = {isa = PBXBuildFile; fileRef = 81513A342E73405FB2937C02 /* mesh.cpp */; };
		3974FC9D267D4D9FB59E0BFF /* scene.cpp in Sources */ = {isa = PBXBuildFile; fileRef = CD4A8F2E37DB489BBB142298 /* scene.cpp */; };
		47C5E28530204B39B89B4DC6 /* camera.cpp in Sources */ = {isa = PBXBuildFile; fileRef = 46E8231022BF443ABBC2BB96 /* camera.cpp */; };
		4F2BFDDDA48A4D0BBBEF848E /* ccycles.cpp in Sources */ = {isa = PBXBuildFile; fileRef = 0B704066E7EE4E1CAA309C53 /* ccycles.cpp */; };
		55AB7522CCE4427DA61FFB27 /* light.cpp in Sources */ = {isa = PBXBuildFile; fileRef = 7A1CAB0CFBE54174B8A3CD3C /* light.cpp */; };
		642F9BEFB0B14AE3A52A9457 /* integrator.cpp in Sources */ = {isa = PBXBuildFile; fileRef = CA73032C21774387AB1585F7 /* integrator.cpp */; };
		70BA314C7DD54B76B3311132 /* film.cpp in Sources */ = {isa = PBXBuildFile; fileRef = 529A9C2D39CA4A6189364360 /* film.cpp */; };
		7661CD85AAA044BF8B8ACBA2 /* session_parameters.cpp in Sources */ = {isa = PBXBuildFile; fileRef = D5047975CA6543F3A990DFF2 /* session_parameters.cpp */; };
		850FFEF8BABC4953A5E69DDD /* device.cpp in Sources */ = {isa = PBXBuildFile; fileRef = 81CB86FF12704E07B5CA0137 /* device.cpp */; };
		933081FF07204576903A1892 /* background.cpp in Sources */ = {isa = PBXBuildFile; fileRef = CD5A5F3BE07F4CDE96D85157 /* background.cpp */; };
		C800CEFAB7104C6C81610F01 /* transform.cpp in Sources */ = {isa = PBXBuildFile; fileRef = 7B7DFB43377E4337B38F79F4 /* transform.cpp */; };
		D90A426850484D9BA1CB26FF /* shader.cpp in Sources */ = {isa = PBXBuildFile; fileRef = FCA37F9D5BE54DF4B956DD06 /* shader.cpp */; };
		FA833F4CE45744568FD356E7 /* session.cpp in Sources */ = {isa = PBXBuildFile; fileRef = 07B73A2973DA45FB8B03B844 /* session.cpp */; };
/* End PBXBuildFile section */

/* Begin PBXContainerItemProxy section */
		B140C2DFEBF14A2C93C90C51 /* PBXContainerItemProxy */ = {
			isa = PBXContainerItemProxy;
			containerPortal = 69B3533FF7254FBC994F3743 /* Project object */;
			proxyType = 1;
			remoteGlobalIDString = BC232B877A284F5380F2041C;
			remoteInfo = ZERO_CHECK;
		};
		D9C89B693D0240CC90CD168D /* PBXContainerItemProxy */ = {
			isa = PBXContainerItemProxy;
			containerPortal = 69B3533FF7254FBC994F3743 /* Project object */;
			proxyType = 1;
			remoteGlobalIDString = BC232B877A284F5380F2041C;
			remoteInfo = ZERO_CHECK;
		};
		E5D5020CA13E43DAA02A3A03 /* PBXContainerItemProxy */ = {
			isa = PBXContainerItemProxy;
			containerPortal = 69B3533FF7254FBC994F3743 /* Project object */;
			proxyType = 1;
			remoteGlobalIDString = 56EDF8CDE0F84864B202FD56;
			remoteInfo = ccycles;
		};
/* End PBXContainerItemProxy section */

/* Begin PBXFileReference section */
		07B73A2973DA45FB8B03B844 /* session.cpp */ = {isa = PBXFileReference; explicitFileType = sourcecode.cpp.cpp; fileEncoding = 4; name = session.cpp; path = ../../ccycles/session.cpp; sourceTree = SOURCE_ROOT; };
		0AA3E92FF333415994F61457 /* CMakeLists.txt */ = {isa = PBXFileReference; explicitFileType = sourcecode.text; fileEncoding = 4; lastKnownFileType = text; path = CMakeLists.txt; sourceTree = SOURCE_ROOT; };
		0B704066E7EE4E1CAA309C53 /* ccycles.cpp */ = {isa = PBXFileReference; explicitFileType = sourcecode.cpp.cpp; fileEncoding = 4; name = ccycles.cpp; path = ../../ccycles/ccycles.cpp; sourceTree = SOURCE_ROOT; };
		2BD0FA20976D43E7AADDC046 /* object.cpp */ = {isa = PBXFileReference; explicitFileType = sourcecode.cpp.cpp; fileEncoding = 4; name = object.cpp; path = ../../ccycles/object.cpp; sourceTree = SOURCE_ROOT; };
		46E8231022BF443ABBC2BB96 /* camera.cpp */ = {isa = PBXFileReference; explicitFileType = sourcecode.cpp.cpp; fileEncoding = 4; name = camera.cpp; path = ../../ccycles/camera.cpp; sourceTree = SOURCE_ROOT; };
		529A9C2D39CA4A6189364360 /* film.cpp */ = {isa = PBXFileReference; explicitFileType = sourcecode.cpp.cpp; fileEncoding = 4; name = film.cpp; path = ../../ccycles/film.cpp; sourceTree = SOURCE_ROOT; };
		61A177AD2A2E4408B38DE80F /* scene_parameters.cpp */ = {isa = PBXFileReference; explicitFileType = sourcecode.cpp.cpp; fileEncoding = 4; name = scene_parameters.cpp; path = ../../ccycles/scene_parameters.cpp; sourceTree = SOURCE_ROOT; };
		73CC5588560A4EF7909967AD /* ccycles.h */ = {isa = PBXFileReference; explicitFileType = sourcecode.c.h; fileEncoding = 4; name = ccycles.h; path = ../../ccycles/ccycles.h; sourceTree = SOURCE_ROOT; };
		7A1CAB0CFBE54174B8A3CD3C /* light.cpp */ = {isa = PBXFileReference; explicitFileType = sourcecode.cpp.cpp; fileEncoding = 4; name = light.cpp; path = ../../ccycles/light.cpp; sourceTree = SOURCE_ROOT; };
		7B7DFB43377E4337B38F79F4 /* transform.cpp */ = {isa = PBXFileReference; explicitFileType = sourcecode.cpp.cpp; fileEncoding = 4; name = transform.cpp; path = ../../ccycles/transform.cpp; sourceTree = SOURCE_ROOT; };
		7BC3933FE8E142488E5D2828 /* CMakeLists.txt */ = {isa = PBXFileReference; explicitFileType = sourcecode.text; fileEncoding = 4; lastKnownFileType = text; name = CMakeLists.txt; path = ../../ccycles/CMakeLists.txt; sourceTree = SOURCE_ROOT; };
		7FBD2617E1694DAA9E9BCC94 /* version.h */ = {isa = PBXFileReference; explicitFileType = sourcecode.c.h; fileEncoding = 4; name = version.h; path = ../../ccycles/version.h; sourceTree = SOURCE_ROOT; };
		81513A342E73405FB2937C02 /* mesh.cpp */ = {isa = PBXFileReference; explicitFileType = sourcecode.cpp.cpp; fileEncoding = 4; name = mesh.cpp; path = ../../ccycles/mesh.cpp; sourceTree = SOURCE_ROOT; };
		81CB86FF12704E07B5CA0137 /* device.cpp */ = {isa = PBXFileReference; explicitFileType = sourcecode.cpp.cpp; fileEncoding = 4; name = device.cpp; path = ../../ccycles/device.cpp; sourceTree = SOURCE_ROOT; };
		90A216A042BC47FAA10919F1 /* internal_types.h */ = {isa = PBXFileReference; explicitFileType = sourcecode.c.h; fileEncoding = 4; name = internal_types.h; path = ../../ccycles/internal_types.h; sourceTree = SOURCE_ROOT; };
		97191B33BDDB4A42A09CAE45 /* fshader.h */ = {isa = PBXFileReference; explicitFileType = sourcecode.c.h; fileEncoding = 4; name = fshader.h; path = ../../ccycles/fshader.h; sourceTree = SOURCE_ROOT; };
		B0ADE5B69EEC4B4A82E3EAE1 /* libccycles.dylib */ = {isa = PBXFileReference; explicitFileType = "compiled.mach-o.dylib"; path = libccycles.dylib; sourceTree = BUILT_PRODUCTS_DIR; };
		C4B1E01B022B4E4C932FAA30 /* vshader.h */ = {isa = PBXFileReference; explicitFileType = sourcecode.c.h; fileEncoding = 4; name = vshader.h; path = ../../ccycles/vshader.h; sourceTree = SOURCE_ROOT; };
		CA73032C21774387AB1585F7 /* integrator.cpp */ = {isa = PBXFileReference; explicitFileType = sourcecode.cpp.cpp; fileEncoding = 4; name = integrator.cpp; path = ../../ccycles/integrator.cpp; sourceTree = SOURCE_ROOT; };
		CD4A8F2E37DB489BBB142298 /* scene.cpp */ = {isa = PBXFileReference; explicitFileType = sourcecode.cpp.cpp; fileEncoding = 4; name = scene.cpp; path = ../../ccycles/scene.cpp; sourceTree = SOURCE_ROOT; };
		CD5A5F3BE07F4CDE96D85157 /* background.cpp */ = {isa = PBXFileReference; explicitFileType = sourcecode.cpp.cpp; fileEncoding = 4; name = background.cpp; path = ../../ccycles/background.cpp; sourceTree = SOURCE_ROOT; };
		D5047975CA6543F3A990DFF2 /* session_parameters.cpp */ = {isa = PBXFileReference; explicitFileType = sourcecode.cpp.cpp; fileEncoding = 4; name = session_parameters.cpp; path = ../../ccycles/session_parameters.cpp; sourceTree = SOURCE_ROOT; };
		FCA37F9D5BE54DF4B956DD06 /* shader.cpp */ = {isa = PBXFileReference; explicitFileType = sourcecode.cpp.cpp; fileEncoding = 4; name = shader.cpp; path = ../../ccycles/shader.cpp; sourceTree = SOURCE_ROOT; };
/* End PBXFileReference section */

/* Begin PBXFrameworksBuildPhase section */
		A591388FFFC24A7FB26FA2B4 /* Frameworks */ = {
			isa = PBXFrameworksBuildPhase;
			buildActionMask = 2147483647;
			files = (
			);
			runOnlyForDeploymentPostprocessing = 0;
		};
/* End PBXFrameworksBuildPhase section */

/* Begin PBXGroup section */
		3F4CDFF4302C44709F9745DD /* Header Files */ = {
			isa = PBXGroup;
			children = (
				73CC5588560A4EF7909967AD /* ccycles.h */,
				97191B33BDDB4A42A09CAE45 /* fshader.h */,
				90A216A042BC47FAA10919F1 /* internal_types.h */,
				7FBD2617E1694DAA9E9BCC94 /* version.h */,
				C4B1E01B022B4E4C932FAA30 /* vshader.h */,
			);
			name = "Header Files";
			sourceTree = "<group>";
		};
		53683FA547834B5B8A17B1FF /* Frameworks */ = {
			isa = PBXGroup;
			children = (
			);
			name = Frameworks;
			sourceTree = "<group>";
		};
		630D94BCC9CB470FAC5B3B19 /* Products */ = {
			isa = PBXGroup;
			children = (
				B0ADE5B69EEC4B4A82E3EAE1 /* libccycles.dylib */,
			);
			name = Products;
			sourceTree = "<group>";
		};
		6540AC3F70214C91B1571B31 /* ccycles */ = {
			isa = PBXGroup;
			children = (
				7F26E3DD5E4E4F8186E95621 /* Source Files */,
				3F4CDFF4302C44709F9745DD /* Header Files */,
				7BC3933FE8E142488E5D2828 /* CMakeLists.txt */,
			);
			name = ccycles;
			sourceTree = "<group>";
		};
		7F26E3DD5E4E4F8186E95621 /* Source Files */ = {
			isa = PBXGroup;
			children = (
				CD5A5F3BE07F4CDE96D85157 /* background.cpp */,
				46E8231022BF443ABBC2BB96 /* camera.cpp */,
				0B704066E7EE4E1CAA309C53 /* ccycles.cpp */,
				81CB86FF12704E07B5CA0137 /* device.cpp */,
				529A9C2D39CA4A6189364360 /* film.cpp */,
				CA73032C21774387AB1585F7 /* integrator.cpp */,
				7A1CAB0CFBE54174B8A3CD3C /* light.cpp */,
				81513A342E73405FB2937C02 /* mesh.cpp */,
				2BD0FA20976D43E7AADDC046 /* object.cpp */,
				CD4A8F2E37DB489BBB142298 /* scene.cpp */,
				61A177AD2A2E4408B38DE80F /* scene_parameters.cpp */,
				07B73A2973DA45FB8B03B844 /* session.cpp */,
				D5047975CA6543F3A990DFF2 /* session_parameters.cpp */,
				FCA37F9D5BE54DF4B956DD06 /* shader.cpp */,
				7B7DFB43377E4337B38F79F4 /* transform.cpp */,
			);
			name = "Source Files";
			sourceTree = "<group>";
		};
		8819E33E65CB412F92E90617 /* ALL_BUILD */ = {
			isa = PBXGroup;
			children = (
				D9C510A22FCA4999B1CB412C /* CMake Rules */,
				0AA3E92FF333415994F61457 /* CMakeLists.txt */,
			);
			name = ALL_BUILD;
			sourceTree = "<group>";
		};
		D9C510A22FCA4999B1CB412C /* CMake Rules */ = {
			isa = PBXGroup;
			children = (
			);
			name = "CMake Rules";
			sourceTree = "<group>";
		};
		EC9AA611B9AB49CA8B972BE8 = {
			isa = PBXGroup;
			children = (
				6540AC3F70214C91B1571B31 /* ccycles */,
				8819E33E65CB412F92E90617 /* ALL_BUILD */,
				630D94BCC9CB470FAC5B3B19 /* Products */,
				53683FA547834B5B8A17B1FF /* Frameworks */,
			);
			sourceTree = "<group>";
		};
/* End PBXGroup section */

/* Begin PBXNativeTarget section */
		56EDF8CDE0F84864B202FD56 /* ccycles */ = {
			isa = PBXNativeTarget;
			buildConfigurationList = 9CA12736AFC64D9A9F99B77D /* Build configuration list for PBXNativeTarget "ccycles" */;
			buildPhases = (
				62C3BD16821647C390600F90 /* Sources */,
				A591388FFFC24A7FB26FA2B4 /* Frameworks */,
			);
			buildRules = (
			);
			dependencies = (
				62EC8FA5EA9D46B89DA55836 /* PBXTargetDependency */,
			);
			name = ccycles;
			productName = ccycles;
			productReference = B0ADE5B69EEC4B4A82E3EAE1 /* libccycles.dylib */;
			productType = "com.apple.product-type.library.dynamic";
		};
/* End PBXNativeTarget section */

/* Begin PBXProject section */
		69B3533FF7254FBC994F3743 /* Project object */ = {
			isa = PBXProject;
			attributes = {
				LastUpgradeCheck = 1420;
			};
			buildConfigurationList = 4FC8ACF06164495CACEF8821 /* Build configuration list for PBXProject "ccycles" */;
			compatibilityVersion = "Xcode 3.2";
			developmentRegion = en;
			hasScannedForEncodings = 0;
			knownRegions = (
				en,
				Base,
			);
			mainGroup = EC9AA611B9AB49CA8B972BE8;
			projectDirPath = "";
			projectRoot = "";
			targets = (
				AAEFD0171F5B49C88781D1AF /* ALL_BUILD */,
				BC232B877A284F5380F2041C /* ZERO_CHECK */,
				56EDF8CDE0F84864B202FD56 /* ccycles */,
			);
		};
/* End PBXProject section */

/* Begin PBXShellScriptBuildPhase section */
		287206B19BECD2A3A163884A /* Generate CMakeFiles/ALL_BUILD */ = {
			isa = PBXShellScriptBuildPhase;
			alwaysOutOfDate = 1;
			buildActionMask = 2147483647;
			files = (
			);
			inputPaths = (
			);
			name = "Generate CMakeFiles/ALL_BUILD";
			outputPaths = (
				"/Users/nathan/dev/mcneel/rhino8/src4/rhino4/Plug-ins/RDK/cycles/ccycles/build/CMakeFiles/ALL_BUILD",
			);
			runOnlyForDeploymentPostprocessing = 0;
			shellPath = /bin/sh;
			shellScript = "set -e\nif test \"$CONFIGURATION\" = \"Debug\"; then :\n  cd /Users/nathan/dev/mcneel/rhino8/src4/rhino4/Plug-ins/RDK/cycles/ccycles/build\n  echo Build\\ all\\ projects\nfi\nif test \"$CONFIGURATION\" = \"Release\"; then :\n  cd /Users/nathan/dev/mcneel/rhino8/src4/rhino4/Plug-ins/RDK/cycles/ccycles/build\n  echo Build\\ all\\ projects\nfi\nif test \"$CONFIGURATION\" = \"MinSizeRel\"; then :\n  cd /Users/nathan/dev/mcneel/rhino8/src4/rhino4/Plug-ins/RDK/cycles/ccycles/build\n  echo Build\\ all\\ projects\nfi\nif test \"$CONFIGURATION\" = \"RelWithDebInfo\"; then :\n  cd /Users/nathan/dev/mcneel/rhino8/src4/rhino4/Plug-ins/RDK/cycles/ccycles/build\n  echo Build\\ all\\ projects\nfi\n";
			showEnvVarsInLog = 0;
		};
		EE38F4F2779733CAE1DB7014 /* Generate CMakeFiles/ZERO_CHECK */ = {
			isa = PBXShellScriptBuildPhase;
			alwaysOutOfDate = 1;
			buildActionMask = 2147483647;
			files = (
			);
			inputPaths = (
			);
			name = "Generate CMakeFiles/ZERO_CHECK";
			outputPaths = (
				"/Users/nathan/dev/mcneel/rhino8/src4/rhino4/Plug-ins/RDK/cycles/ccycles/build/CMakeFiles/ZERO_CHECK",
			);
			runOnlyForDeploymentPostprocessing = 0;
			shellPath = /bin/sh;
			shellScript = "set -e\nif test \"$CONFIGURATION\" = \"Debug\"; then :\n  cd /Users/nathan/dev/mcneel/rhino8/src4/rhino4/Plug-ins/RDK/cycles/ccycles/build\n  make -f /Users/nathan/dev/mcneel/rhino8/src4/rhino4/Plug-ins/RDK/cycles/ccycles/build/CMakeScripts/ReRunCMake.make\nfi\nif test \"$CONFIGURATION\" = \"Release\"; then :\n  cd /Users/nathan/dev/mcneel/rhino8/src4/rhino4/Plug-ins/RDK/cycles/ccycles/build\n  make -f /Users/nathan/dev/mcneel/rhino8/src4/rhino4/Plug-ins/RDK/cycles/ccycles/build/CMakeScripts/ReRunCMake.make\nfi\nif test \"$CONFIGURATION\" = \"MinSizeRel\"; then :\n  cd /Users/nathan/dev/mcneel/rhino8/src4/rhino4/Plug-ins/RDK/cycles/ccycles/build\n  make -f /Users/nathan/dev/mcneel/rhino8/src4/rhino4/Plug-ins/RDK/cycles/ccycles/build/CMakeScripts/ReRunCMake.make\nfi\nif test \"$CONFIGURATION\" = \"RelWithDebInfo\"; then :\n  cd /Users/nathan/dev/mcneel/rhino8/src4/rhino4/Plug-ins/RDK/cycles/ccycles/build\n  make -f /Users/nathan/dev/mcneel/rhino8/src4/rhino4/Plug-ins/RDK/cycles/ccycles/build/CMakeScripts/ReRunCMake.make\nfi\n";
			showEnvVarsInLog = 0;
		};
/* End PBXShellScriptBuildPhase section */

/* Begin PBXSourcesBuildPhase section */
		62C3BD16821647C390600F90 /* Sources */ = {
			isa = PBXSourcesBuildPhase;
			buildActionMask = 2147483647;
			files = (
				933081FF07204576903A1892 /* background.cpp in Sources */,
				47C5E28530204B39B89B4DC6 /* camera.cpp in Sources */,
				4F2BFDDDA48A4D0BBBEF848E /* ccycles.cpp in Sources */,
				850FFEF8BABC4953A5E69DDD /* device.cpp in Sources */,
				70BA314C7DD54B76B3311132 /* film.cpp in Sources */,
				642F9BEFB0B14AE3A52A9457 /* integrator.cpp in Sources */,
				55AB7522CCE4427DA61FFB27 /* light.cpp in Sources */,
				3831967B5D2E4D4AB0EEDE2D /* mesh.cpp in Sources */,
				234380EBCF924098BD9C37FE /* object.cpp in Sources */,
				3974FC9D267D4D9FB59E0BFF /* scene.cpp in Sources */,
				04A4D010BEA24A53B6FD500A /* scene_parameters.cpp in Sources */,
				FA833F4CE45744568FD356E7 /* session.cpp in Sources */,
				7661CD85AAA044BF8B8ACBA2 /* session_parameters.cpp in Sources */,
				D90A426850484D9BA1CB26FF /* shader.cpp in Sources */,
				C800CEFAB7104C6C81610F01 /* transform.cpp in Sources */,
			);
			runOnlyForDeploymentPostprocessing = 0;
		};
/* End PBXSourcesBuildPhase section */

/* Begin PBXTargetDependency section */
		62EC8FA5EA9D46B89DA55836 /* PBXTargetDependency */ = {
			isa = PBXTargetDependency;
			target = BC232B877A284F5380F2041C /* ZERO_CHECK */;
			targetProxy = D9C89B693D0240CC90CD168D /* PBXContainerItemProxy */;
		};
		7D65BC469FE14EB2A859C14A /* PBXTargetDependency */ = {
			isa = PBXTargetDependency;
			target = BC232B877A284F5380F2041C /* ZERO_CHECK */;
			targetProxy = B140C2DFEBF14A2C93C90C51 /* PBXContainerItemProxy */;
		};
		DC878918E6334FB991638344 /* PBXTargetDependency */ = {
			isa = PBXTargetDependency;
			target = 56EDF8CDE0F84864B202FD56 /* ccycles */;
			targetProxy = E5D5020CA13E43DAA02A3A03 /* PBXContainerItemProxy */;
		};
/* End PBXTargetDependency section */

/* Begin XCBuildConfiguration section */
		05371FEC5D114B3FBD0C4A79 /* MinSizeRel */ = {
			isa = XCBuildConfiguration;
			buildSettings = {
				ARCHS = arm64;
				COMBINE_HIDPI_IMAGES = NO;
				GCC_GENERATE_DEBUGGING_SYMBOLS = YES;
				GCC_INLINES_ARE_PRIVATE_EXTERN = NO;
				GCC_OPTIMIZATION_LEVEL = 0;
				GCC_PREPROCESSOR_DEFINITIONS = "$(inherited)";
				GCC_SYMBOLS_PRIVATE_EXTERN = NO;
				INSTALL_PATH = "";
				ONLY_ACTIVE_ARCH = NO;
				OTHER_LDFLAGS = " $(inherited)";
				OTHER_REZFLAGS = "";
				PRODUCT_NAME = ZERO_CHECK;
				SECTORDER_FLAGS = "";
				USE_HEADERMAP = NO;
				WARNING_CFLAGS = "$(inherited)";
			};
			name = MinSizeRel;
		};
		2CCAB666B5FF4C70B1EA8A21 /* Debug */ = {
			isa = XCBuildConfiguration;
			buildSettings = {
				ARCHS = arm64;
				COMBINE_HIDPI_IMAGES = NO;
				GCC_GENERATE_DEBUGGING_SYMBOLS = YES;
				GCC_INLINES_ARE_PRIVATE_EXTERN = NO;
				GCC_OPTIMIZATION_LEVEL = 0;
				GCC_PREPROCESSOR_DEFINITIONS = "$(inherited)";
				GCC_SYMBOLS_PRIVATE_EXTERN = NO;
				INSTALL_PATH = "";
				ONLY_ACTIVE_ARCH = NO;
				OTHER_LDFLAGS = " $(inherited)";
				OTHER_REZFLAGS = "";
				PRODUCT_NAME = ALL_BUILD;
				SECTORDER_FLAGS = "";
				USE_HEADERMAP = NO;
				WARNING_CFLAGS = "$(inherited)";
			};
			name = Debug;
		};
		33D2D97DF35B411A83AB0F3F /* Debug */ = {
			isa = XCBuildConfiguration;
			buildSettings = {
				ARCHS = "$(ARCHS_STANDARD)";
				CLANG_STATIC_ANALYZER_MODE = shallow;
				COMBINE_HIDPI_IMAGES = NO;
				EXECUTABLE_PREFIX = lib;
				EXECUTABLE_SUFFIX = .dylib;
				GCC_GENERATE_DEBUGGING_SYMBOLS = YES;
				GCC_INLINES_ARE_PRIVATE_EXTERN = NO;
				GCC_OPTIMIZATION_LEVEL = 0;
				GCC_PREPROCESSOR_DEFINITIONS = (
					"CCL_NAMESPACE_BEGIN=\"namespace ccl {\"",
					"CCL_NAMESPACE_END=}",
					"$(inherited)",
				);
				GCC_SYMBOLS_PRIVATE_EXTERN = NO;
				HEADER_SEARCH_PATHS = (
					"/Users/nathan/dev/mcneel/rhino8/src4/rhino4/Plug-ins/RDK/cycles/ccycles/../cycles/src",
					"/Users/nathan/dev/mcneel/rhino8/src4/rhino4/Plug-ins/RDK/cycles/ccycles/../cycles/third_party/atomic",
					"/Users/nathan/dev/mcneel/rhino8/src4/rhino4/Plug-ins/RDK/cycles/ccycles/../../../../../../big_libs/OpenImageIO-2.2.19/include",
					"/Users/nathan/dev/mcneel/rhino8/src4/rhino4/Plug-ins/RDK/cycles/ccycles/../../../../../../big_libs/OpenEXR-2.5.5/include",
					"/Users/nathan/dev/mcneel/rhino8/src4/rhino4/Plug-ins/RDK/cycles/ccycles/../../../../../../big_libs/tbb/include",
					"$(inherited)",
				);
				INSTALL_PATH = "";
				ONLY_ACTIVE_ARCH = NO;
				OTHER_CPLUSPLUSFLAGS = "   '-std=gnu++17' ";
				OTHER_LIBTOOLFLAGS = "";
				OTHER_REZFLAGS = "";
				PRODUCT_NAME = ccycles;
				RUN_CLANG_STATIC_ANALYZER = NO;
				SECTORDER_FLAGS = "";
				USE_HEADERMAP = NO;
				WARNING_CFLAGS = "$(inherited)";
			};
			name = Debug;
		};
		4344F8FF057D4EF7954C5F16 /* RelWithDebInfo */ = {
			isa = XCBuildConfiguration;
			buildSettings = {
				ARCHS = arm64;
				SDKROOT = /Applications/Xcode.app/Contents/Developer/Platforms/MacOSX.platform/Developer/SDKs/MacOSX13.1.sdk;
				SYMROOT = "/Users/nathan/dev/mcneel/rhino8/src4/rhino4/Plug-ins/RDK/cycles/ccycles/build/build";
			};
			name = RelWithDebInfo;
		};
		47AF0B335DA14E85B06B3504 /* Debug */ = {
			isa = XCBuildConfiguration;
			buildSettings = {
				ARCHS = arm64;
				COMBINE_HIDPI_IMAGES = NO;
				GCC_GENERATE_DEBUGGING_SYMBOLS = YES;
				GCC_INLINES_ARE_PRIVATE_EXTERN = NO;
				GCC_OPTIMIZATION_LEVEL = 0;
				GCC_PREPROCESSOR_DEFINITIONS = "$(inherited)";
				GCC_SYMBOLS_PRIVATE_EXTERN = NO;
				INSTALL_PATH = "";
				ONLY_ACTIVE_ARCH = NO;
				OTHER_LDFLAGS = " $(inherited)";
				OTHER_REZFLAGS = "";
				PRODUCT_NAME = ZERO_CHECK;
				SECTORDER_FLAGS = "";
				USE_HEADERMAP = NO;
				WARNING_CFLAGS = "$(inherited)";
			};
			name = Debug;
		};
		4DFCA35B6D944D4F875AC631 /* Release */ = {
			isa = XCBuildConfiguration;
			buildSettings = {
				ARCHS = arm64;
				COMBINE_HIDPI_IMAGES = NO;
				GCC_GENERATE_DEBUGGING_SYMBOLS = YES;
				GCC_INLINES_ARE_PRIVATE_EXTERN = NO;
				GCC_OPTIMIZATION_LEVEL = 0;
				GCC_PREPROCESSOR_DEFINITIONS = "$(inherited)";
				GCC_SYMBOLS_PRIVATE_EXTERN = NO;
				INSTALL_PATH = "";
				ONLY_ACTIVE_ARCH = NO;
				OTHER_LDFLAGS = " $(inherited)";
				OTHER_REZFLAGS = "";
				PRODUCT_NAME = ALL_BUILD;
				SECTORDER_FLAGS = "";
				USE_HEADERMAP = NO;
				WARNING_CFLAGS = "$(inherited)";
			};
			name = Release;
		};
		4F6124AA4F224D7F928777E8 /* RelWithDebInfo */ = {
			isa = XCBuildConfiguration;
			buildSettings = {
				ARCHS = arm64;
				COMBINE_HIDPI_IMAGES = NO;
				GCC_GENERATE_DEBUGGING_SYMBOLS = YES;
				GCC_INLINES_ARE_PRIVATE_EXTERN = NO;
				GCC_OPTIMIZATION_LEVEL = 0;
				GCC_PREPROCESSOR_DEFINITIONS = "$(inherited)";
				GCC_SYMBOLS_PRIVATE_EXTERN = NO;
				INSTALL_PATH = "";
				ONLY_ACTIVE_ARCH = NO;
				OTHER_LDFLAGS = " $(inherited)";
				OTHER_REZFLAGS = "";
				PRODUCT_NAME = ALL_BUILD;
				SECTORDER_FLAGS = "";
				USE_HEADERMAP = NO;
				WARNING_CFLAGS = "$(inherited)";
			};
			name = RelWithDebInfo;
		};
		5E71B329FC944C7D93A7FF0F /* Release */ = {
			isa = XCBuildConfiguration;
			buildSettings = {
				ARCHS = "$(ARCHS_STANDARD)";
				CLANG_STATIC_ANALYZER_MODE = shallow;
				COMBINE_HIDPI_IMAGES = NO;
				CONFIGURATION_BUILD_DIR = "/Users/nathan/dev/mcneel/rhino8/src4/rhino4/Plug-ins/RDK/cycles/ccycles/build/Release";
				EXECUTABLE_PREFIX = lib;
				EXECUTABLE_SUFFIX = .dylib;
				GCC_GENERATE_DEBUGGING_SYMBOLS = NO;
				GCC_INLINES_ARE_PRIVATE_EXTERN = NO;
				GCC_OPTIMIZATION_LEVEL = 3;
				GCC_PREPROCESSOR_DEFINITIONS = (
					"CCL_NAMESPACE_BEGIN=\"namespace ccl {\"",
					"CCL_NAMESPACE_END=}",
					"$(inherited)",
				);
				GCC_SYMBOLS_PRIVATE_EXTERN = NO;
				HEADER_SEARCH_PATHS = (
					"/Users/nathan/dev/mcneel/rhino8/src4/rhino4/Plug-ins/RDK/cycles/ccycles/../cycles/src",
					"/Users/nathan/dev/mcneel/rhino8/src4/rhino4/Plug-ins/RDK/cycles/ccycles/../cycles/third_party/atomic",
					"/Users/nathan/dev/mcneel/rhino8/src4/rhino4/Plug-ins/RDK/cycles/ccycles/../../../../../../big_libs/OpenImageIO-2.2.19/include",
					"/Users/nathan/dev/mcneel/rhino8/src4/rhino4/Plug-ins/RDK/cycles/ccycles/../../../../../../big_libs/OpenEXR-2.5.5/include",
					"/Users/nathan/dev/mcneel/rhino8/src4/rhino4/Plug-ins/RDK/cycles/ccycles/../../../../../../big_libs/tbb/include",
					"$(inherited)",
				);
				INSTALL_PATH = "";
				ONLY_ACTIVE_ARCH = NO;
				OTHER_CPLUSPLUSFLAGS = (
					"-DNDEBUG",
					"'-std=gnu++17'",
				);
				OTHER_LIBTOOLFLAGS = "";
				OTHER_REZFLAGS = "";
				PRODUCT_NAME = ccycles;
				RUN_CLANG_STATIC_ANALYZER = NO;
				SECTORDER_FLAGS = "";
				USE_HEADERMAP = NO;
				WARNING_CFLAGS = "$(inherited)";
			};
			name = Release;
		};
		669759C17F464FB48C63BDAA /* RelWithDebInfo */ = {
			isa = XCBuildConfiguration;
			buildSettings = {
				ARCHS = "$(ARCHS_STANDARD)";
				CLANG_STATIC_ANALYZER_MODE = shallow;
				COMBINE_HIDPI_IMAGES = NO;
				CONFIGURATION_BUILD_DIR = "/Users/nathan/dev/mcneel/rhino8/src4/rhino4/Plug-ins/RDK/cycles/ccycles/build/RelWithDebInfo";
				EXECUTABLE_PREFIX = lib;
				EXECUTABLE_SUFFIX = .dylib;
				GCC_GENERATE_DEBUGGING_SYMBOLS = YES;
				GCC_INLINES_ARE_PRIVATE_EXTERN = NO;
				GCC_OPTIMIZATION_LEVEL = 2;
				GCC_PREPROCESSOR_DEFINITIONS = (
					"CCL_NAMESPACE_BEGIN=\"namespace ccl {\"",
					"CCL_NAMESPACE_END=}",
					"$(inherited)",
				);
				GCC_SYMBOLS_PRIVATE_EXTERN = NO;
				HEADER_SEARCH_PATHS = (
					"/Users/nathan/dev/mcneel/rhino8/src4/rhino4/Plug-ins/RDK/cycles/ccycles/../cycles/src",
					"/Users/nathan/dev/mcneel/rhino8/src4/rhino4/Plug-ins/RDK/cycles/ccycles/../cycles/third_party/atomic",
					"/Users/nathan/dev/mcneel/rhino8/src4/rhino4/Plug-ins/RDK/cycles/ccycles/../../../../../../big_libs/OpenImageIO-2.2.19/include",
					"/Users/nathan/dev/mcneel/rhino8/src4/rhino4/Plug-ins/RDK/cycles/ccycles/../../../../../../big_libs/OpenEXR-2.5.5/include",
					"/Users/nathan/dev/mcneel/rhino8/src4/rhino4/Plug-ins/RDK/cycles/ccycles/../../../../../../big_libs/tbb/include",
					"$(inherited)",
				);
				INSTALL_PATH = "";
				ONLY_ACTIVE_ARCH = NO;
				OTHER_CPLUSPLUSFLAGS = (
					"-DNDEBUG",
					"'-std=gnu++17'",
				);
				OTHER_LIBTOOLFLAGS = "";
				OTHER_REZFLAGS = "";
				PRODUCT_NAME = ccycles;
				RUN_CLANG_STATIC_ANALYZER = NO;
				SECTORDER_FLAGS = "";
				USE_HEADERMAP = NO;
				WARNING_CFLAGS = "$(inherited)";
			};
			name = RelWithDebInfo;
		};
		858FDEE25EDE4924BED97BA1 /* MinSizeRel */ = {
			isa = XCBuildConfiguration;
			buildSettings = {
				ARCHS = arm64;
				COMBINE_HIDPI_IMAGES = NO;
				GCC_GENERATE_DEBUGGING_SYMBOLS = YES;
				GCC_INLINES_ARE_PRIVATE_EXTERN = NO;
				GCC_OPTIMIZATION_LEVEL = 0;
				GCC_PREPROCESSOR_DEFINITIONS = "$(inherited)";
				GCC_SYMBOLS_PRIVATE_EXTERN = NO;
				INSTALL_PATH = "";
				ONLY_ACTIVE_ARCH = NO;
				OTHER_LDFLAGS = " $(inherited)";
				OTHER_REZFLAGS = "";
				PRODUCT_NAME = ALL_BUILD;
				SECTORDER_FLAGS = "";
				USE_HEADERMAP = NO;
				WARNING_CFLAGS = "$(inherited)";
			};
			name = MinSizeRel;
		};
		8AAA562C20A44790A301253B /* MinSizeRel */ = {
			isa = XCBuildConfiguration;
			buildSettings = {
				ARCHS = arm64;
				SDKROOT = /Applications/Xcode.app/Contents/Developer/Platforms/MacOSX.platform/Developer/SDKs/MacOSX13.1.sdk;
				SYMROOT = "/Users/nathan/dev/mcneel/rhino8/src4/rhino4/Plug-ins/RDK/cycles/ccycles/build/build";
			};
			name = MinSizeRel;
		};
		A56BAFE33668487B9B47711D /* RelWithDebInfo */ = {
			isa = XCBuildConfiguration;
			buildSettings = {
				ARCHS = arm64;
				COMBINE_HIDPI_IMAGES = NO;
				GCC_GENERATE_DEBUGGING_SYMBOLS = YES;
				GCC_INLINES_ARE_PRIVATE_EXTERN = NO;
				GCC_OPTIMIZATION_LEVEL = 0;
				GCC_PREPROCESSOR_DEFINITIONS = "$(inherited)";
				GCC_SYMBOLS_PRIVATE_EXTERN = NO;
				INSTALL_PATH = "";
				ONLY_ACTIVE_ARCH = NO;
				OTHER_LDFLAGS = " $(inherited)";
				OTHER_REZFLAGS = "";
				PRODUCT_NAME = ZERO_CHECK;
				SECTORDER_FLAGS = "";
				USE_HEADERMAP = NO;
				WARNING_CFLAGS = "$(inherited)";
			};
			name = RelWithDebInfo;
		};
		CC79FA2B36774E619DBA1FD9 /* Release */ = {
			isa = XCBuildConfiguration;
			buildSettings = {
				ARCHS = arm64;
				SDKROOT = /Applications/Xcode.app/Contents/Developer/Platforms/MacOSX.platform/Developer/SDKs/MacOSX13.1.sdk;
				SYMROOT = "/Users/nathan/dev/mcneel/rhino8/src4/rhino4/Plug-ins/RDK/cycles/ccycles/build/build";
			};
			name = Release;
		};
		DBDCBF9E8C644479BEA60D86 /* MinSizeRel */ = {
			isa = XCBuildConfiguration;
			buildSettings = {
				ARCHS = "$(ARCHS_STANDARD)";
				CLANG_STATIC_ANALYZER_MODE = shallow;
				COMBINE_HIDPI_IMAGES = NO;
				CONFIGURATION_BUILD_DIR = "/Users/nathan/dev/mcneel/rhino8/src4/rhino4/Plug-ins/RDK/cycles/ccycles/build/MinSizeRel";
				EXECUTABLE_PREFIX = lib;
				EXECUTABLE_SUFFIX = .dylib;
				GCC_GENERATE_DEBUGGING_SYMBOLS = NO;
				GCC_INLINES_ARE_PRIVATE_EXTERN = NO;
				GCC_OPTIMIZATION_LEVEL = s;
				GCC_PREPROCESSOR_DEFINITIONS = (
					"CCL_NAMESPACE_BEGIN=\"namespace ccl {\"",
					"CCL_NAMESPACE_END=}",
					"$(inherited)",
				);
				GCC_SYMBOLS_PRIVATE_EXTERN = NO;
				HEADER_SEARCH_PATHS = (
					"/Users/nathan/dev/mcneel/rhino8/src4/rhino4/Plug-ins/RDK/cycles/ccycles/../cycles/src",
					"/Users/nathan/dev/mcneel/rhino8/src4/rhino4/Plug-ins/RDK/cycles/ccycles/../cycles/third_party/atomic",
					"/Users/nathan/dev/mcneel/rhino8/src4/rhino4/Plug-ins/RDK/cycles/ccycles/../../../../../../big_libs/OpenImageIO-2.2.19/include",
					"/Users/nathan/dev/mcneel/rhino8/src4/rhino4/Plug-ins/RDK/cycles/ccycles/../../../../../../big_libs/OpenEXR-2.5.5/include",
					"/Users/nathan/dev/mcneel/rhino8/src4/rhino4/Plug-ins/RDK/cycles/ccycles/../../../../../../big_libs/tbb/include",
					"$(inherited)",
				);
				INSTALL_PATH = "";
				ONLY_ACTIVE_ARCH = NO;
				OTHER_CPLUSPLUSFLAGS = (
					"-DNDEBUG",
					"'-std=gnu++17'",
				);
				OTHER_LIBTOOLFLAGS = "";
				OTHER_REZFLAGS = "";
				PRODUCT_NAME = ccycles;
				RUN_CLANG_STATIC_ANALYZER = NO;
				SECTORDER_FLAGS = "";
				USE_HEADERMAP = NO;
				WARNING_CFLAGS = "$(inherited)";
			};
			name = MinSizeRel;
		};
		DEA6E4C92B5A42EDB240006D /* Debug */ = {
			isa = XCBuildConfiguration;
			buildSettings = {
				ARCHS = arm64;
				SDKROOT = /Applications/Xcode.app/Contents/Developer/Platforms/MacOSX.platform/Developer/SDKs/MacOSX13.1.sdk;
				SYMROOT = "/Users/nathan/dev/mcneel/rhino8/src4/rhino4/Plug-ins/RDK/cycles/ccycles/build/build";
			};
			name = Debug;
		};
		FABE80B9F3ED4820BCC49692 /* Release */ = {
			isa = XCBuildConfiguration;
			buildSettings = {
				ARCHS = arm64;
				COMBINE_HIDPI_IMAGES = NO;
				GCC_GENERATE_DEBUGGING_SYMBOLS = YES;
				GCC_INLINES_ARE_PRIVATE_EXTERN = NO;
				GCC_OPTIMIZATION_LEVEL = 0;
				GCC_PREPROCESSOR_DEFINITIONS = "$(inherited)";
				GCC_SYMBOLS_PRIVATE_EXTERN = NO;
				INSTALL_PATH = "";
				ONLY_ACTIVE_ARCH = NO;
				OTHER_LDFLAGS = " $(inherited)";
				OTHER_REZFLAGS = "";
				PRODUCT_NAME = ZERO_CHECK;
				SECTORDER_FLAGS = "";
				USE_HEADERMAP = NO;
				WARNING_CFLAGS = "$(inherited)";
			};
			name = Release;
		};
/* End XCBuildConfiguration section */

/* Begin XCConfigurationList section */
		4FC8ACF06164495CACEF8821 /* Build configuration list for PBXProject "ccycles" */ = {
			isa = XCConfigurationList;
			buildConfigurations = (
				DEA6E4C92B5A42EDB240006D /* Debug */,
				CC79FA2B36774E619DBA1FD9 /* Release */,
				8AAA562C20A44790A301253B /* MinSizeRel */,
				4344F8FF057D4EF7954C5F16 /* RelWithDebInfo */,
			);
			defaultConfigurationIsVisible = 0;
			defaultConfigurationName = Debug;
		};
		9C99B7958BAD4035BB90BD47 /* Build configuration list for PBXAggregateTarget "ZERO_CHECK" */ = {
			isa = XCConfigurationList;
			buildConfigurations = (
				47AF0B335DA14E85B06B3504 /* Debug */,
				FABE80B9F3ED4820BCC49692 /* Release */,
				05371FEC5D114B3FBD0C4A79 /* MinSizeRel */,
				A56BAFE33668487B9B47711D /* RelWithDebInfo */,
			);
			defaultConfigurationIsVisible = 0;
			defaultConfigurationName = Debug;
		};
		9CA12736AFC64D9A9F99B77D /* Build configuration list for PBXNativeTarget "ccycles" */ = {
			isa = XCConfigurationList;
			buildConfigurations = (
				33D2D97DF35B411A83AB0F3F /* Debug */,
				5E71B329FC944C7D93A7FF0F /* Release */,
				DBDCBF9E8C644479BEA60D86 /* MinSizeRel */,
				669759C17F464FB48C63BDAA /* RelWithDebInfo */,
			);
			defaultConfigurationIsVisible = 0;
			defaultConfigurationName = Debug;
		};
		DDB8985444C74392BBA2DB5A /* Build configuration list for PBXAggregateTarget "ALL_BUILD" */ = {
			isa = XCConfigurationList;
			buildConfigurations = (
				2CCAB666B5FF4C70B1EA8A21 /* Debug */,
				4DFCA35B6D944D4F875AC631 /* Release */,
				858FDEE25EDE4924BED97BA1 /* MinSizeRel */,
				4F6124AA4F224D7F928777E8 /* RelWithDebInfo */,
			);
			defaultConfigurationIsVisible = 0;
			defaultConfigurationName = Debug;
		};
/* End XCConfigurationList section */
	};
	rootObject = 69B3533FF7254FBC994F3743 /* Project object */;
}
