// !$*UTF8*$!
{
	archiveVersion = 1;
	classes = {
	};
	objectVersion = 46;
	objects = {

/* Begin PBXBuildFile section */
		A100C8101FB5D63D00BC046C /* libcycles_proper.a in Frameworks */ = {isa = PBXBuildFile; fileRef = A100C8111FB5D63D00BC046C /* libcycles_proper.a */; };
		A100CA5B1FB5F8B300BC046C /* libOpenImageIO.dylib in Frameworks */ = {isa = PBXBuildFile; fileRef = A100CA5C1FB5F8B300BC046C /* libOpenImageIO.dylib */; };
		A100CA751FB601F700BC046C /* libcyclesglew.a in Frameworks */ = {isa = PBXBuildFile; fileRef = A100CA761FB601F700BC046C /* libcyclesglew.a */; };
		A11D68271FB596FC00409EB3 /* libHalf.a in Frameworks */ = {isa = PBXBuildFile; fileRef = A11D68281FB596FC00409EB3 /* libHalf.a */; };
		A11D68291FB5970000409EB3 /* libclew.a in Frameworks */ = {isa = PBXBuildFile; fileRef = A11D682A1FB5970000409EB3 /* libclew.a */; };
		A11D682B1FB5970500409EB3 /* libcuew.a in Frameworks */ = {isa = PBXBuildFile; fileRef = A11D682C1FB5970500409EB3 /* libcuew.a */; };
		A11D682E1FB5972100409EB3 /* libboost_system-mt.dylib in Frameworks */ = {isa = PBXBuildFile; fileRef = A11D682D1FB5972100409EB3 /* libboost_system-mt.dylib */; };
		A11D68301FB5973200409EB3 /* libboost_thread-mt.dylib in Frameworks */ = {isa = PBXBuildFile; fileRef = A11D682F1FB5973100409EB3 /* libboost_thread-mt.dylib */; };
		A11D68891FB59ACF00409EB3 /* scene.cpp in Sources */ = {isa = PBXBuildFile; fileRef = A11D68701FB59ACA00409EB3 /* scene.cpp */; };
		A11D688A1FB59ACF00409EB3 /* transform.cpp in Sources */ = {isa = PBXBuildFile; fileRef = A11D68711FB59ACB00409EB3 /* transform.cpp */; };
		A11D688B1FB59ACF00409EB3 /* session_parameters.cpp in Sources */ = {isa = PBXBuildFile; fileRef = A11D68721FB59ACB00409EB3 /* session_parameters.cpp */; };
		A11D688C1FB59ACF00409EB3 /* object.cpp in Sources */ = {isa = PBXBuildFile; fileRef = A11D68731FB59ACB00409EB3 /* object.cpp */; };
		A11D688D1FB59ACF00409EB3 /* fshader.h in Headers */ = {isa = PBXBuildFile; fileRef = A11D68761FB59ACB00409EB3 /* fshader.h */; };
		A11D688E1FB59ACF00409EB3 /* scene_parameters.cpp in Sources */ = {isa = PBXBuildFile; fileRef = A11D68781FB59ACB00409EB3 /* scene_parameters.cpp */; };
		A11D688F1FB59ACF00409EB3 /* light.cpp in Sources */ = {isa = PBXBuildFile; fileRef = A11D68791FB59ACC00409EB3 /* light.cpp */; };
		A11D68901FB59ACF00409EB3 /* ccycles.cpp in Sources */ = {isa = PBXBuildFile; fileRef = A11D687A1FB59ACC00409EB3 /* ccycles.cpp */; };
		A11D68911FB59ACF00409EB3 /* ccycles.h in Headers */ = {isa = PBXBuildFile; fileRef = A11D687B1FB59ACC00409EB3 /* ccycles.h */; };
		A11D68921FB59ACF00409EB3 /* mesh.cpp in Sources */ = {isa = PBXBuildFile; fileRef = A11D687C1FB59ACC00409EB3 /* mesh.cpp */; };
		A11D68931FB59ACF00409EB3 /* integrator.cpp in Sources */ = {isa = PBXBuildFile; fileRef = A11D687D1FB59ACC00409EB3 /* integrator.cpp */; };
		A11D68941FB59ACF00409EB3 /* session.cpp in Sources */ = {isa = PBXBuildFile; fileRef = A11D687E1FB59ACC00409EB3 /* session.cpp */; };
		A11D68951FB59ACF00409EB3 /* film.cpp in Sources */ = {isa = PBXBuildFile; fileRef = A11D687F1FB59ACC00409EB3 /* film.cpp */; };
		A11D68961FB59ACF00409EB3 /* camera.cpp in Sources */ = {isa = PBXBuildFile; fileRef = A11D68811FB59ACD00409EB3 /* camera.cpp */; };
		A11D68971FB59ACF00409EB3 /* device.cpp in Sources */ = {isa = PBXBuildFile; fileRef = A11D68821FB59ACD00409EB3 /* device.cpp */; };
		A11D68981FB59ACF00409EB3 /* shader.cpp in Sources */ = {isa = PBXBuildFile; fileRef = A11D68831FB59ACD00409EB3 /* shader.cpp */; };
		A11D68991FB59ACF00409EB3 /* version.h in Headers */ = {isa = PBXBuildFile; fileRef = A11D68841FB59ACD00409EB3 /* version.h */; };
		A11D689A1FB59ACF00409EB3 /* vshader.h in Headers */ = {isa = PBXBuildFile; fileRef = A11D68851FB59ACD00409EB3 /* vshader.h */; };
		A11D689B1FB59ACF00409EB3 /* background.cpp in Sources */ = {isa = PBXBuildFile; fileRef = A11D68861FB59ACD00409EB3 /* background.cpp */; };
		A11D689C1FB59ACF00409EB3 /* internal_types.h in Headers */ = {isa = PBXBuildFile; fileRef = A11D68871FB59ACD00409EB3 /* internal_types.h */; };
		D81624C122A51149009F428E /* mikktspace.h in Headers */ = {isa = PBXBuildFile; fileRef = D81624BF22A51149009F428E /* mikktspace.h */; };
		D81624C222A51149009F428E /* mikktspace.c in Sources */ = {isa = PBXBuildFile; fileRef = D81624C022A51149009F428E /* mikktspace.c */; };
/* End PBXBuildFile section */

/* Begin PBXContainerItemProxy section */
		D86DF16320A81EE700444230 /* PBXContainerItemProxy */ = {
			isa = PBXContainerItemProxy;
			containerPortal = D86DF15920A81CF800444230 /* MacDotNet.xcodeproj */;
			proxyType = 1;
			remoteGlobalIDString = DFAC1D871BCEE62900711C6C;
			remoteInfo = MacDotNet;
		};
		D86DF16B20A81F1200444230 /* PBXContainerItemProxy */ = {
			isa = PBXContainerItemProxy;
			containerPortal = D86DF16720A81F1200444230 /* cycles_proper.xcodeproj */;
			proxyType = 2;
			remoteGlobalIDString = A11D68041FB5936400409EB3;
			remoteInfo = cycles_proper;
		};
		D86DF16D20A81F1C00444230 /* PBXContainerItemProxy */ = {
			isa = PBXContainerItemProxy;
			containerPortal = D86DF16720A81F1200444230 /* cycles_proper.xcodeproj */;
			proxyType = 1;
			remoteGlobalIDString = A11D68031FB5936400409EB3;
			remoteInfo = cycles_proper;
		};
		D86DF17320A81F3900444230 /* PBXContainerItemProxy */ = {
			isa = PBXContainerItemProxy;
			containerPortal = D86DF16F20A81F3900444230 /* cyclesglew.xcodeproj */;
			proxyType = 2;
			remoteGlobalIDString = A100CA661FB600FD00BC046C;
			remoteInfo = cyclesglew;
		};
		D86DF17520A81F3E00444230 /* PBXContainerItemProxy */ = {
			isa = PBXContainerItemProxy;
			containerPortal = D86DF16F20A81F3900444230 /* cyclesglew.xcodeproj */;
			proxyType = 1;
			remoteGlobalIDString = A100CA651FB600FD00BC046C;
			remoteInfo = cyclesglew;
		};
		D86DF17B20A81F4F00444230 /* PBXContainerItemProxy */ = {
			isa = PBXContainerItemProxy;
			containerPortal = D86DF17720A81F4F00444230 /* cuew.xcodeproj */;
			proxyType = 2;
			remoteGlobalIDString = A11D67631FB4AFA700409EB3;
			remoteInfo = cuew;
		};
		D86DF18120A81F5500444230 /* PBXContainerItemProxy */ = {
			isa = PBXContainerItemProxy;
			containerPortal = D86DF17D20A81F5500444230 /* clew.xcodeproj */;
			proxyType = 2;
			remoteGlobalIDString = A11D672B1FB49CD900409EB3;
			remoteInfo = clew;
		};
		D86DF18720A81F7700444230 /* PBXContainerItemProxy */ = {
			isa = PBXContainerItemProxy;
			containerPortal = D86DF18320A81F7600444230 /* OpenImageIO.xcodeproj */;
			proxyType = 2;
			remoteGlobalIDString = A11D67AF1FB5054D00409EB3;
			remoteInfo = OpenImageIO;
		};
		D86DF18920A81F8100444230 /* PBXContainerItemProxy */ = {
			isa = PBXContainerItemProxy;
			containerPortal = D86DF18320A81F7600444230 /* OpenImageIO.xcodeproj */;
			proxyType = 1;
			remoteGlobalIDString = A11D67AE1FB5054D00409EB3;
			remoteInfo = OpenImageIO;
		};
		D86DF18B20A81F8500444230 /* PBXContainerItemProxy */ = {
			isa = PBXContainerItemProxy;
			containerPortal = D86DF17D20A81F5500444230 /* clew.xcodeproj */;
			proxyType = 1;
			remoteGlobalIDString = A11D672A1FB49CD900409EB3;
			remoteInfo = clew;
		};
		D86DF18D20A81F8A00444230 /* PBXContainerItemProxy */ = {
			isa = PBXContainerItemProxy;
			containerPortal = D86DF17720A81F4F00444230 /* cuew.xcodeproj */;
			proxyType = 1;
			remoteGlobalIDString = A11D67621FB4AFA700409EB3;
			remoteInfo = cuew;
		};
/* End PBXContainerItemProxy section */

/* Begin PBXFileReference section */
		A100C8111FB5D63D00BC046C /* libcycles_proper.a */ = {isa = PBXFileReference; explicitFileType = archive.ar; path = libcycles_proper.a; sourceTree = BUILT_PRODUCTS_DIR; };
		A100CA5C1FB5F8B300BC046C /* libOpenImageIO.dylib */ = {isa = PBXFileReference; explicitFileType = "compiled.mach-o.dylib"; path = libOpenImageIO.dylib; sourceTree = BUILT_PRODUCTS_DIR; };
		A100CA761FB601F700BC046C /* libcyclesglew.a */ = {isa = PBXFileReference; explicitFileType = archive.ar; path = libcyclesglew.a; sourceTree = BUILT_PRODUCTS_DIR; };
		A11D681B1FB596D800409EB3 /* libccycles.dylib */ = {isa = PBXFileReference; explicitFileType = "compiled.mach-o.dylib"; includeInIndex = 0; path = libccycles.dylib; sourceTree = BUILT_PRODUCTS_DIR; };
		A11D68241FB596E400409EB3 /* libcycles_proper.a */ = {isa = PBXFileReference; explicitFileType = archive.ar; path = libcycles_proper.a; sourceTree = BUILT_PRODUCTS_DIR; };
		A11D68281FB596FC00409EB3 /* libHalf.a */ = {isa = PBXFileReference; explicitFileType = archive.ar; path = libHalf.a; sourceTree = BUILT_PRODUCTS_DIR; };
		A11D682A1FB5970000409EB3 /* libclew.a */ = {isa = PBXFileReference; explicitFileType = archive.ar; path = libclew.a; sourceTree = BUILT_PRODUCTS_DIR; };
		A11D682C1FB5970500409EB3 /* libcuew.a */ = {isa = PBXFileReference; explicitFileType = archive.ar; path = libcuew.a; sourceTree = BUILT_PRODUCTS_DIR; };
		A11D682D1FB5972100409EB3 /* libboost_system-mt.dylib */ = {isa = PBXFileReference; lastKnownFileType = "compiled.mach-o.dylib"; name = "libboost_system-mt.dylib"; path = "../../../../../../../big_libs/boost/stagerelease/lib/libboost_system-mt.dylib"; sourceTree = "<group>"; };
		A11D682F1FB5973100409EB3 /* libboost_thread-mt.dylib */ = {isa = PBXFileReference; lastKnownFileType = "compiled.mach-o.dylib"; name = "libboost_thread-mt.dylib"; path = "../../../../../../../big_libs/boost/stagerelease/lib/libboost_thread-mt.dylib"; sourceTree = "<group>"; };
		A11D68701FB59ACA00409EB3 /* scene.cpp */ = {isa = PBXFileReference; fileEncoding = 4; lastKnownFileType = sourcecode.cpp.cpp; name = scene.cpp; path = ../../ccycles/scene.cpp; sourceTree = "<group>"; };
		A11D68711FB59ACB00409EB3 /* transform.cpp */ = {isa = PBXFileReference; fileEncoding = 4; lastKnownFileType = sourcecode.cpp.cpp; name = transform.cpp; path = ../../ccycles/transform.cpp; sourceTree = "<group>"; };
		A11D68721FB59ACB00409EB3 /* session_parameters.cpp */ = {isa = PBXFileReference; fileEncoding = 4; lastKnownFileType = sourcecode.cpp.cpp; name = session_parameters.cpp; path = ../../ccycles/session_parameters.cpp; sourceTree = "<group>"; };
		A11D68731FB59ACB00409EB3 /* object.cpp */ = {isa = PBXFileReference; fileEncoding = 4; lastKnownFileType = sourcecode.cpp.cpp; name = object.cpp; path = ../../ccycles/object.cpp; sourceTree = "<group>"; };
		A11D68741FB59ACB00409EB3 /* ccycles.vcxproj.filters */ = {isa = PBXFileReference; fileEncoding = 4; lastKnownFileType = text.xml; name = ccycles.vcxproj.filters; path = ../../ccycles/ccycles.vcxproj.filters; sourceTree = "<group>"; };
		A11D68751FB59ACB00409EB3 /* cycles_api.def */ = {isa = PBXFileReference; fileEncoding = 4; lastKnownFileType = text; name = cycles_api.def; path = ../../ccycles/cycles_api.def; sourceTree = "<group>"; };
		A11D68761FB59ACB00409EB3 /* fshader.h */ = {isa = PBXFileReference; fileEncoding = 4; lastKnownFileType = sourcecode.c.h; name = fshader.h; path = ../../ccycles/fshader.h; sourceTree = "<group>"; };
		A11D68771FB59ACB00409EB3 /* license.txt */ = {isa = PBXFileReference; fileEncoding = 4; lastKnownFileType = text; name = license.txt; path = ../../ccycles/license.txt; sourceTree = "<group>"; };
		A11D68781FB59ACB00409EB3 /* scene_parameters.cpp */ = {isa = PBXFileReference; fileEncoding = 4; lastKnownFileType = sourcecode.cpp.cpp; name = scene_parameters.cpp; path = ../../ccycles/scene_parameters.cpp; sourceTree = "<group>"; };
		A11D68791FB59ACC00409EB3 /* light.cpp */ = {isa = PBXFileReference; fileEncoding = 4; lastKnownFileType = sourcecode.cpp.cpp; name = light.cpp; path = ../../ccycles/light.cpp; sourceTree = "<group>"; };
		A11D687A1FB59ACC00409EB3 /* ccycles.cpp */ = {isa = PBXFileReference; fileEncoding = 4; lastKnownFileType = sourcecode.cpp.cpp; name = ccycles.cpp; path = ../../ccycles/ccycles.cpp; sourceTree = "<group>"; };
		A11D687B1FB59ACC00409EB3 /* ccycles.h */ = {isa = PBXFileReference; fileEncoding = 4; lastKnownFileType = sourcecode.c.h; name = ccycles.h; path = ../../ccycles/ccycles.h; sourceTree = "<group>"; };
		A11D687C1FB59ACC00409EB3 /* mesh.cpp */ = {isa = PBXFileReference; fileEncoding = 4; lastKnownFileType = sourcecode.cpp.cpp; name = mesh.cpp; path = ../../ccycles/mesh.cpp; sourceTree = "<group>"; };
		A11D687D1FB59ACC00409EB3 /* integrator.cpp */ = {isa = PBXFileReference; fileEncoding = 4; lastKnownFileType = sourcecode.cpp.cpp; name = integrator.cpp; path = ../../ccycles/integrator.cpp; sourceTree = "<group>"; };
		A11D687E1FB59ACC00409EB3 /* session.cpp */ = {isa = PBXFileReference; fileEncoding = 4; lastKnownFileType = sourcecode.cpp.cpp; name = session.cpp; path = ../../ccycles/session.cpp; sourceTree = "<group>"; };
		A11D687F1FB59ACC00409EB3 /* film.cpp */ = {isa = PBXFileReference; fileEncoding = 4; lastKnownFileType = sourcecode.cpp.cpp; name = film.cpp; path = ../../ccycles/film.cpp; sourceTree = "<group>"; };
		A11D68801FB59ACC00409EB3 /* ccycles.vcxproj */ = {isa = PBXFileReference; fileEncoding = 4; lastKnownFileType = text.xml; name = ccycles.vcxproj; path = ../../ccycles/ccycles.vcxproj; sourceTree = "<group>"; };
		A11D68811FB59ACD00409EB3 /* camera.cpp */ = {isa = PBXFileReference; fileEncoding = 4; lastKnownFileType = sourcecode.cpp.cpp; name = camera.cpp; path = ../../ccycles/camera.cpp; sourceTree = "<group>"; };
		A11D68821FB59ACD00409EB3 /* device.cpp */ = {isa = PBXFileReference; fileEncoding = 4; lastKnownFileType = sourcecode.cpp.cpp; name = device.cpp; path = ../../ccycles/device.cpp; sourceTree = "<group>"; };
		A11D68831FB59ACD00409EB3 /* shader.cpp */ = {isa = PBXFileReference; fileEncoding = 4; lastKnownFileType = sourcecode.cpp.cpp; name = shader.cpp; path = ../../ccycles/shader.cpp; sourceTree = "<group>"; };
		A11D68841FB59ACD00409EB3 /* version.h */ = {isa = PBXFileReference; fileEncoding = 4; lastKnownFileType = sourcecode.c.h; name = version.h; path = ../../ccycles/version.h; sourceTree = "<group>"; };
		A11D68851FB59ACD00409EB3 /* vshader.h */ = {isa = PBXFileReference; fileEncoding = 4; lastKnownFileType = sourcecode.c.h; name = vshader.h; path = ../../ccycles/vshader.h; sourceTree = "<group>"; };
		A11D68861FB59ACD00409EB3 /* background.cpp */ = {isa = PBXFileReference; fileEncoding = 4; lastKnownFileType = sourcecode.cpp.cpp; name = background.cpp; path = ../../ccycles/background.cpp; sourceTree = "<group>"; };
		A11D68871FB59ACD00409EB3 /* internal_types.h */ = {isa = PBXFileReference; fileEncoding = 4; lastKnownFileType = sourcecode.c.h; name = internal_types.h; path = ../../ccycles/internal_types.h; sourceTree = "<group>"; };
		A11D68881FB59ACE00409EB3 /* ccycles_version.rc */ = {isa = PBXFileReference; fileEncoding = 4; lastKnownFileType = text; name = ccycles_version.rc; path = ../../ccycles/ccycles_version.rc; sourceTree = "<group>"; };
		D81624BF22A51149009F428E /* mikktspace.h */ = {isa = PBXFileReference; fileEncoding = 4; lastKnownFileType = sourcecode.c.h; name = mikktspace.h; path = ../../ccycles/mikktspace.h; sourceTree = "<group>"; };
		D81624C022A51149009F428E /* mikktspace.c */ = {isa = PBXFileReference; fileEncoding = 4; lastKnownFileType = sourcecode.c.c; name = mikktspace.c; path = ../../ccycles/mikktspace.c; sourceTree = "<group>"; };
		D86DF15920A81CF800444230 /* MacDotNet.xcodeproj */ = {isa = PBXFileReference; lastKnownFileType = "wrapper.pb-project"; name = MacDotNet.xcodeproj; path = ../../../../../../BuildSolutions/MacDotNet.xcodeproj; sourceTree = "<group>"; };
		D86DF16720A81F1200444230 /* cycles_proper.xcodeproj */ = {isa = PBXFileReference; lastKnownFileType = "wrapper.pb-project"; name = cycles_proper.xcodeproj; path = ../cycles_proper/cycles_proper.xcodeproj; sourceTree = "<group>"; };
		D86DF16F20A81F3900444230 /* cyclesglew.xcodeproj */ = {isa = PBXFileReference; lastKnownFileType = "wrapper.pb-project"; name = cyclesglew.xcodeproj; path = ../cyclesglew/cyclesglew.xcodeproj; sourceTree = "<group>"; };
		D86DF17720A81F4F00444230 /* cuew.xcodeproj */ = {isa = PBXFileReference; lastKnownFileType = "wrapper.pb-project"; name = cuew.xcodeproj; path = ../../cuew/cuew/cuew.xcodeproj; sourceTree = "<group>"; };
		D86DF17D20A81F5500444230 /* clew.xcodeproj */ = {isa = PBXFileReference; lastKnownFileType = "wrapper.pb-project"; name = clew.xcodeproj; path = ../../clew/clew.xcodeproj; sourceTree = "<group>"; };
		D86DF18320A81F7600444230 /* OpenImageIO.xcodeproj */ = {isa = PBXFileReference; lastKnownFileType = "wrapper.pb-project"; name = OpenImageIO.xcodeproj; path = ../../OpenImageIO/OpenImageIO/OpenImageIO.xcodeproj; sourceTree = "<group>"; };
		D8F3C9B12331877A00AB35CA /* LibDistribution.xcconfig */ = {isa = PBXFileReference; lastKnownFileType = text.xcconfig; name = LibDistribution.xcconfig; path = ../../../../../../Mac/XCConfig/LibDistribution.xcconfig; sourceTree = "<group>"; };
		D8F3C9B22331877B00AB35CA /* LibRelease.xcconfig */ = {isa = PBXFileReference; lastKnownFileType = text.xcconfig; name = LibRelease.xcconfig; path = ../../../../../../Mac/XCConfig/LibRelease.xcconfig; sourceTree = "<group>"; };
		D8F3C9B32331877B00AB35CA /* LibDebug.xcconfig */ = {isa = PBXFileReference; lastKnownFileType = text.xcconfig; name = LibDebug.xcconfig; path = ../../../../../../Mac/XCConfig/LibDebug.xcconfig; sourceTree = "<group>"; };
/* End PBXFileReference section */

/* Begin PBXFrameworksBuildPhase section */
		A11D68181FB596D800409EB3 /* Frameworks */ = {
			isa = PBXFrameworksBuildPhase;
			buildActionMask = 2147483647;
			files = (
				A100CA751FB601F700BC046C /* libcyclesglew.a in Frameworks */,
				A100CA5B1FB5F8B300BC046C /* libOpenImageIO.dylib in Frameworks */,
				A100C8101FB5D63D00BC046C /* libcycles_proper.a in Frameworks */,
				A11D68301FB5973200409EB3 /* libboost_thread-mt.dylib in Frameworks */,
				A11D682E1FB5972100409EB3 /* libboost_system-mt.dylib in Frameworks */,
				A11D682B1FB5970500409EB3 /* libcuew.a in Frameworks */,
				A11D68291FB5970000409EB3 /* libclew.a in Frameworks */,
				A11D68271FB596FC00409EB3 /* libHalf.a in Frameworks */,
			);
			runOnlyForDeploymentPostprocessing = 0;
		};
/* End PBXFrameworksBuildPhase section */

/* Begin PBXGroup section */
		A11D68121FB596D800409EB3 = {
			isa = PBXGroup;
			children = (
				A11D68861FB59ACD00409EB3 /* background.cpp */,
				A11D68811FB59ACD00409EB3 /* camera.cpp */,
				A11D68881FB59ACE00409EB3 /* ccycles_version.rc */,
				A11D687A1FB59ACC00409EB3 /* ccycles.cpp */,
				A11D687B1FB59ACC00409EB3 /* ccycles.h */,
				A11D68801FB59ACC00409EB3 /* ccycles.vcxproj */,
				A11D68741FB59ACB00409EB3 /* ccycles.vcxproj.filters */,
				A11D68751FB59ACB00409EB3 /* cycles_api.def */,
				A11D68821FB59ACD00409EB3 /* device.cpp */,
				A11D687F1FB59ACC00409EB3 /* film.cpp */,
				A11D68761FB59ACB00409EB3 /* fshader.h */,
				A11D687D1FB59ACC00409EB3 /* integrator.cpp */,
				A11D68871FB59ACD00409EB3 /* internal_types.h */,
				A11D68771FB59ACB00409EB3 /* license.txt */,
				A11D68791FB59ACC00409EB3 /* light.cpp */,
				A11D687C1FB59ACC00409EB3 /* mesh.cpp */,
				D81624C022A51149009F428E /* mikktspace.c */,
				D81624BF22A51149009F428E /* mikktspace.h */,
				A11D68731FB59ACB00409EB3 /* object.cpp */,
				A11D68781FB59ACB00409EB3 /* scene_parameters.cpp */,
				A11D68701FB59ACA00409EB3 /* scene.cpp */,
				A11D68721FB59ACB00409EB3 /* session_parameters.cpp */,
				A11D687E1FB59ACC00409EB3 /* session.cpp */,
				A11D68831FB59ACD00409EB3 /* shader.cpp */,
				A11D68711FB59ACB00409EB3 /* transform.cpp */,
				A11D68841FB59ACD00409EB3 /* version.h */,
				A11D68851FB59ACD00409EB3 /* vshader.h */,
				A11D68221FB596E400409EB3 /* Frameworks */,
				A11D681C1FB596D800409EB3 /* Products */,
				D8F3C9B02331874500AB35CA /* Support */,
			);
			sourceTree = "<group>";
		};
		A11D681C1FB596D800409EB3 /* Products */ = {
			isa = PBXGroup;
			children = (
				A11D681B1FB596D800409EB3 /* libccycles.dylib */,
			);
			name = Products;
			sourceTree = "<group>";
		};
		A11D68221FB596E400409EB3 /* Frameworks */ = {
			isa = PBXGroup;
			children = (
				D86DF18320A81F7600444230 /* OpenImageIO.xcodeproj */,
				D86DF17D20A81F5500444230 /* clew.xcodeproj */,
				D86DF17720A81F4F00444230 /* cuew.xcodeproj */,
				D86DF16F20A81F3900444230 /* cyclesglew.xcodeproj */,
				D86DF16720A81F1200444230 /* cycles_proper.xcodeproj */,
				D86DF15920A81CF800444230 /* MacDotNet.xcodeproj */,
				A100CA761FB601F700BC046C /* libcyclesglew.a */,
				A100CA5C1FB5F8B300BC046C /* libOpenImageIO.dylib */,
				A100C8111FB5D63D00BC046C /* libcycles_proper.a */,
				A11D682F1FB5973100409EB3 /* libboost_thread-mt.dylib */,
				A11D682D1FB5972100409EB3 /* libboost_system-mt.dylib */,
				A11D682C1FB5970500409EB3 /* libcuew.a */,
				A11D682A1FB5970000409EB3 /* libclew.a */,
				A11D68281FB596FC00409EB3 /* libHalf.a */,
				A11D68241FB596E400409EB3 /* libcycles_proper.a */,
			);
			name = Frameworks;
			sourceTree = "<group>";
		};
		D86DF15A20A81CF800444230 /* Products */ = {
			isa = PBXGroup;
			children = (
			);
			name = Products;
			sourceTree = "<group>";
		};
		D86DF16820A81F1200444230 /* Products */ = {
			isa = PBXGroup;
			children = (
				D86DF16C20A81F1200444230 /* libcycles_proper.a */,
			);
			name = Products;
			sourceTree = "<group>";
		};
		D86DF17020A81F3900444230 /* Products */ = {
			isa = PBXGroup;
			children = (
				D86DF17420A81F3900444230 /* libcyclesglew.a */,
			);
			name = Products;
			sourceTree = "<group>";
		};
		D86DF17820A81F4F00444230 /* Products */ = {
			isa = PBXGroup;
			children = (
				D86DF17C20A81F4F00444230 /* libcuew.a */,
			);
			name = Products;
			sourceTree = "<group>";
		};
		D86DF17E20A81F5500444230 /* Products */ = {
			isa = PBXGroup;
			children = (
				D86DF18220A81F5500444230 /* libclew.a */,
			);
			name = Products;
			sourceTree = "<group>";
		};
		D86DF18420A81F7600444230 /* Products */ = {
			isa = PBXGroup;
			children = (
				D86DF18820A81F7700444230 /* libOpenImageIO.dylib */,
			);
			name = Products;
			sourceTree = "<group>";
		};
		D8F3C9B02331874500AB35CA /* Support */ = {
			isa = PBXGroup;
			children = (
				D8F3C9B32331877B00AB35CA /* LibDebug.xcconfig */,
				D8F3C9B12331877A00AB35CA /* LibDistribution.xcconfig */,
				D8F3C9B22331877B00AB35CA /* LibRelease.xcconfig */,
			);
			name = Support;
			sourceTree = "<group>";
		};
/* End PBXGroup section */

/* Begin PBXHeadersBuildPhase section */
		A11D68191FB596D800409EB3 /* Headers */ = {
			isa = PBXHeadersBuildPhase;
			buildActionMask = 2147483647;
			files = (
				D81624C122A51149009F428E /* mikktspace.h in Headers */,
				A11D689A1FB59ACF00409EB3 /* vshader.h in Headers */,
				A11D688D1FB59ACF00409EB3 /* fshader.h in Headers */,
				A11D68991FB59ACF00409EB3 /* version.h in Headers */,
				A11D68911FB59ACF00409EB3 /* ccycles.h in Headers */,
				A11D689C1FB59ACF00409EB3 /* internal_types.h in Headers */,
			);
			runOnlyForDeploymentPostprocessing = 0;
		};
/* End PBXHeadersBuildPhase section */

/* Begin PBXNativeTarget section */
		A11D681A1FB596D800409EB3 /* ccycles */ = {
			isa = PBXNativeTarget;
			buildConfigurationList = A11D681F1FB596D800409EB3 /* Build configuration list for PBXNativeTarget "ccycles" */;
			buildPhases = (
				A11D68171FB596D800409EB3 /* Sources */,
				A11D68181FB596D800409EB3 /* Frameworks */,
				A11D68191FB596D800409EB3 /* Headers */,
			);
			buildRules = (
			);
			dependencies = (
				D86DF18E20A81F8A00444230 /* PBXTargetDependency */,
				D86DF18C20A81F8500444230 /* PBXTargetDependency */,
				D86DF18A20A81F8100444230 /* PBXTargetDependency */,
				D86DF17620A81F3E00444230 /* PBXTargetDependency */,
				D86DF16E20A81F1C00444230 /* PBXTargetDependency */,
				D86DF16420A81EE700444230 /* PBXTargetDependency */,
			);
			name = ccycles;
			productName = ccycles;
			productReference = A11D681B1FB596D800409EB3 /* libccycles.dylib */;
			productType = "com.apple.product-type.library.dynamic";
		};
/* End PBXNativeTarget section */

/* Begin PBXProject section */
		A11D68131FB596D800409EB3 /* Project object */ = {
			isa = PBXProject;
			attributes = {
				LastUpgradeCheck = 1020;
				ORGANIZATIONNAME = "Rober McNeel & Associates";
				TargetAttributes = {
					A11D681A1FB596D800409EB3 = {
						CreatedOnToolsVersion = 9.1;
						ProvisioningStyle = Manual;
					};
				};
			};
			buildConfigurationList = A11D68161FB596D800409EB3 /* Build configuration list for PBXProject "ccycles" */;
			compatibilityVersion = "Xcode 3.2";
			developmentRegion = en;
			hasScannedForEncodings = 0;
			knownRegions = (
				en,
				Base,
			);
			mainGroup = A11D68121FB596D800409EB3;
			productRefGroup = A11D681C1FB596D800409EB3 /* Products */;
			projectDirPath = "";
			projectReferences = (
				{
					ProductGroup = D86DF17E20A81F5500444230 /* Products */;
					ProjectRef = D86DF17D20A81F5500444230 /* clew.xcodeproj */;
				},
				{
					ProductGroup = D86DF17820A81F4F00444230 /* Products */;
					ProjectRef = D86DF17720A81F4F00444230 /* cuew.xcodeproj */;
				},
				{
					ProductGroup = D86DF16820A81F1200444230 /* Products */;
					ProjectRef = D86DF16720A81F1200444230 /* cycles_proper.xcodeproj */;
				},
				{
					ProductGroup = D86DF17020A81F3900444230 /* Products */;
					ProjectRef = D86DF16F20A81F3900444230 /* cyclesglew.xcodeproj */;
				},
				{
					ProductGroup = D86DF15A20A81CF800444230 /* Products */;
					ProjectRef = D86DF15920A81CF800444230 /* MacDotNet.xcodeproj */;
				},
				{
					ProductGroup = D86DF18420A81F7600444230 /* Products */;
					ProjectRef = D86DF18320A81F7600444230 /* OpenImageIO.xcodeproj */;
				},
			);
			projectRoot = "";
			targets = (
				A11D681A1FB596D800409EB3 /* ccycles */,
			);
		};
/* End PBXProject section */

/* Begin PBXReferenceProxy section */
		D86DF16C20A81F1200444230 /* libcycles_proper.a */ = {
			isa = PBXReferenceProxy;
			fileType = archive.ar;
			path = libcycles_proper.a;
			remoteRef = D86DF16B20A81F1200444230 /* PBXContainerItemProxy */;
			sourceTree = BUILT_PRODUCTS_DIR;
		};
		D86DF17420A81F3900444230 /* libcyclesglew.a */ = {
			isa = PBXReferenceProxy;
			fileType = archive.ar;
			path = libcyclesglew.a;
			remoteRef = D86DF17320A81F3900444230 /* PBXContainerItemProxy */;
			sourceTree = BUILT_PRODUCTS_DIR;
		};
		D86DF17C20A81F4F00444230 /* libcuew.a */ = {
			isa = PBXReferenceProxy;
			fileType = archive.ar;
			path = libcuew.a;
			remoteRef = D86DF17B20A81F4F00444230 /* PBXContainerItemProxy */;
			sourceTree = BUILT_PRODUCTS_DIR;
		};
		D86DF18220A81F5500444230 /* libclew.a */ = {
			isa = PBXReferenceProxy;
			fileType = archive.ar;
			path = libclew.a;
			remoteRef = D86DF18120A81F5500444230 /* PBXContainerItemProxy */;
			sourceTree = BUILT_PRODUCTS_DIR;
		};
		D86DF18820A81F7700444230 /* libOpenImageIO.dylib */ = {
			isa = PBXReferenceProxy;
			fileType = "compiled.mach-o.dylib";
			path = libOpenImageIO.dylib;
			remoteRef = D86DF18720A81F7700444230 /* PBXContainerItemProxy */;
			sourceTree = BUILT_PRODUCTS_DIR;
		};
/* End PBXReferenceProxy section */

/* Begin PBXSourcesBuildPhase section */
		A11D68171FB596D800409EB3 /* Sources */ = {
			isa = PBXSourcesBuildPhase;
			buildActionMask = 2147483647;
			files = (
				A11D68981FB59ACF00409EB3 /* shader.cpp in Sources */,
				A11D689B1FB59ACF00409EB3 /* background.cpp in Sources */,
				A11D688B1FB59ACF00409EB3 /* session_parameters.cpp in Sources */,
				A11D688E1FB59ACF00409EB3 /* scene_parameters.cpp in Sources */,
				A11D688F1FB59ACF00409EB3 /* light.cpp in Sources */,
				A11D68971FB59ACF00409EB3 /* device.cpp in Sources */,
				A11D688A1FB59ACF00409EB3 /* transform.cpp in Sources */,
				A11D68961FB59ACF00409EB3 /* camera.cpp in Sources */,
				A11D688C1FB59ACF00409EB3 /* object.cpp in Sources */,
				D81624C222A51149009F428E /* mikktspace.c in Sources */,
				A11D68931FB59ACF00409EB3 /* integrator.cpp in Sources */,
				A11D68941FB59ACF00409EB3 /* session.cpp in Sources */,
				A11D68901FB59ACF00409EB3 /* ccycles.cpp in Sources */,
				A11D68951FB59ACF00409EB3 /* film.cpp in Sources */,
				A11D68921FB59ACF00409EB3 /* mesh.cpp in Sources */,
				A11D68891FB59ACF00409EB3 /* scene.cpp in Sources */,
			);
			runOnlyForDeploymentPostprocessing = 0;
		};
/* End PBXSourcesBuildPhase section */

/* Begin PBXTargetDependency section */
		D86DF16420A81EE700444230 /* PBXTargetDependency */ = {
			isa = PBXTargetDependency;
			name = MacDotNet;
			targetProxy = D86DF16320A81EE700444230 /* PBXContainerItemProxy */;
		};
		D86DF16E20A81F1C00444230 /* PBXTargetDependency */ = {
			isa = PBXTargetDependency;
			name = cycles_proper;
			targetProxy = D86DF16D20A81F1C00444230 /* PBXContainerItemProxy */;
		};
		D86DF17620A81F3E00444230 /* PBXTargetDependency */ = {
			isa = PBXTargetDependency;
			name = cyclesglew;
			targetProxy = D86DF17520A81F3E00444230 /* PBXContainerItemProxy */;
		};
		D86DF18A20A81F8100444230 /* PBXTargetDependency */ = {
			isa = PBXTargetDependency;
			name = OpenImageIO;
			targetProxy = D86DF18920A81F8100444230 /* PBXContainerItemProxy */;
		};
		D86DF18C20A81F8500444230 /* PBXTargetDependency */ = {
			isa = PBXTargetDependency;
			name = clew;
			targetProxy = D86DF18B20A81F8500444230 /* PBXContainerItemProxy */;
		};
		D86DF18E20A81F8A00444230 /* PBXTargetDependency */ = {
			isa = PBXTargetDependency;
			name = cuew;
			targetProxy = D86DF18D20A81F8A00444230 /* PBXContainerItemProxy */;
		};
/* End PBXTargetDependency section */

/* Begin XCBuildConfiguration section */
		A11D681D1FB596D800409EB3 /* Debug */ = {
			isa = XCBuildConfiguration;
			baseConfigurationReference = D8F3C9B32331877B00AB35CA /* LibDebug.xcconfig */;
			buildSettings = {
				ALWAYS_SEARCH_USER_PATHS = NO;
				CLANG_ANALYZER_NONNULL = YES;
				CLANG_ANALYZER_NUMBER_OBJECT_CONVERSION = YES_AGGRESSIVE;
				CLANG_CXX_LANGUAGE_STANDARD = "gnu++14";
				CLANG_CXX_LIBRARY = "libc++";
				CLANG_ENABLE_MODULES = YES;
				CLANG_ENABLE_OBJC_ARC = YES;
				CLANG_WARN_BLOCK_CAPTURE_AUTORELEASING = YES;
				CLANG_WARN_BOOL_CONVERSION = YES;
				CLANG_WARN_COMMA = YES;
				CLANG_WARN_CONSTANT_CONVERSION = YES;
				CLANG_WARN_DEPRECATED_OBJC_IMPLEMENTATIONS = YES;
				CLANG_WARN_DIRECT_OBJC_ISA_USAGE = YES_ERROR;
				CLANG_WARN_DOCUMENTATION_COMMENTS = YES;
				CLANG_WARN_EMPTY_BODY = YES;
				CLANG_WARN_ENUM_CONVERSION = YES;
				CLANG_WARN_INFINITE_RECURSION = YES;
				CLANG_WARN_INT_CONVERSION = YES;
				CLANG_WARN_NON_LITERAL_NULL_CONVERSION = YES;
				CLANG_WARN_OBJC_IMPLICIT_RETAIN_SELF = YES;
				CLANG_WARN_OBJC_LITERAL_CONVERSION = YES;
				CLANG_WARN_OBJC_ROOT_CLASS = YES_ERROR;
				CLANG_WARN_RANGE_LOOP_ANALYSIS = YES;
				CLANG_WARN_STRICT_PROTOTYPES = YES;
				CLANG_WARN_SUSPICIOUS_MOVE = YES;
				CLANG_WARN_UNGUARDED_AVAILABILITY = YES_AGGRESSIVE;
				CLANG_WARN_UNREACHABLE_CODE = YES;
				CLANG_WARN__DUPLICATE_METHOD_MATCH = YES;
				COPY_PHASE_STRIP = NO;
				DEBUG_INFORMATION_FORMAT = dwarf;
				ENABLE_STRICT_OBJC_MSGSEND = YES;
				ENABLE_TESTABILITY = YES;
				GCC_C_LANGUAGE_STANDARD = gnu11;
				GCC_DYNAMIC_NO_PIC = NO;
				GCC_NO_COMMON_BLOCKS = YES;
				GCC_OPTIMIZATION_LEVEL = 0;
				GCC_PREPROCESSOR_DEFINITIONS = (
					"DEBUG=1",
					"$(inherited)",
				);
				GCC_WARN_64_TO_32_BIT_CONVERSION = YES;
				GCC_WARN_ABOUT_RETURN_TYPE = YES_ERROR;
				GCC_WARN_UNDECLARED_SELECTOR = YES;
				GCC_WARN_UNINITIALIZED_AUTOS = YES_AGGRESSIVE;
				GCC_WARN_UNUSED_FUNCTION = YES;
				GCC_WARN_UNUSED_VARIABLE = YES;
				MTL_ENABLE_DEBUG_INFO = YES;
				ONLY_ACTIVE_ARCH = YES;
				SDKROOT = macosx;
			};
			name = Debug;
		};
		A11D681E1FB596D800409EB3 /* Release */ = {
			isa = XCBuildConfiguration;
			baseConfigurationReference = D8F3C9B22331877B00AB35CA /* LibRelease.xcconfig */;
			buildSettings = {
				ALWAYS_SEARCH_USER_PATHS = NO;
				CLANG_ANALYZER_NONNULL = YES;
				CLANG_ANALYZER_NUMBER_OBJECT_CONVERSION = YES_AGGRESSIVE;
				CLANG_CXX_LANGUAGE_STANDARD = "gnu++14";
				CLANG_CXX_LIBRARY = "libc++";
				CLANG_ENABLE_MODULES = YES;
				CLANG_ENABLE_OBJC_ARC = YES;
				CLANG_WARN_BLOCK_CAPTURE_AUTORELEASING = YES;
				CLANG_WARN_BOOL_CONVERSION = YES;
				CLANG_WARN_COMMA = YES;
				CLANG_WARN_CONSTANT_CONVERSION = YES;
				CLANG_WARN_DEPRECATED_OBJC_IMPLEMENTATIONS = YES;
				CLANG_WARN_DIRECT_OBJC_ISA_USAGE = YES_ERROR;
				CLANG_WARN_DOCUMENTATION_COMMENTS = YES;
				CLANG_WARN_EMPTY_BODY = YES;
				CLANG_WARN_ENUM_CONVERSION = YES;
				CLANG_WARN_INFINITE_RECURSION = YES;
				CLANG_WARN_INT_CONVERSION = YES;
				CLANG_WARN_NON_LITERAL_NULL_CONVERSION = YES;
				CLANG_WARN_OBJC_IMPLICIT_RETAIN_SELF = YES;
				CLANG_WARN_OBJC_LITERAL_CONVERSION = YES;
				CLANG_WARN_OBJC_ROOT_CLASS = YES_ERROR;
				CLANG_WARN_RANGE_LOOP_ANALYSIS = YES;
				CLANG_WARN_STRICT_PROTOTYPES = YES;
				CLANG_WARN_SUSPICIOUS_MOVE = YES;
				CLANG_WARN_UNGUARDED_AVAILABILITY = YES_AGGRESSIVE;
				CLANG_WARN_UNREACHABLE_CODE = YES;
				CLANG_WARN__DUPLICATE_METHOD_MATCH = YES;
				COPY_PHASE_STRIP = NO;
				DEBUG_INFORMATION_FORMAT = "dwarf-with-dsym";
				ENABLE_NS_ASSERTIONS = NO;
				ENABLE_STRICT_OBJC_MSGSEND = YES;
				GCC_C_LANGUAGE_STANDARD = gnu11;
				GCC_NO_COMMON_BLOCKS = YES;
				GCC_WARN_64_TO_32_BIT_CONVERSION = YES;
				GCC_WARN_ABOUT_RETURN_TYPE = YES_ERROR;
				GCC_WARN_UNDECLARED_SELECTOR = YES;
				GCC_WARN_UNINITIALIZED_AUTOS = YES_AGGRESSIVE;
				GCC_WARN_UNUSED_FUNCTION = YES;
				GCC_WARN_UNUSED_VARIABLE = YES;
				MTL_ENABLE_DEBUG_INFO = NO;
				SDKROOT = macosx;
			};
			name = Release;
		};
		A11D68201FB596D800409EB3 /* Debug */ = {
			isa = XCBuildConfiguration;
			buildSettings = {
				CLANG_WARN_DOCUMENTATION_COMMENTS = NO;
				CODE_SIGN_STYLE = Manual;
				DEVELOPMENT_TEAM = "";
				DYLIB_COMPATIBILITY_VERSION = 1;
				DYLIB_CURRENT_VERSION = 1;
				EXECUTABLE_PREFIX = lib;
				GCC_PREPROCESSOR_DEFINITIONS = (
					NO_OIIO_LOADING,
					CCL_CAPI_DLL,
					GLEW_STATIC,
					BOOST_ALL_NO_LIB,
					CYCLES_STD_UNORDERED_MAP,
					"CCL_NAMESPACE_BEGIN=\"namespace ccl {\"",
					"CCL_NAMESPACE_END=}",
					"DEBUG=1",
				);
				GCC_WARN_64_TO_32_BIT_CONVERSION = NO;
				HEADER_SEARCH_PATHS = (
					../../cycles/src,
					../../ccycles,
					../../cycles/src/render,
					../../cycles/src/device,
					../../cycles/src/util,
					../../OpenImageIO/include,
					../../glew/include,
					../../cycles/third_party/atomic,
				);
				INSTALL_PATH = "@rpath";
				LIBRARY_SEARCH_PATHS = ../../../../../../../big_libs/boost/stagerelease/lib;
				OTHER_LDFLAGS = (
					"-framework",
					OpenGL,
				);
				PRODUCT_NAME = "$(TARGET_NAME)";
				PROVISIONING_PROFILE_SPECIFIER = "";
			};
			name = Debug;
		};
		A11D68211FB596D800409EB3 /* Release */ = {
			isa = XCBuildConfiguration;
			buildSettings = {
				CLANG_WARN_DOCUMENTATION_COMMENTS = NO;
				CODE_SIGN_STYLE = Manual;
				DYLIB_COMPATIBILITY_VERSION = 1;
				DYLIB_CURRENT_VERSION = 1;
				EXECUTABLE_PREFIX = lib;
				GCC_PREPROCESSOR_DEFINITIONS = (
					NO_OIIO_LOADING,
					CCL_CAPI_DLL,
					GLEW_STATIC,
					BOOST_ALL_NO_LIB,
					CYCLES_STD_UNORDERED_MAP,
					"CCL_NAMESPACE_BEGIN=\"namespace ccl {\"",
					"CCL_NAMESPACE_END=}",
				);
				GCC_WARN_64_TO_32_BIT_CONVERSION = NO;
				HEADER_SEARCH_PATHS = (
					../../cycles/src,
					../../ccycles,
					../../cycles/src/render,
					../../cycles/src/device,
					../../cycles/src/util,
					../../OpenImageIO/include,
					../../glew/include,
					../../cycles/third_party/atomic,
				);
				INSTALL_PATH = "@rpath";
				LIBRARY_SEARCH_PATHS = ../../../../../../../big_libs/boost/stagerelease/lib;
				OTHER_LDFLAGS = (
					"-framework",
					OpenGL,
				);
				PRODUCT_NAME = "$(TARGET_NAME)";
				PROVISIONING_PROFILE_SPECIFIER = "";
			};
			name = Release;
		};
		DF87B4AB2203BA3E002AA65E /* Distribution */ = {
			isa = XCBuildConfiguration;
			baseConfigurationReference = D8F3C9B12331877A00AB35CA /* LibDistribution.xcconfig */;
			buildSettings = {
				ALWAYS_SEARCH_USER_PATHS = NO;
				CLANG_ANALYZER_NONNULL = YES;
				CLANG_ANALYZER_NUMBER_OBJECT_CONVERSION = YES_AGGRESSIVE;
				CLANG_CXX_LANGUAGE_STANDARD = "gnu++14";
				CLANG_CXX_LIBRARY = "libc++";
				CLANG_ENABLE_MODULES = YES;
				CLANG_ENABLE_OBJC_ARC = YES;
				CLANG_WARN_BLOCK_CAPTURE_AUTORELEASING = YES;
				CLANG_WARN_BOOL_CONVERSION = YES;
				CLANG_WARN_COMMA = YES;
				CLANG_WARN_CONSTANT_CONVERSION = YES;
				CLANG_WARN_DEPRECATED_OBJC_IMPLEMENTATIONS = YES;
				CLANG_WARN_DIRECT_OBJC_ISA_USAGE = YES_ERROR;
				CLANG_WARN_DOCUMENTATION_COMMENTS = YES;
				CLANG_WARN_EMPTY_BODY = YES;
				CLANG_WARN_ENUM_CONVERSION = YES;
				CLANG_WARN_INFINITE_RECURSION = YES;
				CLANG_WARN_INT_CONVERSION = YES;
				CLANG_WARN_NON_LITERAL_NULL_CONVERSION = YES;
				CLANG_WARN_OBJC_IMPLICIT_RETAIN_SELF = YES;
				CLANG_WARN_OBJC_LITERAL_CONVERSION = YES;
				CLANG_WARN_OBJC_ROOT_CLASS = YES_ERROR;
				CLANG_WARN_RANGE_LOOP_ANALYSIS = YES;
				CLANG_WARN_STRICT_PROTOTYPES = YES;
				CLANG_WARN_SUSPICIOUS_MOVE = YES;
				CLANG_WARN_UNGUARDED_AVAILABILITY = YES_AGGRESSIVE;
				CLANG_WARN_UNREACHABLE_CODE = YES;
				CLANG_WARN__DUPLICATE_METHOD_MATCH = YES;
				COPY_PHASE_STRIP = NO;
				DEBUG_INFORMATION_FORMAT = "dwarf-with-dsym";
				ENABLE_NS_ASSERTIONS = NO;
				ENABLE_STRICT_OBJC_MSGSEND = YES;
				GCC_C_LANGUAGE_STANDARD = gnu11;
				GCC_NO_COMMON_BLOCKS = YES;
				GCC_WARN_64_TO_32_BIT_CONVERSION = YES;
				GCC_WARN_ABOUT_RETURN_TYPE = YES_ERROR;
				GCC_WARN_UNDECLARED_SELECTOR = YES;
				GCC_WARN_UNINITIALIZED_AUTOS = YES_AGGRESSIVE;
				GCC_WARN_UNUSED_FUNCTION = YES;
				GCC_WARN_UNUSED_VARIABLE = YES;
				MTL_ENABLE_DEBUG_INFO = NO;
				SDKROOT = macosx;
			};
			name = Distribution;
		};
		DF87B4AC2203BA3E002AA65E /* Distribution */ = {
			isa = XCBuildConfiguration;
			buildSettings = {
				CLANG_WARN_DOCUMENTATION_COMMENTS = NO;
				CODE_SIGN_IDENTITY = "Developer ID Application";
				CODE_SIGN_STYLE = Manual;
				DEVELOPMENT_TEAM = D6XDM4N99E;
				DYLIB_COMPATIBILITY_VERSION = 1;
				DYLIB_CURRENT_VERSION = 1;
				EXECUTABLE_PREFIX = lib;
				GCC_PREPROCESSOR_DEFINITIONS = (
					NO_OIIO_LOADING,
					CCL_CAPI_DLL,
					GLEW_STATIC,
					BOOST_ALL_NO_LIB,
					CYCLES_STD_UNORDERED_MAP,
					"CCL_NAMESPACE_BEGIN=\"namespace ccl {\"",
					"CCL_NAMESPACE_END=}",
				);
				GCC_WARN_64_TO_32_BIT_CONVERSION = NO;
				HEADER_SEARCH_PATHS = (
					../../cycles/src,
					../../ccycles,
					../../cycles/src/render,
					../../cycles/src/device,
					../../cycles/src/util,
					../../OpenImageIO/include,
					../../glew/include,
					../../cycles/third_party/atomic,
				);
				INSTALL_PATH = "@rpath";
				LIBRARY_SEARCH_PATHS = ../../../../../../../big_libs/boost/stagerelease/lib;
				OTHER_LDFLAGS = (
					"-framework",
					OpenGL,
				);
				PRODUCT_NAME = "$(TARGET_NAME)";
				PROVISIONING_PROFILE_SPECIFIER = "";
			};
			name = Distribution;
		};
/* End XCBuildConfiguration section */

/* Begin XCConfigurationList section */
		A11D68161FB596D800409EB3 /* Build configuration list for PBXProject "ccycles" */ = {
			isa = XCConfigurationList;
			buildConfigurations = (
				A11D681D1FB596D800409EB3 /* Debug */,
				A11D681E1FB596D800409EB3 /* Release */,
				DF87B4AB2203BA3E002AA65E /* Distribution */,
			);
			defaultConfigurationIsVisible = 0;
			defaultConfigurationName = Release;
		};
		A11D681F1FB596D800409EB3 /* Build configuration list for PBXNativeTarget "ccycles" */ = {
			isa = XCConfigurationList;
			buildConfigurations = (
				A11D68201FB596D800409EB3 /* Debug */,
				A11D68211FB596D800409EB3 /* Release */,
				DF87B4AC2203BA3E002AA65E /* Distribution */,
			);
			defaultConfigurationIsVisible = 0;
			defaultConfigurationName = Release;
		};
/* End XCConfigurationList section */
	};
	rootObject = A11D68131FB596D800409EB3 /* Project object */;
}
